{
  "version": 4,
  "terraform_version": "1.11.2",
  "serial": 1178,
  "lineage": "b4a32211-f277-51cb-aad8-36b451cb6dcb",
  "outputs": {},
  "resources": [
    {
      "module": "module.domain_records",
      "mode": "data",
      "type": "aws_route53_zone",
      "name": "hosted_zone",
      "provider": "provider[\"registry.terraform.io/hashicorp/aws\"].us_west_1",
      "instances": [
        {
          "schema_version": 0,
          "attributes": {
            "arn": "arn:aws:route53:::hostedzone/Z01678491NROLB7NYO1DR",
            "caller_reference": "RISWorkflow-RD:d1989c5a-7966-4ae5-ab3c-bccd5059027d",
            "comment": "HostedZone created by Route53 Registrar",
            "id": "Z01678491NROLB7NYO1DR",
            "linked_service_description": null,
            "linked_service_principal": null,
            "name": "buul-load-balancer.link",
            "name_servers": [
              "ns-1106.awsdns-10.org",
              "ns-808.awsdns-37.net",
              "ns-2040.awsdns-63.co.uk",
              "ns-171.awsdns-21.com"
            ],
            "primary_name_server": "ns-1106.awsdns-10.org",
            "private_zone": false,
            "resource_record_set_count": 3,
            "tags": {},
            "vpc_id": null,
            "zone_id": "Z01678491NROLB7NYO1DR"
          },
          "sensitive_attributes": []
        }
      ]
    },
    {
      "module": "module.domain_records",
      "mode": "managed",
      "type": "aws_route53_record",
      "name": "alb_cert_validation",
      "provider": "provider[\"registry.terraform.io/hashicorp/aws\"].us_west_1",
      "instances": [
        {
          "index_key": 0,
          "schema_version": 2,
          "attributes": {
            "alias": [],
            "allow_overwrite": null,
            "cidr_routing_policy": [],
            "failover_routing_policy": [],
            "fqdn": "_835f443759efb0a877c3a08e7f5538ad.buul-load-balancer.link",
            "geolocation_routing_policy": [],
            "geoproximity_routing_policy": [],
            "health_check_id": "",
            "id": "Z01678491NROLB7NYO1DR__835f443759efb0a877c3a08e7f5538ad.buul-load-balancer.link._CNAME",
            "latency_routing_policy": [],
            "multivalue_answer_routing_policy": false,
            "name": "_835f443759efb0a877c3a08e7f5538ad.buul-load-balancer.link",
            "records": [
              "_f2933d0019d1eae2a61592b7d373c3c3.xlfgrmvvlj.acm-validations.aws."
            ],
            "set_identifier": "",
            "timeouts": null,
            "ttl": 60,
            "type": "CNAME",
            "weighted_routing_policy": [],
            "zone_id": "Z01678491NROLB7NYO1DR"
          },
          "sensitive_attributes": [],
          "private": "eyJlMmJmYjczMC1lY2FhLTExZTYtOGY4OC0zNDM2M2JjN2M0YzAiOnsiY3JlYXRlIjoxODAwMDAwMDAwMDAwLCJkZWxldGUiOjE4MDAwMDAwMDAwMDAsInVwZGF0ZSI6MTgwMDAwMDAwMDAwMH0sInNjaGVtYV92ZXJzaW9uIjoiMiJ9",
          "dependencies": [
            "module.domain_records.data.aws_route53_zone.hosted_zone",
            "module.prod.module.region_us_west_1.module.acm_cert.aws_acm_certificate.alb"
          ]
        }
      ]
    },
    {
      "module": "module.prod.module.analytics_ec2",
      "mode": "data",
      "type": "aws_ami",
      "name": "amazon_linux",
      "provider": "provider[\"registry.terraform.io/hashicorp/aws\"].us_west_1",
      "instances": [
        {
          "schema_version": 0,
          "attributes": {
            "architecture": "x86_64",
            "arn": "arn:aws:ec2:us-west-1::image/ami-0e49808d12fe9dae3",
            "block_device_mappings": [
              {
                "device_name": "/dev/xvda",
                "ebs": {
                  "delete_on_termination": "true",
                  "encrypted": "false",
                  "iops": "0",
                  "snapshot_id": "snap-051b91afdffb8f295",
                  "throughput": "0",
                  "volume_size": "8",
                  "volume_type": "gp2"
                },
                "no_device": "",
                "virtual_name": ""
              }
            ],
            "boot_mode": "",
            "creation_date": "2025-03-28T20:04:06.000Z",
            "deprecation_time": "2025-07-01T00:00:00.000Z",
            "description": "Amazon Linux 2 AMI 2.0.20250328.0 x86_64 HVM gp2",
            "ena_support": true,
            "executable_users": null,
            "filter": [
              {
                "name": "name",
                "values": [
                  "amzn2-ami-hvm-*-x86_64-gp2"
                ]
              }
            ],
            "hypervisor": "xen",
            "id": "ami-0e49808d12fe9dae3",
            "image_id": "ami-0e49808d12fe9dae3",
            "image_location": "amazon/amzn2-ami-hvm-2.0.20250328.0-x86_64-gp2",
            "image_owner_alias": "amazon",
            "image_type": "machine",
            "imds_support": "",
            "include_deprecated": false,
            "kernel_id": "",
            "most_recent": true,
            "name": "amzn2-ami-hvm-2.0.20250328.0-x86_64-gp2",
            "name_regex": null,
            "owner_id": "137112412989",
            "owners": null,
            "platform": "",
            "platform_details": "Linux/UNIX",
            "product_codes": [],
            "public": true,
            "ramdisk_id": "",
            "root_device_name": "/dev/xvda",
            "root_device_type": "ebs",
            "root_snapshot_id": "snap-051b91afdffb8f295",
            "sriov_net_support": "simple",
            "state": "available",
            "state_reason": {
              "code": "UNSET",
              "message": "UNSET"
            },
            "tags": {},
            "timeouts": null,
            "tpm_support": "",
            "uefi_data": null,
            "usage_operation": "RunInstances",
            "virtualization_type": "hvm"
          },
          "sensitive_attributes": []
        }
      ]
    },
    {
      "module": "module.prod.module.analytics_ec2",
      "mode": "managed",
      "type": "aws_instance",
      "name": "analytics",
      "provider": "provider[\"registry.terraform.io/hashicorp/aws\"].us_west_1",
      "instances": [
        {
          "schema_version": 1,
          "attributes": {
            "ami": "ami-0e49808d12fe9dae3",
            "arn": "arn:aws:ec2:us-west-1:235494798404:instance/i-0093bc8536c1de47c",
            "associate_public_ip_address": true,
            "availability_zone": "us-west-1a",
            "capacity_reservation_specification": [
              {
                "capacity_reservation_preference": "open",
                "capacity_reservation_target": []
              }
            ],
            "cpu_core_count": 1,
            "cpu_options": [
              {
                "amd_sev_snp": "",
                "core_count": 1,
                "threads_per_core": 2
              }
            ],
            "cpu_threads_per_core": 2,
            "credit_specification": [
              {
                "cpu_credits": "unlimited"
              }
            ],
            "disable_api_stop": false,
            "disable_api_termination": false,
            "ebs_block_device": [],
            "ebs_optimized": false,
            "enable_primary_ipv6": null,
            "enclave_options": [
              {
                "enabled": false
              }
            ],
            "ephemeral_block_device": [],
            "get_password_data": false,
            "hibernation": false,
            "host_id": "",
            "host_resource_group_arn": null,
            "iam_instance_profile": "",
            "id": "i-0093bc8536c1de47c",
            "instance_initiated_shutdown_behavior": "stop",
            "instance_lifecycle": "",
            "instance_market_options": [],
            "instance_state": "running",
            "instance_type": "t3.micro",
            "ipv6_address_count": 0,
            "ipv6_addresses": [],
            "key_name": "prod-analytics_ec2",
            "launch_template": [],
            "maintenance_options": [
              {
                "auto_recovery": "default"
              }
            ],
            "metadata_options": [
              {
                "http_endpoint": "enabled",
                "http_protocol_ipv6": "disabled",
                "http_put_response_hop_limit": 1,
                "http_tokens": "optional",
                "instance_metadata_tags": "disabled"
              }
            ],
            "monitoring": false,
            "network_interface": [],
            "outpost_arn": "",
            "password_data": "",
            "placement_group": "",
            "placement_partition_number": 0,
            "primary_network_interface_id": "eni-0da64967e349d0fb6",
            "private_dns": "ip-10-0-1-5.us-west-1.compute.internal",
            "private_dns_name_options": [
              {
                "enable_resource_name_dns_a_record": false,
                "enable_resource_name_dns_aaaa_record": false,
                "hostname_type": "ip-name"
              }
            ],
            "private_ip": "10.0.1.5",
            "public_dns": "ec2-54-153-71-4.us-west-1.compute.amazonaws.com",
            "public_ip": "54.153.71.4",
            "root_block_device": [
              {
                "delete_on_termination": true,
                "device_name": "/dev/xvda",
                "encrypted": false,
                "iops": 100,
                "kms_key_id": "",
                "tags": {},
                "tags_all": {},
                "throughput": 0,
                "volume_id": "vol-011282aea6fca8a17",
                "volume_size": 8,
                "volume_type": "gp2"
              }
            ],
            "secondary_private_ips": [],
            "security_groups": [],
            "source_dest_check": true,
            "spot_instance_request_id": "",
            "subnet_id": "subnet-064e9207b54f26d0f",
            "tags": {
              "Name": "prod-analytics-ec2"
            },
            "tags_all": {
              "Name": "prod-analytics-ec2"
            },
            "tenancy": "default",
            "timeouts": null,
            "user_data": null,
            "user_data_base64": null,
            "user_data_replace_on_change": false,
            "volume_tags": null,
            "vpc_security_group_ids": [
              "sg-0de4916735fea0f97"
            ]
          },
          "sensitive_attributes": [],
          "private": "eyJlMmJmYjczMC1lY2FhLTExZTYtOGY4OC0zNDM2M2JjN2M0YzAiOnsiY3JlYXRlIjo2MDAwMDAwMDAwMDAsImRlbGV0ZSI6MTIwMDAwMDAwMDAwMCwicmVhZCI6OTAwMDAwMDAwMDAwLCJ1cGRhdGUiOjYwMDAwMDAwMDAwMH0sInNjaGVtYV92ZXJzaW9uIjoiMSJ9",
          "dependencies": [
            "module.prod.module.analytics_ec2.aws_key_pair.my_key",
            "module.prod.module.analytics_ec2.data.aws_ami.amazon_linux",
            "module.prod.module.region_us_west_1.data.aws_availability_zones.available",
            "module.prod.module.region_us_west_1.module.vpc.aws_internet_gateway.igw",
            "module.prod.module.region_us_west_1.module.vpc.aws_route_table.private",
            "module.prod.module.region_us_west_1.module.vpc.aws_route_table.public",
            "module.prod.module.region_us_west_1.module.vpc.aws_security_group.app",
            "module.prod.module.region_us_west_1.module.vpc.aws_vpc.vpc",
            "module.prod.module.region_us_west_1.module.vpc.module.subnets_by_az.aws_route_table_association.rt-private-data",
            "module.prod.module.region_us_west_1.module.vpc.module.subnets_by_az.aws_route_table_association.rt-public-alb",
            "module.prod.module.region_us_west_1.module.vpc.module.subnets_by_az.aws_route_table_association.rt-public-app",
            "module.prod.module.region_us_west_1.module.vpc.module.subnets_by_az.aws_subnet.alb",
            "module.prod.module.region_us_west_1.module.vpc.module.subnets_by_az.aws_subnet.app",
            "module.prod.module.region_us_west_1.module.vpc.module.subnets_by_az.aws_subnet.data"
          ]
        }
      ]
    },
    {
      "module": "module.prod.module.analytics_ec2",
      "mode": "managed",
      "type": "aws_key_pair",
      "name": "my_key",
      "provider": "provider[\"registry.terraform.io/hashicorp/aws\"].us_west_1",
      "instances": [
        {
          "schema_version": 1,
          "attributes": {
            "arn": "arn:aws:ec2:us-west-1:235494798404:key-pair/prod-analytics_ec2",
            "fingerprint": "c0:f7:99:12:3a:71:b8:49:9b:0f:af:2f:e7:36:eb:67",
            "id": "prod-analytics_ec2",
            "key_name": "prod-analytics_ec2",
            "key_name_prefix": "",
            "key_pair_id": "key-025204362ce6320f2",
            "key_type": "rsa",
            "public_key": "ssh-rsa AAAAB3NzaC1yc2EAAAADAQABAAACAQCqczzCxLRmIbV3rdHgV/BbmuUwsRMBJQsb91dM4tQKr+BjIS708tlSyO3Jt2xb0ORvWtTC7Otj7oj2xWHyuxYi6tHtgu1TJx9YuHhzb2ZJymqgxLgK/aoTuiZwqRKDfacBBKUA5YZrzxZxflkOxOoiE6uf4c5Zd6E2mTLk68vzDs4RCsZUj9kfbjziA5K5uNraFTnt1KaIC290z0GJycFIs8CsU6E30X3R+jVuFSnlzvorzrmtLYMVfoUrq49CO/kqAIlC2mLYudSUstQvElEF9gGGk+cQuX05O7CeaA2GGkygM/+44PP8mNevLjhyFbQgtvATK4nmnLLCeqdB6otCgSF8hFf1sVaZOfSwDIjYn86UV1/nCgTwX9x33DudH7cOKhyMYjgzcTRYY5DLAA0PA0pOjGJk26dczM66q79CWX6vVVZIVB6/YaPNC+iDdaMkDT6q7dvNUvvPZpDDsB4ilEhBsLp19V6cGao/nHFUKF0P9Y0bEcqomUFeaGKVhVbWPSrZG06jfDV09UjRl8n5EEXLwC6ONk2f8aNwASGt9dhb05vhlefHUU5u1hFr+S6+iHdxNWGBVhDiYvODTy7bobC6hjlKPydrNfkRt0FNkvyAPujqNIEKtKB/bCaBf767NdCP1TzS5u/dyWXX/ZIVkN8f/abT5TdBulCg9cVy+w== nevinrichards@Nevins-MacBook-Pro.local",
            "tags": {},
            "tags_all": {}
          },
          "sensitive_attributes": [],
          "private": "eyJzY2hlbWFfdmVyc2lvbiI6IjEifQ=="
        }
      ]
    },
    {
      "module": "module.prod.module.codebuild",
      "mode": "managed",
      "type": "aws_codebuild_project",
      "name": "project",
      "provider": "provider[\"registry.terraform.io/hashicorp/aws\"].us_west_1",
      "instances": [
        {
          "index_key": "app",
          "schema_version": 0,
          "attributes": {
            "arn": "arn:aws:codebuild:us-west-1:235494798404:project/prod-app-codebuild",
            "artifacts": [
              {
                "artifact_identifier": "",
                "bucket_owner_access": "",
                "encryption_disabled": false,
                "location": "",
                "name": "",
                "namespace_type": "",
                "override_artifact_name": false,
                "packaging": "",
                "path": "",
                "type": "NO_ARTIFACTS"
              }
            ],
            "badge_enabled": false,
            "badge_url": "",
            "build_batch_config": [],
            "build_timeout": 7,
            "cache": [
              {
                "location": "",
                "modes": [],
                "type": "NO_CACHE"
              }
            ],
            "concurrent_build_limit": 0,
            "description": "",
            "encryption_key": "arn:aws:kms:us-west-1:235494798404:alias/aws/s3",
            "environment": [
              {
                "certificate": "",
                "compute_type": "BUILD_GENERAL1_SMALL",
                "environment_variable": [],
                "fleet": [],
                "image": "aws/codebuild/standard:5.0",
                "image_pull_credentials_type": "CODEBUILD",
                "privileged_mode": false,
                "registry_credential": [],
                "type": "LINUX_CONTAINER"
              }
            ],
            "file_system_locations": [],
            "id": "arn:aws:codebuild:us-west-1:235494798404:project/prod-app-codebuild",
            "logs_config": [
              {
                "cloudwatch_logs": [
                  {
                    "group_name": "",
                    "status": "ENABLED",
                    "stream_name": ""
                  }
                ],
                "s3_logs": [
                  {
                    "bucket_owner_access": "",
                    "encryption_disabled": false,
                    "location": "",
                    "status": "DISABLED"
                  }
                ]
              }
            ],
            "name": "prod-app-codebuild",
            "project_visibility": "PRIVATE",
            "public_project_alias": "",
            "queued_timeout": 480,
            "resource_access_role": "",
            "secondary_artifacts": [],
            "secondary_source_version": [],
            "secondary_sources": [],
            "service_role": "arn:aws:iam::235494798404:role/prod-codebuild-role",
            "source": [
              {
                "auth": [
                  {
                    "resource": "arn:aws:codestar-connections:us-west-1:235494798404:connection/b72ddb5d-ce3b-455f-8a62-1d6b86936396",
                    "type": "CODECONNECTIONS"
                  }
                ],
                "build_status_config": [],
                "buildspec": "build_files/buildspec_app.yml",
                "git_clone_depth": 0,
                "git_submodules_config": [],
                "insecure_ssl": false,
                "location": "https://github.com/dnevinrichards01/accumate_backend.git",
                "report_build_status": false,
                "type": "GITHUB"
              }
            ],
            "source_version": "aws",
            "tags": {
              "Container": "app",
              "Environment": "prod"
            },
            "tags_all": {
              "Container": "app",
              "Environment": "prod"
            },
            "vpc_config": []
          },
          "sensitive_attributes": [],
          "private": "bnVsbA==",
          "dependencies": [
            "module.prod.module.codebuild.aws_codestarconnections_connection.github",
            "module.prod.module.iam.aws_iam_role.codebuild_role"
          ]
        },
        {
          "index_key": "beat",
          "schema_version": 0,
          "attributes": {
            "arn": "arn:aws:codebuild:us-west-1:235494798404:project/prod-beat-codebuild",
            "artifacts": [
              {
                "artifact_identifier": "",
                "bucket_owner_access": "",
                "encryption_disabled": false,
                "location": "",
                "name": "",
                "namespace_type": "",
                "override_artifact_name": false,
                "packaging": "",
                "path": "",
                "type": "NO_ARTIFACTS"
              }
            ],
            "badge_enabled": false,
            "badge_url": "",
            "build_batch_config": [],
            "build_timeout": 7,
            "cache": [
              {
                "location": "",
                "modes": [],
                "type": "NO_CACHE"
              }
            ],
            "concurrent_build_limit": 0,
            "description": "",
            "encryption_key": "arn:aws:kms:us-west-1:235494798404:alias/aws/s3",
            "environment": [
              {
                "certificate": "",
                "compute_type": "BUILD_GENERAL1_SMALL",
                "environment_variable": [],
                "fleet": [],
                "image": "aws/codebuild/standard:5.0",
                "image_pull_credentials_type": "CODEBUILD",
                "privileged_mode": false,
                "registry_credential": [],
                "type": "LINUX_CONTAINER"
              }
            ],
            "file_system_locations": [],
            "id": "arn:aws:codebuild:us-west-1:235494798404:project/prod-beat-codebuild",
            "logs_config": [
              {
                "cloudwatch_logs": [
                  {
                    "group_name": "",
                    "status": "ENABLED",
                    "stream_name": ""
                  }
                ],
                "s3_logs": [
                  {
                    "bucket_owner_access": "",
                    "encryption_disabled": false,
                    "location": "",
                    "status": "DISABLED"
                  }
                ]
              }
            ],
            "name": "prod-beat-codebuild",
            "project_visibility": "PRIVATE",
            "public_project_alias": "",
            "queued_timeout": 480,
            "resource_access_role": "",
            "secondary_artifacts": [],
            "secondary_source_version": [],
            "secondary_sources": [],
            "service_role": "arn:aws:iam::235494798404:role/prod-codebuild-role",
            "source": [
              {
                "auth": [
                  {
                    "resource": "arn:aws:codestar-connections:us-west-1:235494798404:connection/b72ddb5d-ce3b-455f-8a62-1d6b86936396",
                    "type": "CODECONNECTIONS"
                  }
                ],
                "build_status_config": [],
                "buildspec": "build_files/buildspec_beat.yml",
                "git_clone_depth": 0,
                "git_submodules_config": [],
                "insecure_ssl": false,
                "location": "https://github.com/dnevinrichards01/accumate_backend.git",
                "report_build_status": false,
                "type": "GITHUB"
              }
            ],
            "source_version": "aws",
            "tags": {
              "Container": "beat",
              "Environment": "prod"
            },
            "tags_all": {
              "Container": "beat",
              "Environment": "prod"
            },
            "vpc_config": []
          },
          "sensitive_attributes": [],
          "private": "bnVsbA==",
          "dependencies": [
            "module.prod.module.codebuild.aws_codestarconnections_connection.github",
            "module.prod.module.iam.aws_iam_role.codebuild_role"
          ]
        },
        {
          "index_key": "celery",
          "schema_version": 0,
          "attributes": {
            "arn": "arn:aws:codebuild:us-west-1:235494798404:project/prod-celery-codebuild",
            "artifacts": [
              {
                "artifact_identifier": "",
                "bucket_owner_access": "",
                "encryption_disabled": false,
                "location": "",
                "name": "",
                "namespace_type": "",
                "override_artifact_name": false,
                "packaging": "",
                "path": "",
                "type": "NO_ARTIFACTS"
              }
            ],
            "badge_enabled": false,
            "badge_url": "",
            "build_batch_config": [],
            "build_timeout": 7,
            "cache": [
              {
                "location": "",
                "modes": [],
                "type": "NO_CACHE"
              }
            ],
            "concurrent_build_limit": 0,
            "description": "",
            "encryption_key": "arn:aws:kms:us-west-1:235494798404:alias/aws/s3",
            "environment": [
              {
                "certificate": "",
                "compute_type": "BUILD_GENERAL1_SMALL",
                "environment_variable": [],
                "fleet": [],
                "image": "aws/codebuild/standard:5.0",
                "image_pull_credentials_type": "CODEBUILD",
                "privileged_mode": false,
                "registry_credential": [],
                "type": "LINUX_CONTAINER"
              }
            ],
            "file_system_locations": [],
            "id": "arn:aws:codebuild:us-west-1:235494798404:project/prod-celery-codebuild",
            "logs_config": [
              {
                "cloudwatch_logs": [
                  {
                    "group_name": "",
                    "status": "ENABLED",
                    "stream_name": ""
                  }
                ],
                "s3_logs": [
                  {
                    "bucket_owner_access": "",
                    "encryption_disabled": false,
                    "location": "",
                    "status": "DISABLED"
                  }
                ]
              }
            ],
            "name": "prod-celery-codebuild",
            "project_visibility": "PRIVATE",
            "public_project_alias": "",
            "queued_timeout": 480,
            "resource_access_role": "",
            "secondary_artifacts": [],
            "secondary_source_version": [],
            "secondary_sources": [],
            "service_role": "arn:aws:iam::235494798404:role/prod-codebuild-role",
            "source": [
              {
                "auth": [
                  {
                    "resource": "arn:aws:codestar-connections:us-west-1:235494798404:connection/b72ddb5d-ce3b-455f-8a62-1d6b86936396",
                    "type": "CODECONNECTIONS"
                  }
                ],
                "build_status_config": [],
                "buildspec": "build_files/buildspec_celery.yml",
                "git_clone_depth": 0,
                "git_submodules_config": [],
                "insecure_ssl": false,
                "location": "https://github.com/dnevinrichards01/accumate_backend.git",
                "report_build_status": false,
                "type": "GITHUB"
              }
            ],
            "source_version": "aws",
            "tags": {
              "Container": "celery",
              "Environment": "prod"
            },
            "tags_all": {
              "Container": "celery",
              "Environment": "prod"
            },
            "vpc_config": []
          },
          "sensitive_attributes": [],
          "private": "bnVsbA==",
          "dependencies": [
            "module.prod.module.codebuild.aws_codestarconnections_connection.github",
            "module.prod.module.iam.aws_iam_role.codebuild_role"
          ]
        }
      ]
    },
    {
      "module": "module.prod.module.codebuild",
      "mode": "managed",
      "type": "aws_codestarconnections_connection",
      "name": "github",
      "provider": "provider[\"registry.terraform.io/hashicorp/aws\"].us_west_1",
      "instances": [
        {
          "schema_version": 0,
          "attributes": {
            "arn": "arn:aws:codestar-connections:us-west-1:235494798404:connection/b72ddb5d-ce3b-455f-8a62-1d6b86936396",
            "connection_status": "PENDING",
            "host_arn": "",
            "id": "arn:aws:codestar-connections:us-west-1:235494798404:connection/b72ddb5d-ce3b-455f-8a62-1d6b86936396",
            "name": "prod-github-connection",
            "provider_type": "GitHub",
            "tags": {},
            "tags_all": {}
          },
          "sensitive_attributes": [],
          "private": "bnVsbA=="
        }
      ]
    },
    {
      "module": "module.prod.module.iam",
      "mode": "data",
      "type": "aws_caller_identity",
      "name": "current",
      "provider": "provider[\"registry.terraform.io/hashicorp/aws\"]",
      "instances": [
        {
          "schema_version": 0,
          "attributes": {
            "account_id": "235494798404",
            "arn": "arn:aws:iam::235494798404:user/Nevin",
            "id": "235494798404",
            "user_id": "AIDATNVEVORCM3TEMWYLJ"
          },
          "sensitive_attributes": []
        }
      ]
    },
    {
      "module": "module.prod.module.iam",
      "mode": "data",
      "type": "aws_iam_policy_document",
      "name": "codebuild_code_connection_access",
      "provider": "provider[\"registry.terraform.io/hashicorp/aws\"]",
      "instances": [
        {
          "schema_version": 0,
          "attributes": {
            "id": "1210952984",
            "json": "{\n  \"Version\": \"2012-10-17\",\n  \"Statement\": [\n    {\n      \"Effect\": \"Allow\",\n      \"Action\": [\n        \"codestar-connections:UseConnection\",\n        \"codestar-connections:GetConnectionToken\",\n        \"codestar-connections:GetConnection\",\n        \"codeconnections:UseConnection\",\n        \"codeconnections:GetConnectionToken\",\n        \"codeconnections:GetConnection\"\n      ],\n      \"Resource\": [\n        \"arn:aws:codestar-connections:us-west-1:235494798404:connection/b72ddb5d-ce3b-455f-8a62-1d6b86936396\",\n        \"arn:aws:codeconnections:us-west-1:235494798404:connection/2b213f7e-acf0-46dd-a554-a4e23ccc1248\"\n      ]\n    }\n  ]\n}",
            "minified_json": "{\"Version\":\"2012-10-17\",\"Statement\":[{\"Effect\":\"Allow\",\"Action\":[\"codestar-connections:UseConnection\",\"codestar-connections:GetConnectionToken\",\"codestar-connections:GetConnection\",\"codeconnections:UseConnection\",\"codeconnections:GetConnectionToken\",\"codeconnections:GetConnection\"],\"Resource\":[\"arn:aws:codestar-connections:us-west-1:235494798404:connection/b72ddb5d-ce3b-455f-8a62-1d6b86936396\",\"arn:aws:codeconnections:us-west-1:235494798404:connection/2b213f7e-acf0-46dd-a554-a4e23ccc1248\"]}]}",
            "override_json": null,
            "override_policy_documents": null,
            "policy_id": null,
            "source_json": null,
            "source_policy_documents": null,
            "statement": [
              {
                "actions": [
                  "codeconnections:GetConnection",
                  "codeconnections:GetConnectionToken",
                  "codeconnections:UseConnection",
                  "codestar-connections:GetConnection",
                  "codestar-connections:GetConnectionToken",
                  "codestar-connections:UseConnection"
                ],
                "condition": [],
                "effect": "Allow",
                "not_actions": [],
                "not_principals": [],
                "not_resources": [],
                "principals": [],
                "resources": [
                  "arn:aws:codeconnections:us-west-1:235494798404:connection/2b213f7e-acf0-46dd-a554-a4e23ccc1248",
                  "arn:aws:codestar-connections:us-west-1:235494798404:connection/b72ddb5d-ce3b-455f-8a62-1d6b86936396"
                ],
                "sid": ""
              }
            ],
            "version": "2012-10-17"
          },
          "sensitive_attributes": []
        }
      ]
    },
    {
      "module": "module.prod.module.iam",
      "mode": "data",
      "type": "aws_iam_policy_document",
      "name": "codebuild_service_role_basics",
      "provider": "provider[\"registry.terraform.io/hashicorp/aws\"]",
      "instances": [
        {
          "schema_version": 0,
          "attributes": {
            "id": "1473039573",
            "json": "{\n  \"Version\": \"2012-10-17\",\n  \"Statement\": [\n    {\n      \"Effect\": \"Allow\",\n      \"Action\": [\n        \"logs:PutLogEvents\",\n        \"logs:CreateLogStream\",\n        \"logs:CreateLogGroup\"\n      ],\n      \"Resource\": [\n        \"arn:aws:logs:us-west-1:235494798404:log-group:ecs/codebuild_app:*\",\n        \"arn:aws:logs:us-west-1:235494798404:log-group:ecs/codebuild_app\",\n        \"arn:aws:logs:us-west-1:235494798404:log-group:/aws/codebuild/prod-app-codebuild:*\",\n        \"arn:aws:logs:us-west-1:235494798404:log-group:/aws/codebuild/prod-app-codebuild\"\n      ]\n    },\n    {\n      \"Effect\": \"Allow\",\n      \"Action\": [\n        \"logs:PutLogEvents\",\n        \"logs:CreateLogStream\",\n        \"logs:CreateLogGroup\"\n      ],\n      \"Resource\": [\n        \"arn:aws:logs:us-west-1:235494798404:log-group:ecs/codebuild_beat:*\",\n        \"arn:aws:logs:us-west-1:235494798404:log-group:ecs/codebuild_beat\",\n        \"arn:aws:logs:us-west-1:235494798404:log-group:/aws/codebuild/prod-beat-codebuild:*\",\n        \"arn:aws:logs:us-west-1:235494798404:log-group:/aws/codebuild/prod-beat-codebuild\"\n      ]\n    },\n    {\n      \"Effect\": \"Allow\",\n      \"Action\": [\n        \"logs:PutLogEvents\",\n        \"logs:CreateLogStream\",\n        \"logs:CreateLogGroup\"\n      ],\n      \"Resource\": [\n        \"arn:aws:logs:us-west-1:235494798404:log-group:ecs/codebuild_celery:*\",\n        \"arn:aws:logs:us-west-1:235494798404:log-group:ecs/codebuild_celery\",\n        \"arn:aws:logs:us-west-1:235494798404:log-group:/aws/codebuild/prod-celery-codebuild:*\",\n        \"arn:aws:logs:us-west-1:235494798404:log-group:/aws/codebuild/prod-celery-codebuild\"\n      ]\n    },\n    {\n      \"Effect\": \"Allow\",\n      \"Action\": [\n        \"codebuild:UpdateReport\",\n        \"codebuild:CreateReportGroup\",\n        \"codebuild:CreateReport\",\n        \"codebuild:BatchPutTestCases\",\n        \"codebuild:BatchPutCodeCoverages\"\n      ],\n      \"Resource\": \"arn:aws:codebuild:us-west-1:235494798404:report-group/prod-app-codebuild-*\"\n    },\n    {\n      \"Effect\": \"Allow\",\n      \"Action\": [\n        \"codebuild:UpdateReport\",\n        \"codebuild:CreateReportGroup\",\n        \"codebuild:CreateReport\",\n        \"codebuild:BatchPutTestCases\",\n        \"codebuild:BatchPutCodeCoverages\"\n      ],\n      \"Resource\": \"arn:aws:codebuild:us-west-1:235494798404:report-group/prod-beat-codebuild-*\"\n    },\n    {\n      \"Effect\": \"Allow\",\n      \"Action\": [\n        \"codebuild:UpdateReport\",\n        \"codebuild:CreateReportGroup\",\n        \"codebuild:CreateReport\",\n        \"codebuild:BatchPutTestCases\",\n        \"codebuild:BatchPutCodeCoverages\"\n      ],\n      \"Resource\": \"arn:aws:codebuild:us-west-1:235494798404:report-group/prod-celery-codebuild-*\"\n    },\n    {\n      \"Effect\": \"Allow\",\n      \"Action\": [\n        \"s3:PutObject\",\n        \"s3:GetObjectVersion\",\n        \"s3:GetObject\",\n        \"s3:GetBucketLocation\",\n        \"s3:GetBucketAcl\"\n      ],\n      \"Resource\": \"arn:aws:s3:::codepipeline-*\"\n    }\n  ]\n}",
            "minified_json": "{\"Version\":\"2012-10-17\",\"Statement\":[{\"Effect\":\"Allow\",\"Action\":[\"logs:PutLogEvents\",\"logs:CreateLogStream\",\"logs:CreateLogGroup\"],\"Resource\":[\"arn:aws:logs:us-west-1:235494798404:log-group:ecs/codebuild_app:*\",\"arn:aws:logs:us-west-1:235494798404:log-group:ecs/codebuild_app\",\"arn:aws:logs:us-west-1:235494798404:log-group:/aws/codebuild/prod-app-codebuild:*\",\"arn:aws:logs:us-west-1:235494798404:log-group:/aws/codebuild/prod-app-codebuild\"]},{\"Effect\":\"Allow\",\"Action\":[\"logs:PutLogEvents\",\"logs:CreateLogStream\",\"logs:CreateLogGroup\"],\"Resource\":[\"arn:aws:logs:us-west-1:235494798404:log-group:ecs/codebuild_beat:*\",\"arn:aws:logs:us-west-1:235494798404:log-group:ecs/codebuild_beat\",\"arn:aws:logs:us-west-1:235494798404:log-group:/aws/codebuild/prod-beat-codebuild:*\",\"arn:aws:logs:us-west-1:235494798404:log-group:/aws/codebuild/prod-beat-codebuild\"]},{\"Effect\":\"Allow\",\"Action\":[\"logs:PutLogEvents\",\"logs:CreateLogStream\",\"logs:CreateLogGroup\"],\"Resource\":[\"arn:aws:logs:us-west-1:235494798404:log-group:ecs/codebuild_celery:*\",\"arn:aws:logs:us-west-1:235494798404:log-group:ecs/codebuild_celery\",\"arn:aws:logs:us-west-1:235494798404:log-group:/aws/codebuild/prod-celery-codebuild:*\",\"arn:aws:logs:us-west-1:235494798404:log-group:/aws/codebuild/prod-celery-codebuild\"]},{\"Effect\":\"Allow\",\"Action\":[\"codebuild:UpdateReport\",\"codebuild:CreateReportGroup\",\"codebuild:CreateReport\",\"codebuild:BatchPutTestCases\",\"codebuild:BatchPutCodeCoverages\"],\"Resource\":\"arn:aws:codebuild:us-west-1:235494798404:report-group/prod-app-codebuild-*\"},{\"Effect\":\"Allow\",\"Action\":[\"codebuild:UpdateReport\",\"codebuild:CreateReportGroup\",\"codebuild:CreateReport\",\"codebuild:BatchPutTestCases\",\"codebuild:BatchPutCodeCoverages\"],\"Resource\":\"arn:aws:codebuild:us-west-1:235494798404:report-group/prod-beat-codebuild-*\"},{\"Effect\":\"Allow\",\"Action\":[\"codebuild:UpdateReport\",\"codebuild:CreateReportGroup\",\"codebuild:CreateReport\",\"codebuild:BatchPutTestCases\",\"codebuild:BatchPutCodeCoverages\"],\"Resource\":\"arn:aws:codebuild:us-west-1:235494798404:report-group/prod-celery-codebuild-*\"},{\"Effect\":\"Allow\",\"Action\":[\"s3:PutObject\",\"s3:GetObjectVersion\",\"s3:GetObject\",\"s3:GetBucketLocation\",\"s3:GetBucketAcl\"],\"Resource\":\"arn:aws:s3:::codepipeline-*\"}]}",
            "override_json": null,
            "override_policy_documents": null,
            "policy_id": null,
            "source_json": null,
            "source_policy_documents": null,
            "statement": [
              {
                "actions": [
                  "logs:CreateLogGroup",
                  "logs:CreateLogStream",
                  "logs:PutLogEvents"
                ],
                "condition": [],
                "effect": "Allow",
                "not_actions": [],
                "not_principals": [],
                "not_resources": [],
                "principals": [],
                "resources": [
                  "arn:aws:logs:us-west-1:235494798404:log-group:/aws/codebuild/prod-app-codebuild",
                  "arn:aws:logs:us-west-1:235494798404:log-group:/aws/codebuild/prod-app-codebuild:*",
                  "arn:aws:logs:us-west-1:235494798404:log-group:ecs/codebuild_app",
                  "arn:aws:logs:us-west-1:235494798404:log-group:ecs/codebuild_app:*"
                ],
                "sid": ""
              },
              {
                "actions": [
                  "logs:CreateLogGroup",
                  "logs:CreateLogStream",
                  "logs:PutLogEvents"
                ],
                "condition": [],
                "effect": "Allow",
                "not_actions": [],
                "not_principals": [],
                "not_resources": [],
                "principals": [],
                "resources": [
                  "arn:aws:logs:us-west-1:235494798404:log-group:/aws/codebuild/prod-beat-codebuild",
                  "arn:aws:logs:us-west-1:235494798404:log-group:/aws/codebuild/prod-beat-codebuild:*",
                  "arn:aws:logs:us-west-1:235494798404:log-group:ecs/codebuild_beat",
                  "arn:aws:logs:us-west-1:235494798404:log-group:ecs/codebuild_beat:*"
                ],
                "sid": ""
              },
              {
                "actions": [
                  "logs:CreateLogGroup",
                  "logs:CreateLogStream",
                  "logs:PutLogEvents"
                ],
                "condition": [],
                "effect": "Allow",
                "not_actions": [],
                "not_principals": [],
                "not_resources": [],
                "principals": [],
                "resources": [
                  "arn:aws:logs:us-west-1:235494798404:log-group:/aws/codebuild/prod-celery-codebuild",
                  "arn:aws:logs:us-west-1:235494798404:log-group:/aws/codebuild/prod-celery-codebuild:*",
                  "arn:aws:logs:us-west-1:235494798404:log-group:ecs/codebuild_celery",
                  "arn:aws:logs:us-west-1:235494798404:log-group:ecs/codebuild_celery:*"
                ],
                "sid": ""
              },
              {
                "actions": [
                  "codebuild:BatchPutCodeCoverages",
                  "codebuild:BatchPutTestCases",
                  "codebuild:CreateReport",
                  "codebuild:CreateReportGroup",
                  "codebuild:UpdateReport"
                ],
                "condition": [],
                "effect": "Allow",
                "not_actions": [],
                "not_principals": [],
                "not_resources": [],
                "principals": [],
                "resources": [
                  "arn:aws:codebuild:us-west-1:235494798404:report-group/prod-app-codebuild-*"
                ],
                "sid": ""
              },
              {
                "actions": [
                  "codebuild:BatchPutCodeCoverages",
                  "codebuild:BatchPutTestCases",
                  "codebuild:CreateReport",
                  "codebuild:CreateReportGroup",
                  "codebuild:UpdateReport"
                ],
                "condition": [],
                "effect": "Allow",
                "not_actions": [],
                "not_principals": [],
                "not_resources": [],
                "principals": [],
                "resources": [
                  "arn:aws:codebuild:us-west-1:235494798404:report-group/prod-beat-codebuild-*"
                ],
                "sid": ""
              },
              {
                "actions": [
                  "codebuild:BatchPutCodeCoverages",
                  "codebuild:BatchPutTestCases",
                  "codebuild:CreateReport",
                  "codebuild:CreateReportGroup",
                  "codebuild:UpdateReport"
                ],
                "condition": [],
                "effect": "Allow",
                "not_actions": [],
                "not_principals": [],
                "not_resources": [],
                "principals": [],
                "resources": [
                  "arn:aws:codebuild:us-west-1:235494798404:report-group/prod-celery-codebuild-*"
                ],
                "sid": ""
              },
              {
                "actions": [
                  "s3:GetBucketAcl",
                  "s3:GetBucketLocation",
                  "s3:GetObject",
                  "s3:GetObjectVersion",
                  "s3:PutObject"
                ],
                "condition": [],
                "effect": "Allow",
                "not_actions": [],
                "not_principals": [],
                "not_resources": [],
                "principals": [],
                "resources": [
                  "arn:aws:s3:::codepipeline-*"
                ],
                "sid": ""
              }
            ],
            "version": "2012-10-17"
          },
          "sensitive_attributes": []
        }
      ]
    },
    {
      "module": "module.prod.module.iam",
      "mode": "data",
      "type": "aws_iam_policy_document",
      "name": "ecs_exec",
      "provider": "provider[\"registry.terraform.io/hashicorp/aws\"]",
      "instances": [
        {
          "index_key": "app",
          "schema_version": 0,
          "attributes": {
            "id": "137156691",
            "json": "{\n  \"Version\": \"2012-10-17\",\n  \"Statement\": [\n    {\n      \"Effect\": \"Allow\",\n      \"Action\": [\n        \"ssmmessages:OpenDataChannel\",\n        \"ssmmessages:OpenControlChannel\",\n        \"ssmmessages:CreateDataChannel\",\n        \"ssmmessages:CreateControlChannel\",\n        \"ssm:StartSession\",\n        \"ssm:DescribeSessions\",\n        \"ecs:ExecuteCommand\"\n      ],\n      \"Resource\": \"*\"\n    }\n  ]\n}",
            "minified_json": "{\"Version\":\"2012-10-17\",\"Statement\":[{\"Effect\":\"Allow\",\"Action\":[\"ssmmessages:OpenDataChannel\",\"ssmmessages:OpenControlChannel\",\"ssmmessages:CreateDataChannel\",\"ssmmessages:CreateControlChannel\",\"ssm:StartSession\",\"ssm:DescribeSessions\",\"ecs:ExecuteCommand\"],\"Resource\":\"*\"}]}",
            "override_json": null,
            "override_policy_documents": null,
            "policy_id": null,
            "source_json": null,
            "source_policy_documents": null,
            "statement": [
              {
                "actions": [
                  "ecs:ExecuteCommand",
                  "ssm:DescribeSessions",
                  "ssm:StartSession",
                  "ssmmessages:CreateControlChannel",
                  "ssmmessages:CreateDataChannel",
                  "ssmmessages:OpenControlChannel",
                  "ssmmessages:OpenDataChannel"
                ],
                "condition": [],
                "effect": "Allow",
                "not_actions": [],
                "not_principals": [],
                "not_resources": [],
                "principals": [],
                "resources": [
                  "*"
                ],
                "sid": ""
              }
            ],
            "version": "2012-10-17"
          },
          "sensitive_attributes": []
        },
        {
          "index_key": "beat",
          "schema_version": 0,
          "attributes": {
            "id": "137156691",
            "json": "{\n  \"Version\": \"2012-10-17\",\n  \"Statement\": [\n    {\n      \"Effect\": \"Allow\",\n      \"Action\": [\n        \"ssmmessages:OpenDataChannel\",\n        \"ssmmessages:OpenControlChannel\",\n        \"ssmmessages:CreateDataChannel\",\n        \"ssmmessages:CreateControlChannel\",\n        \"ssm:StartSession\",\n        \"ssm:DescribeSessions\",\n        \"ecs:ExecuteCommand\"\n      ],\n      \"Resource\": \"*\"\n    }\n  ]\n}",
            "minified_json": "{\"Version\":\"2012-10-17\",\"Statement\":[{\"Effect\":\"Allow\",\"Action\":[\"ssmmessages:OpenDataChannel\",\"ssmmessages:OpenControlChannel\",\"ssmmessages:CreateDataChannel\",\"ssmmessages:CreateControlChannel\",\"ssm:StartSession\",\"ssm:DescribeSessions\",\"ecs:ExecuteCommand\"],\"Resource\":\"*\"}]}",
            "override_json": null,
            "override_policy_documents": null,
            "policy_id": null,
            "source_json": null,
            "source_policy_documents": null,
            "statement": [
              {
                "actions": [
                  "ecs:ExecuteCommand",
                  "ssm:DescribeSessions",
                  "ssm:StartSession",
                  "ssmmessages:CreateControlChannel",
                  "ssmmessages:CreateDataChannel",
                  "ssmmessages:OpenControlChannel",
                  "ssmmessages:OpenDataChannel"
                ],
                "condition": [],
                "effect": "Allow",
                "not_actions": [],
                "not_principals": [],
                "not_resources": [],
                "principals": [],
                "resources": [
                  "*"
                ],
                "sid": ""
              }
            ],
            "version": "2012-10-17"
          },
          "sensitive_attributes": []
        },
        {
          "index_key": "celery",
          "schema_version": 0,
          "attributes": {
            "id": "137156691",
            "json": "{\n  \"Version\": \"2012-10-17\",\n  \"Statement\": [\n    {\n      \"Effect\": \"Allow\",\n      \"Action\": [\n        \"ssmmessages:OpenDataChannel\",\n        \"ssmmessages:OpenControlChannel\",\n        \"ssmmessages:CreateDataChannel\",\n        \"ssmmessages:CreateControlChannel\",\n        \"ssm:StartSession\",\n        \"ssm:DescribeSessions\",\n        \"ecs:ExecuteCommand\"\n      ],\n      \"Resource\": \"*\"\n    }\n  ]\n}",
            "minified_json": "{\"Version\":\"2012-10-17\",\"Statement\":[{\"Effect\":\"Allow\",\"Action\":[\"ssmmessages:OpenDataChannel\",\"ssmmessages:OpenControlChannel\",\"ssmmessages:CreateDataChannel\",\"ssmmessages:CreateControlChannel\",\"ssm:StartSession\",\"ssm:DescribeSessions\",\"ecs:ExecuteCommand\"],\"Resource\":\"*\"}]}",
            "override_json": null,
            "override_policy_documents": null,
            "policy_id": null,
            "source_json": null,
            "source_policy_documents": null,
            "statement": [
              {
                "actions": [
                  "ecs:ExecuteCommand",
                  "ssm:DescribeSessions",
                  "ssm:StartSession",
                  "ssmmessages:CreateControlChannel",
                  "ssmmessages:CreateDataChannel",
                  "ssmmessages:OpenControlChannel",
                  "ssmmessages:OpenDataChannel"
                ],
                "condition": [],
                "effect": "Allow",
                "not_actions": [],
                "not_principals": [],
                "not_resources": [],
                "principals": [],
                "resources": [
                  "*"
                ],
                "sid": ""
              }
            ],
            "version": "2012-10-17"
          },
          "sensitive_attributes": []
        }
      ]
    },
    {
      "module": "module.prod.module.iam",
      "mode": "data",
      "type": "aws_iam_policy_document",
      "name": "ecs_read_secrets",
      "provider": "provider[\"registry.terraform.io/hashicorp/aws\"]",
      "instances": [
        {
          "schema_version": 0,
          "attributes": {
            "id": "258835557",
            "json": "{\n  \"Version\": \"2012-10-17\",\n  \"Statement\": [\n    {\n      \"Effect\": \"Allow\",\n      \"Action\": \"secretsmanager:GetSecretValue\",\n      \"Resource\": \"*\"\n    }\n  ]\n}",
            "minified_json": "{\"Version\":\"2012-10-17\",\"Statement\":[{\"Effect\":\"Allow\",\"Action\":\"secretsmanager:GetSecretValue\",\"Resource\":\"*\"}]}",
            "override_json": null,
            "override_policy_documents": null,
            "policy_id": null,
            "source_json": null,
            "source_policy_documents": null,
            "statement": [
              {
                "actions": [
                  "secretsmanager:GetSecretValue"
                ],
                "condition": [],
                "effect": "Allow",
                "not_actions": [],
                "not_principals": [],
                "not_resources": [],
                "principals": [],
                "resources": [
                  "*"
                ],
                "sid": ""
              }
            ],
            "version": "2012-10-17"
          },
          "sensitive_attributes": []
        }
      ]
    },
    {
      "module": "module.prod.module.iam",
      "mode": "data",
      "type": "aws_iam_policy_document",
      "name": "ecs_sqs",
      "provider": "provider[\"registry.terraform.io/hashicorp/aws\"]",
      "instances": [
        {
          "schema_version": 0,
          "attributes": {
            "id": "1084273266",
            "json": "{\n  \"Version\": \"2012-10-17\",\n  \"Statement\": [\n    {\n      \"Effect\": \"Allow\",\n      \"Action\": [\n        \"sqs:SendMessage\",\n        \"sqs:ReceiveMessage\",\n        \"sqs:GetQueueUrl\",\n        \"sqs:GetQueueAttributes\",\n        \"sqs:DeleteMessage\"\n      ],\n      \"Resource\": \"*\"\n    },\n    {\n      \"Effect\": \"Allow\",\n      \"Action\": [\n        \"sqs:ListQueues\",\n        \"sqs:CreateQueue\"\n      ],\n      \"Resource\": \"*\"\n    }\n  ]\n}",
            "minified_json": "{\"Version\":\"2012-10-17\",\"Statement\":[{\"Effect\":\"Allow\",\"Action\":[\"sqs:SendMessage\",\"sqs:ReceiveMessage\",\"sqs:GetQueueUrl\",\"sqs:GetQueueAttributes\",\"sqs:DeleteMessage\"],\"Resource\":\"*\"},{\"Effect\":\"Allow\",\"Action\":[\"sqs:ListQueues\",\"sqs:CreateQueue\"],\"Resource\":\"*\"}]}",
            "override_json": null,
            "override_policy_documents": null,
            "policy_id": null,
            "source_json": null,
            "source_policy_documents": null,
            "statement": [
              {
                "actions": [
                  "sqs:DeleteMessage",
                  "sqs:GetQueueAttributes",
                  "sqs:GetQueueUrl",
                  "sqs:ReceiveMessage",
                  "sqs:SendMessage"
                ],
                "condition": [],
                "effect": "Allow",
                "not_actions": [],
                "not_principals": [],
                "not_resources": [],
                "principals": [],
                "resources": [
                  "*"
                ],
                "sid": ""
              },
              {
                "actions": [
                  "sqs:CreateQueue",
                  "sqs:ListQueues"
                ],
                "condition": [],
                "effect": "Allow",
                "not_actions": [],
                "not_principals": [],
                "not_resources": [],
                "principals": [],
                "resources": [
                  "*"
                ],
                "sid": ""
              }
            ],
            "version": "2012-10-17"
          },
          "sensitive_attributes": []
        }
      ]
    },
    {
      "module": "module.prod.module.iam",
      "mode": "data",
      "type": "aws_iam_policy_document",
      "name": "ecs_ssm_parameter",
      "provider": "provider[\"registry.terraform.io/hashicorp/aws\"]",
      "instances": [
        {
          "schema_version": 0,
          "attributes": {
            "id": "1606227892",
            "json": "{\n  \"Version\": \"2012-10-17\",\n  \"Statement\": [\n    {\n      \"Effect\": \"Allow\",\n      \"Action\": [\n        \"ssm:GetParameters\",\n        \"ssm:GetParameter\",\n        \"ssm:DescribeParameters\"\n      ],\n      \"Resource\": \"*\"\n    }\n  ]\n}",
            "minified_json": "{\"Version\":\"2012-10-17\",\"Statement\":[{\"Effect\":\"Allow\",\"Action\":[\"ssm:GetParameters\",\"ssm:GetParameter\",\"ssm:DescribeParameters\"],\"Resource\":\"*\"}]}",
            "override_json": null,
            "override_policy_documents": null,
            "policy_id": null,
            "source_json": null,
            "source_policy_documents": null,
            "statement": [
              {
                "actions": [
                  "ssm:DescribeParameters",
                  "ssm:GetParameter",
                  "ssm:GetParameters"
                ],
                "condition": [],
                "effect": "Allow",
                "not_actions": [],
                "not_principals": [],
                "not_resources": [],
                "principals": [],
                "resources": [
                  "*"
                ],
                "sid": ""
              }
            ],
            "version": "2012-10-17"
          },
          "sensitive_attributes": []
        }
      ]
    },
    {
      "module": "module.prod.module.iam",
      "mode": "data",
      "type": "aws_iam_policy_document",
      "name": "ecs_task_logs",
      "provider": "provider[\"registry.terraform.io/hashicorp/aws\"]",
      "instances": [
        {
          "index_key": "app",
          "schema_version": 0,
          "attributes": {
            "id": "643083485",
            "json": "{\n  \"Version\": \"2012-10-17\",\n  \"Statement\": [\n    {\n      \"Effect\": \"Allow\",\n      \"Action\": [\n        \"logs:PutLogEvents\",\n        \"logs:CreateLogStream\",\n        \"logs:CreateLogGroup\"\n      ],\n      \"Resource\": [\n        \"arn:aws:logs:us-west-1:235494798404:log-group:/ecs/prod/debug:log-stream:*\",\n        \"arn:aws:logs:us-west-1:235494798404:log-group:/ecs/prod/app:log-stream:*\"\n      ]\n    }\n  ]\n}",
            "minified_json": "{\"Version\":\"2012-10-17\",\"Statement\":[{\"Effect\":\"Allow\",\"Action\":[\"logs:PutLogEvents\",\"logs:CreateLogStream\",\"logs:CreateLogGroup\"],\"Resource\":[\"arn:aws:logs:us-west-1:235494798404:log-group:/ecs/prod/debug:log-stream:*\",\"arn:aws:logs:us-west-1:235494798404:log-group:/ecs/prod/app:log-stream:*\"]}]}",
            "override_json": null,
            "override_policy_documents": null,
            "policy_id": null,
            "source_json": null,
            "source_policy_documents": null,
            "statement": [
              {
                "actions": [
                  "logs:CreateLogGroup",
                  "logs:CreateLogStream",
                  "logs:PutLogEvents"
                ],
                "condition": [],
                "effect": "Allow",
                "not_actions": [],
                "not_principals": [],
                "not_resources": [],
                "principals": [],
                "resources": [
                  "arn:aws:logs:us-west-1:235494798404:log-group:/ecs/prod/app:log-stream:*",
                  "arn:aws:logs:us-west-1:235494798404:log-group:/ecs/prod/debug:log-stream:*"
                ],
                "sid": ""
              }
            ],
            "version": "2012-10-17"
          },
          "sensitive_attributes": []
        },
        {
          "index_key": "beat",
          "schema_version": 0,
          "attributes": {
            "id": "2622650810",
            "json": "{\n  \"Version\": \"2012-10-17\",\n  \"Statement\": [\n    {\n      \"Effect\": \"Allow\",\n      \"Action\": [\n        \"logs:PutLogEvents\",\n        \"logs:CreateLogStream\",\n        \"logs:CreateLogGroup\"\n      ],\n      \"Resource\": [\n        \"arn:aws:logs:us-west-1:235494798404:log-group:/ecs/prod/debug:log-stream:*\",\n        \"arn:aws:logs:us-west-1:235494798404:log-group:/ecs/prod/beat:log-stream:*\"\n      ]\n    }\n  ]\n}",
            "minified_json": "{\"Version\":\"2012-10-17\",\"Statement\":[{\"Effect\":\"Allow\",\"Action\":[\"logs:PutLogEvents\",\"logs:CreateLogStream\",\"logs:CreateLogGroup\"],\"Resource\":[\"arn:aws:logs:us-west-1:235494798404:log-group:/ecs/prod/debug:log-stream:*\",\"arn:aws:logs:us-west-1:235494798404:log-group:/ecs/prod/beat:log-stream:*\"]}]}",
            "override_json": null,
            "override_policy_documents": null,
            "policy_id": null,
            "source_json": null,
            "source_policy_documents": null,
            "statement": [
              {
                "actions": [
                  "logs:CreateLogGroup",
                  "logs:CreateLogStream",
                  "logs:PutLogEvents"
                ],
                "condition": [],
                "effect": "Allow",
                "not_actions": [],
                "not_principals": [],
                "not_resources": [],
                "principals": [],
                "resources": [
                  "arn:aws:logs:us-west-1:235494798404:log-group:/ecs/prod/beat:log-stream:*",
                  "arn:aws:logs:us-west-1:235494798404:log-group:/ecs/prod/debug:log-stream:*"
                ],
                "sid": ""
              }
            ],
            "version": "2012-10-17"
          },
          "sensitive_attributes": []
        },
        {
          "index_key": "celery",
          "schema_version": 0,
          "attributes": {
            "id": "485545166",
            "json": "{\n  \"Version\": \"2012-10-17\",\n  \"Statement\": [\n    {\n      \"Effect\": \"Allow\",\n      \"Action\": [\n        \"logs:PutLogEvents\",\n        \"logs:CreateLogStream\",\n        \"logs:CreateLogGroup\"\n      ],\n      \"Resource\": [\n        \"arn:aws:logs:us-west-1:235494798404:log-group:/ecs/prod/debug:log-stream:*\",\n        \"arn:aws:logs:us-west-1:235494798404:log-group:/ecs/prod/celery:log-stream:*\"\n      ]\n    }\n  ]\n}",
            "minified_json": "{\"Version\":\"2012-10-17\",\"Statement\":[{\"Effect\":\"Allow\",\"Action\":[\"logs:PutLogEvents\",\"logs:CreateLogStream\",\"logs:CreateLogGroup\"],\"Resource\":[\"arn:aws:logs:us-west-1:235494798404:log-group:/ecs/prod/debug:log-stream:*\",\"arn:aws:logs:us-west-1:235494798404:log-group:/ecs/prod/celery:log-stream:*\"]}]}",
            "override_json": null,
            "override_policy_documents": null,
            "policy_id": null,
            "source_json": null,
            "source_policy_documents": null,
            "statement": [
              {
                "actions": [
                  "logs:CreateLogGroup",
                  "logs:CreateLogStream",
                  "logs:PutLogEvents"
                ],
                "condition": [],
                "effect": "Allow",
                "not_actions": [],
                "not_principals": [],
                "not_resources": [],
                "principals": [],
                "resources": [
                  "arn:aws:logs:us-west-1:235494798404:log-group:/ecs/prod/celery:log-stream:*",
                  "arn:aws:logs:us-west-1:235494798404:log-group:/ecs/prod/debug:log-stream:*"
                ],
                "sid": ""
              }
            ],
            "version": "2012-10-17"
          },
          "sensitive_attributes": []
        }
      ]
    },
    {
      "module": "module.prod.module.iam",
      "mode": "data",
      "type": "aws_iam_policy_document",
      "name": "secret_policy_doc",
      "provider": "provider[\"registry.terraform.io/hashicorp/aws\"]",
      "instances": [
        {
          "schema_version": 0,
          "attributes": {
            "id": "1202758868",
            "json": "{\n  \"Version\": \"2012-10-17\",\n  \"Statement\": [\n    {\n      \"Effect\": \"Allow\",\n      \"Action\": \"secretsmanager:GetSecretValue\",\n      \"Resource\": \"arn:aws:secretsmanager:us-west-1:235494798404:secret:ecs/prod/*\",\n      \"Principal\": {\n        \"AWS\": \"*\"\n      }\n    }\n  ]\n}",
            "minified_json": "{\"Version\":\"2012-10-17\",\"Statement\":[{\"Effect\":\"Allow\",\"Action\":\"secretsmanager:GetSecretValue\",\"Resource\":\"arn:aws:secretsmanager:us-west-1:235494798404:secret:ecs/prod/*\",\"Principal\":{\"AWS\":\"*\"}}]}",
            "override_json": null,
            "override_policy_documents": null,
            "policy_id": null,
            "source_json": null,
            "source_policy_documents": null,
            "statement": [
              {
                "actions": [
                  "secretsmanager:GetSecretValue"
                ],
                "condition": [],
                "effect": "Allow",
                "not_actions": [],
                "not_principals": [],
                "not_resources": [],
                "principals": [
                  {
                    "identifiers": [
                      "*"
                    ],
                    "type": "AWS"
                  }
                ],
                "resources": [
                  "arn:aws:secretsmanager:us-west-1:235494798404:secret:ecs/prod/*"
                ],
                "sid": ""
              }
            ],
            "version": "2012-10-17"
          },
          "sensitive_attributes": []
        }
      ]
    },
    {
      "module": "module.prod.module.iam",
      "mode": "data",
      "type": "aws_iam_policy_document",
      "name": "sqs_access",
      "provider": "provider[\"registry.terraform.io/hashicorp/aws\"]",
      "instances": [
        {
          "index_key": "dlq",
          "schema_version": 0,
          "attributes": {
            "id": "3144093911",
            "json": "{\n  \"Version\": \"2012-10-17\",\n  \"Statement\": [\n    {\n      \"Effect\": \"Allow\",\n      \"Action\": [\n        \"SQS:SendMessage\",\n        \"SQS:ReceiveMessage\",\n        \"SQS:DeleteMessage\",\n        \"SQS:ChangeMessageVisibility\"\n      ],\n      \"Resource\": \"arn:aws:sqs:us-west-1:235494798404:prod-dlq\",\n      \"Principal\": {\n        \"AWS\": [\n          \"arn:aws:iam::235494798404:role/prod-celery-ecs-task-execution\",\n          \"arn:aws:iam::235494798404:role/prod-beat-ecs-task-execution\",\n          \"arn:aws:iam::235494798404:role/prod-app-ecs-task-execution\"\n        ]\n      }\n    }\n  ]\n}",
            "minified_json": "{\"Version\":\"2012-10-17\",\"Statement\":[{\"Effect\":\"Allow\",\"Action\":[\"SQS:SendMessage\",\"SQS:ReceiveMessage\",\"SQS:DeleteMessage\",\"SQS:ChangeMessageVisibility\"],\"Resource\":\"arn:aws:sqs:us-west-1:235494798404:prod-dlq\",\"Principal\":{\"AWS\":[\"arn:aws:iam::235494798404:role/prod-celery-ecs-task-execution\",\"arn:aws:iam::235494798404:role/prod-beat-ecs-task-execution\",\"arn:aws:iam::235494798404:role/prod-app-ecs-task-execution\"]}}]}",
            "override_json": null,
            "override_policy_documents": null,
            "policy_id": null,
            "source_json": null,
            "source_policy_documents": null,
            "statement": [
              {
                "actions": [
                  "SQS:ChangeMessageVisibility",
                  "SQS:DeleteMessage",
                  "SQS:ReceiveMessage",
                  "SQS:SendMessage"
                ],
                "condition": [],
                "effect": "Allow",
                "not_actions": [],
                "not_principals": [],
                "not_resources": [],
                "principals": [
                  {
                    "identifiers": [
                      "arn:aws:iam::235494798404:role/prod-app-ecs-task-execution",
                      "arn:aws:iam::235494798404:role/prod-beat-ecs-task-execution",
                      "arn:aws:iam::235494798404:role/prod-celery-ecs-task-execution"
                    ],
                    "type": "AWS"
                  }
                ],
                "resources": [
                  "arn:aws:sqs:us-west-1:235494798404:prod-dlq"
                ],
                "sid": ""
              }
            ],
            "version": "2012-10-17"
          },
          "sensitive_attributes": []
        },
        {
          "index_key": "long-running",
          "schema_version": 0,
          "attributes": {
            "id": "1402553264",
            "json": "{\n  \"Version\": \"2012-10-17\",\n  \"Statement\": [\n    {\n      \"Effect\": \"Allow\",\n      \"Action\": [\n        \"SQS:SendMessage\",\n        \"SQS:ReceiveMessage\",\n        \"SQS:DeleteMessage\",\n        \"SQS:ChangeMessageVisibility\"\n      ],\n      \"Resource\": \"arn:aws:sqs:us-west-1:235494798404:prod-long-running\",\n      \"Principal\": {\n        \"AWS\": [\n          \"arn:aws:iam::235494798404:role/prod-celery-ecs-task-execution\",\n          \"arn:aws:iam::235494798404:role/prod-beat-ecs-task-execution\",\n          \"arn:aws:iam::235494798404:role/prod-app-ecs-task-execution\"\n        ]\n      }\n    }\n  ]\n}",
            "minified_json": "{\"Version\":\"2012-10-17\",\"Statement\":[{\"Effect\":\"Allow\",\"Action\":[\"SQS:SendMessage\",\"SQS:ReceiveMessage\",\"SQS:DeleteMessage\",\"SQS:ChangeMessageVisibility\"],\"Resource\":\"arn:aws:sqs:us-west-1:235494798404:prod-long-running\",\"Principal\":{\"AWS\":[\"arn:aws:iam::235494798404:role/prod-celery-ecs-task-execution\",\"arn:aws:iam::235494798404:role/prod-beat-ecs-task-execution\",\"arn:aws:iam::235494798404:role/prod-app-ecs-task-execution\"]}}]}",
            "override_json": null,
            "override_policy_documents": null,
            "policy_id": null,
            "source_json": null,
            "source_policy_documents": null,
            "statement": [
              {
                "actions": [
                  "SQS:ChangeMessageVisibility",
                  "SQS:DeleteMessage",
                  "SQS:ReceiveMessage",
                  "SQS:SendMessage"
                ],
                "condition": [],
                "effect": "Allow",
                "not_actions": [],
                "not_principals": [],
                "not_resources": [],
                "principals": [
                  {
                    "identifiers": [
                      "arn:aws:iam::235494798404:role/prod-app-ecs-task-execution",
                      "arn:aws:iam::235494798404:role/prod-beat-ecs-task-execution",
                      "arn:aws:iam::235494798404:role/prod-celery-ecs-task-execution"
                    ],
                    "type": "AWS"
                  }
                ],
                "resources": [
                  "arn:aws:sqs:us-west-1:235494798404:prod-long-running"
                ],
                "sid": ""
              }
            ],
            "version": "2012-10-17"
          },
          "sensitive_attributes": []
        },
        {
          "index_key": "user-interaction",
          "schema_version": 0,
          "attributes": {
            "id": "1891323821",
            "json": "{\n  \"Version\": \"2012-10-17\",\n  \"Statement\": [\n    {\n      \"Effect\": \"Allow\",\n      \"Action\": [\n        \"SQS:SendMessage\",\n        \"SQS:ReceiveMessage\",\n        \"SQS:DeleteMessage\",\n        \"SQS:ChangeMessageVisibility\"\n      ],\n      \"Resource\": \"arn:aws:sqs:us-west-1:235494798404:prod-user-interaction\",\n      \"Principal\": {\n        \"AWS\": [\n          \"arn:aws:iam::235494798404:role/prod-celery-ecs-task-execution\",\n          \"arn:aws:iam::235494798404:role/prod-beat-ecs-task-execution\",\n          \"arn:aws:iam::235494798404:role/prod-app-ecs-task-execution\"\n        ]\n      }\n    }\n  ]\n}",
            "minified_json": "{\"Version\":\"2012-10-17\",\"Statement\":[{\"Effect\":\"Allow\",\"Action\":[\"SQS:SendMessage\",\"SQS:ReceiveMessage\",\"SQS:DeleteMessage\",\"SQS:ChangeMessageVisibility\"],\"Resource\":\"arn:aws:sqs:us-west-1:235494798404:prod-user-interaction\",\"Principal\":{\"AWS\":[\"arn:aws:iam::235494798404:role/prod-celery-ecs-task-execution\",\"arn:aws:iam::235494798404:role/prod-beat-ecs-task-execution\",\"arn:aws:iam::235494798404:role/prod-app-ecs-task-execution\"]}}]}",
            "override_json": null,
            "override_policy_documents": null,
            "policy_id": null,
            "source_json": null,
            "source_policy_documents": null,
            "statement": [
              {
                "actions": [
                  "SQS:ChangeMessageVisibility",
                  "SQS:DeleteMessage",
                  "SQS:ReceiveMessage",
                  "SQS:SendMessage"
                ],
                "condition": [],
                "effect": "Allow",
                "not_actions": [],
                "not_principals": [],
                "not_resources": [],
                "principals": [
                  {
                    "identifiers": [
                      "arn:aws:iam::235494798404:role/prod-app-ecs-task-execution",
                      "arn:aws:iam::235494798404:role/prod-beat-ecs-task-execution",
                      "arn:aws:iam::235494798404:role/prod-celery-ecs-task-execution"
                    ],
                    "type": "AWS"
                  }
                ],
                "resources": [
                  "arn:aws:sqs:us-west-1:235494798404:prod-user-interaction"
                ],
                "sid": ""
              }
            ],
            "version": "2012-10-17"
          },
          "sensitive_attributes": []
        }
      ]
    },
    {
      "module": "module.prod.module.iam",
      "mode": "data",
      "type": "aws_iam_policy_document",
      "name": "ssm_read_policy_doc",
      "provider": "provider[\"registry.terraform.io/hashicorp/aws\"]",
      "instances": [
        {
          "schema_version": 0,
          "attributes": {
            "id": "267340468",
            "json": "{\n  \"Version\": \"2012-10-17\",\n  \"Statement\": [\n    {\n      \"Effect\": \"Allow\",\n      \"Action\": [\n        \"ssm:GetParametersByPath\",\n        \"ssm:GetParameters\",\n        \"ssm:GetParameter\"\n      ],\n      \"Resource\": \"arn:aws:ssm:us-west-1:235494798404:parameter/ecs/prod/*\"\n    }\n  ]\n}",
            "minified_json": "{\"Version\":\"2012-10-17\",\"Statement\":[{\"Effect\":\"Allow\",\"Action\":[\"ssm:GetParametersByPath\",\"ssm:GetParameters\",\"ssm:GetParameter\"],\"Resource\":\"arn:aws:ssm:us-west-1:235494798404:parameter/ecs/prod/*\"}]}",
            "override_json": null,
            "override_policy_documents": null,
            "policy_id": null,
            "source_json": null,
            "source_policy_documents": null,
            "statement": [
              {
                "actions": [
                  "ssm:GetParameter",
                  "ssm:GetParameters",
                  "ssm:GetParametersByPath"
                ],
                "condition": [],
                "effect": "Allow",
                "not_actions": [],
                "not_principals": [],
                "not_resources": [],
                "principals": [],
                "resources": [
                  "arn:aws:ssm:us-west-1:235494798404:parameter/ecs/prod/*"
                ],
                "sid": ""
              }
            ],
            "version": "2012-10-17"
          },
          "sensitive_attributes": []
        }
      ]
    },
    {
      "module": "module.prod.module.iam",
      "mode": "managed",
      "type": "aws_iam_policy",
      "name": "codebuild_code_connection_access",
      "provider": "provider[\"registry.terraform.io/hashicorp/aws\"]",
      "instances": [
        {
          "schema_version": 0,
          "attributes": {
            "arn": "arn:aws:iam::235494798404:policy/prod-codebuild-code-connection-access",
            "attachment_count": 1,
            "description": "",
            "id": "arn:aws:iam::235494798404:policy/prod-codebuild-code-connection-access",
            "name": "prod-codebuild-code-connection-access",
            "name_prefix": "",
            "path": "/",
            "policy": "{\"Statement\":[{\"Action\":[\"codestar-connections:UseConnection\",\"codestar-connections:GetConnectionToken\",\"codestar-connections:GetConnection\",\"codeconnections:UseConnection\",\"codeconnections:GetConnectionToken\",\"codeconnections:GetConnection\"],\"Effect\":\"Allow\",\"Resource\":[\"arn:aws:codestar-connections:us-west-1:235494798404:connection/b72ddb5d-ce3b-455f-8a62-1d6b86936396\",\"arn:aws:codeconnections:us-west-1:235494798404:connection/2b213f7e-acf0-46dd-a554-a4e23ccc1248\"]}],\"Version\":\"2012-10-17\"}",
            "policy_id": "ANPATNVEVORCOIFBQVMV7",
            "tags": {},
            "tags_all": {}
          },
          "sensitive_attributes": [],
          "private": "bnVsbA==",
          "dependencies": [
            "module.prod.module.codebuild.aws_codestarconnections_connection.github",
            "module.prod.module.iam.data.aws_iam_policy_document.codebuild_code_connection_access"
          ]
        }
      ]
    },
    {
      "module": "module.prod.module.iam",
      "mode": "managed",
      "type": "aws_iam_policy",
      "name": "codebuild_service_role_basics",
      "provider": "provider[\"registry.terraform.io/hashicorp/aws\"]",
      "instances": [
        {
          "schema_version": 0,
          "attributes": {
            "arn": "arn:aws:iam::235494798404:policy/prod-codebuild-service-role-basics",
            "attachment_count": 1,
            "description": "",
            "id": "arn:aws:iam::235494798404:policy/prod-codebuild-service-role-basics",
            "name": "prod-codebuild-service-role-basics",
            "name_prefix": "",
            "path": "/",
            "policy": "{\"Statement\":[{\"Action\":[\"logs:PutLogEvents\",\"logs:CreateLogStream\",\"logs:CreateLogGroup\"],\"Effect\":\"Allow\",\"Resource\":[\"arn:aws:logs:us-west-1:235494798404:log-group:ecs/codebuild_app:*\",\"arn:aws:logs:us-west-1:235494798404:log-group:ecs/codebuild_app\",\"arn:aws:logs:us-west-1:235494798404:log-group:/aws/codebuild/prod-app-codebuild:*\",\"arn:aws:logs:us-west-1:235494798404:log-group:/aws/codebuild/prod-app-codebuild\"]},{\"Action\":[\"logs:PutLogEvents\",\"logs:CreateLogStream\",\"logs:CreateLogGroup\"],\"Effect\":\"Allow\",\"Resource\":[\"arn:aws:logs:us-west-1:235494798404:log-group:ecs/codebuild_beat:*\",\"arn:aws:logs:us-west-1:235494798404:log-group:ecs/codebuild_beat\",\"arn:aws:logs:us-west-1:235494798404:log-group:/aws/codebuild/prod-beat-codebuild:*\",\"arn:aws:logs:us-west-1:235494798404:log-group:/aws/codebuild/prod-beat-codebuild\"]},{\"Action\":[\"logs:PutLogEvents\",\"logs:CreateLogStream\",\"logs:CreateLogGroup\"],\"Effect\":\"Allow\",\"Resource\":[\"arn:aws:logs:us-west-1:235494798404:log-group:ecs/codebuild_celery:*\",\"arn:aws:logs:us-west-1:235494798404:log-group:ecs/codebuild_celery\",\"arn:aws:logs:us-west-1:235494798404:log-group:/aws/codebuild/prod-celery-codebuild:*\",\"arn:aws:logs:us-west-1:235494798404:log-group:/aws/codebuild/prod-celery-codebuild\"]},{\"Action\":[\"codebuild:UpdateReport\",\"codebuild:CreateReportGroup\",\"codebuild:CreateReport\",\"codebuild:BatchPutTestCases\",\"codebuild:BatchPutCodeCoverages\"],\"Effect\":\"Allow\",\"Resource\":\"arn:aws:codebuild:us-west-1:235494798404:report-group/prod-app-codebuild-*\"},{\"Action\":[\"codebuild:UpdateReport\",\"codebuild:CreateReportGroup\",\"codebuild:CreateReport\",\"codebuild:BatchPutTestCases\",\"codebuild:BatchPutCodeCoverages\"],\"Effect\":\"Allow\",\"Resource\":\"arn:aws:codebuild:us-west-1:235494798404:report-group/prod-beat-codebuild-*\"},{\"Action\":[\"codebuild:UpdateReport\",\"codebuild:CreateReportGroup\",\"codebuild:CreateReport\",\"codebuild:BatchPutTestCases\",\"codebuild:BatchPutCodeCoverages\"],\"Effect\":\"Allow\",\"Resource\":\"arn:aws:codebuild:us-west-1:235494798404:report-group/prod-celery-codebuild-*\"},{\"Action\":[\"s3:PutObject\",\"s3:GetObjectVersion\",\"s3:GetObject\",\"s3:GetBucketLocation\",\"s3:GetBucketAcl\"],\"Effect\":\"Allow\",\"Resource\":\"arn:aws:s3:::codepipeline-*\"}],\"Version\":\"2012-10-17\"}",
            "policy_id": "ANPATNVEVORCP3WIX2NKJ",
            "tags": {},
            "tags_all": {}
          },
          "sensitive_attributes": [],
          "private": "bnVsbA==",
          "dependencies": [
            "module.prod.module.iam.data.aws_caller_identity.current",
            "module.prod.module.iam.data.aws_iam_policy_document.codebuild_service_role_basics"
          ]
        }
      ]
    },
    {
      "module": "module.prod.module.iam",
      "mode": "managed",
      "type": "aws_iam_policy",
      "name": "describe_task_definitions",
      "provider": "provider[\"registry.terraform.io/hashicorp/aws\"]",
      "instances": [
        {
          "schema_version": 0,
          "attributes": {
            "arn": "arn:aws:iam::235494798404:policy/prod-codebuild-describe-task-definitions",
            "attachment_count": 1,
            "description": "",
            "id": "arn:aws:iam::235494798404:policy/prod-codebuild-describe-task-definitions",
            "name": "prod-codebuild-describe-task-definitions",
            "name_prefix": "",
            "path": "/",
            "policy": "{\"Statement\":[{\"Action\":\"ecs:DescribeTaskDefinition\",\"Effect\":\"Allow\",\"Resource\":\"*\",\"Sid\":\"VisualEditor0\"}],\"Version\":\"2012-10-17\"}",
            "policy_id": "ANPATNVEVORCDYRQTNHLU",
            "tags": {},
            "tags_all": {}
          },
          "sensitive_attributes": [],
          "private": "bnVsbA=="
        }
      ]
    },
    {
      "module": "module.prod.module.iam",
      "mode": "managed",
      "type": "aws_iam_policy",
      "name": "ecs_exec",
      "provider": "provider[\"registry.terraform.io/hashicorp/aws\"]",
      "instances": [
        {
          "index_key": "app",
          "schema_version": 0,
          "attributes": {
            "arn": "arn:aws:iam::235494798404:policy/prod-app-ecs-exec",
            "attachment_count": 1,
            "description": "",
            "id": "arn:aws:iam::235494798404:policy/prod-app-ecs-exec",
            "name": "prod-app-ecs-exec",
            "name_prefix": "",
            "path": "/",
            "policy": "{\"Statement\":[{\"Action\":[\"ssmmessages:OpenDataChannel\",\"ssmmessages:OpenControlChannel\",\"ssmmessages:CreateDataChannel\",\"ssmmessages:CreateControlChannel\",\"ssm:StartSession\",\"ssm:DescribeSessions\",\"ecs:ExecuteCommand\"],\"Effect\":\"Allow\",\"Resource\":\"*\"}],\"Version\":\"2012-10-17\"}",
            "policy_id": "ANPATNVEVORCDMEPPDQ3H",
            "tags": {},
            "tags_all": {}
          },
          "sensitive_attributes": [],
          "private": "bnVsbA==",
          "dependencies": [
            "module.prod.module.iam.data.aws_iam_policy_document.ecs_exec"
          ]
        },
        {
          "index_key": "beat",
          "schema_version": 0,
          "attributes": {
            "arn": "arn:aws:iam::235494798404:policy/prod-beat-ecs-exec",
            "attachment_count": 1,
            "description": "",
            "id": "arn:aws:iam::235494798404:policy/prod-beat-ecs-exec",
            "name": "prod-beat-ecs-exec",
            "name_prefix": "",
            "path": "/",
            "policy": "{\"Statement\":[{\"Action\":[\"ssmmessages:OpenDataChannel\",\"ssmmessages:OpenControlChannel\",\"ssmmessages:CreateDataChannel\",\"ssmmessages:CreateControlChannel\",\"ssm:StartSession\",\"ssm:DescribeSessions\",\"ecs:ExecuteCommand\"],\"Effect\":\"Allow\",\"Resource\":\"*\"}],\"Version\":\"2012-10-17\"}",
            "policy_id": "ANPATNVEVORCJSI46LQ6P",
            "tags": {},
            "tags_all": {}
          },
          "sensitive_attributes": [],
          "private": "bnVsbA==",
          "dependencies": [
            "module.prod.module.iam.data.aws_iam_policy_document.ecs_exec"
          ]
        },
        {
          "index_key": "celery",
          "schema_version": 0,
          "attributes": {
            "arn": "arn:aws:iam::235494798404:policy/prod-celery-ecs-exec",
            "attachment_count": 1,
            "description": "",
            "id": "arn:aws:iam::235494798404:policy/prod-celery-ecs-exec",
            "name": "prod-celery-ecs-exec",
            "name_prefix": "",
            "path": "/",
            "policy": "{\"Statement\":[{\"Action\":[\"ssmmessages:OpenDataChannel\",\"ssmmessages:OpenControlChannel\",\"ssmmessages:CreateDataChannel\",\"ssmmessages:CreateControlChannel\",\"ssm:StartSession\",\"ssm:DescribeSessions\",\"ecs:ExecuteCommand\"],\"Effect\":\"Allow\",\"Resource\":\"*\"}],\"Version\":\"2012-10-17\"}",
            "policy_id": "ANPATNVEVORCFGPAJPFTV",
            "tags": {},
            "tags_all": {}
          },
          "sensitive_attributes": [],
          "private": "bnVsbA==",
          "dependencies": [
            "module.prod.module.iam.data.aws_iam_policy_document.ecs_exec"
          ]
        }
      ]
    },
    {
      "module": "module.prod.module.iam",
      "mode": "managed",
      "type": "aws_iam_policy",
      "name": "ecs_read_secrets",
      "provider": "provider[\"registry.terraform.io/hashicorp/aws\"]",
      "instances": [
        {
          "schema_version": 0,
          "attributes": {
            "arn": "arn:aws:iam::235494798404:policy/prod-ecs-read-secrets",
            "attachment_count": 3,
            "description": "",
            "id": "arn:aws:iam::235494798404:policy/prod-ecs-read-secrets",
            "name": "prod-ecs-read-secrets",
            "name_prefix": "",
            "path": "/",
            "policy": "{\"Statement\":[{\"Action\":\"secretsmanager:GetSecretValue\",\"Effect\":\"Allow\",\"Resource\":\"*\"}],\"Version\":\"2012-10-17\"}",
            "policy_id": "ANPATNVEVORCDUM6YCNKT",
            "tags": {},
            "tags_all": {}
          },
          "sensitive_attributes": [],
          "private": "bnVsbA==",
          "dependencies": [
            "module.prod.module.iam.data.aws_iam_policy_document.ecs_read_secrets"
          ]
        }
      ]
    },
    {
      "module": "module.prod.module.iam",
      "mode": "managed",
      "type": "aws_iam_policy",
      "name": "ecs_sqs",
      "provider": "provider[\"registry.terraform.io/hashicorp/aws\"]",
      "instances": [
        {
          "schema_version": 0,
          "attributes": {
            "arn": "arn:aws:iam::235494798404:policy/prod-ecs-sqs",
            "attachment_count": 3,
            "description": "",
            "id": "arn:aws:iam::235494798404:policy/prod-ecs-sqs",
            "name": "prod-ecs-sqs",
            "name_prefix": "",
            "path": "/",
            "policy": "{\"Statement\":[{\"Action\":[\"sqs:SendMessage\",\"sqs:ReceiveMessage\",\"sqs:GetQueueUrl\",\"sqs:GetQueueAttributes\",\"sqs:DeleteMessage\"],\"Effect\":\"Allow\",\"Resource\":\"*\"},{\"Action\":[\"sqs:ListQueues\",\"sqs:CreateQueue\"],\"Effect\":\"Allow\",\"Resource\":\"*\"}],\"Version\":\"2012-10-17\"}",
            "policy_id": "ANPATNVEVORCBTTOPLYD5",
            "tags": {},
            "tags_all": {}
          },
          "sensitive_attributes": [],
          "private": "bnVsbA==",
          "dependencies": [
            "module.prod.module.iam.data.aws_iam_policy_document.ecs_sqs"
          ]
        }
      ]
    },
    {
      "module": "module.prod.module.iam",
      "mode": "managed",
      "type": "aws_iam_policy",
      "name": "ecs_ssm_parameter",
      "provider": "provider[\"registry.terraform.io/hashicorp/aws\"]",
      "instances": [
        {
          "schema_version": 0,
          "attributes": {
            "arn": "arn:aws:iam::235494798404:policy/prod-ecs-ssm-parameter",
            "attachment_count": 3,
            "description": "",
            "id": "arn:aws:iam::235494798404:policy/prod-ecs-ssm-parameter",
            "name": "prod-ecs-ssm-parameter",
            "name_prefix": "",
            "path": "/",
            "policy": "{\"Statement\":[{\"Action\":[\"ssm:GetParameters\",\"ssm:GetParameter\",\"ssm:DescribeParameters\"],\"Effect\":\"Allow\",\"Resource\":\"*\"}],\"Version\":\"2012-10-17\"}",
            "policy_id": "ANPATNVEVORCHHBXXYOOM",
            "tags": {},
            "tags_all": {}
          },
          "sensitive_attributes": [],
          "private": "bnVsbA==",
          "dependencies": [
            "module.prod.module.iam.data.aws_iam_policy_document.ecs_ssm_parameter"
          ]
        }
      ]
    },
    {
      "module": "module.prod.module.iam",
      "mode": "managed",
      "type": "aws_iam_policy",
      "name": "ecs_task_logs",
      "provider": "provider[\"registry.terraform.io/hashicorp/aws\"]",
      "instances": [
        {
          "index_key": "app",
          "schema_version": 0,
          "attributes": {
            "arn": "arn:aws:iam::235494798404:policy/prod-app-ecs-logs",
            "attachment_count": 1,
            "description": "",
            "id": "arn:aws:iam::235494798404:policy/prod-app-ecs-logs",
            "name": "prod-app-ecs-logs",
            "name_prefix": "",
            "path": "/",
            "policy": "{\"Statement\":[{\"Action\":[\"logs:PutLogEvents\",\"logs:CreateLogStream\",\"logs:CreateLogGroup\"],\"Effect\":\"Allow\",\"Resource\":[\"arn:aws:logs:us-west-1:235494798404:log-group:/ecs/prod/debug:log-stream:*\",\"arn:aws:logs:us-west-1:235494798404:log-group:/ecs/prod/app:log-stream:*\"]}],\"Version\":\"2012-10-17\"}",
            "policy_id": "ANPATNVEVORCD7XV55G3Q",
            "tags": {},
            "tags_all": {}
          },
          "sensitive_attributes": [],
          "private": "bnVsbA==",
          "dependencies": [
            "module.prod.module.iam.data.aws_caller_identity.current",
            "module.prod.module.iam.data.aws_iam_policy_document.ecs_task_logs"
          ]
        },
        {
          "index_key": "beat",
          "schema_version": 0,
          "attributes": {
            "arn": "arn:aws:iam::235494798404:policy/prod-beat-ecs-logs",
            "attachment_count": 1,
            "description": "",
            "id": "arn:aws:iam::235494798404:policy/prod-beat-ecs-logs",
            "name": "prod-beat-ecs-logs",
            "name_prefix": "",
            "path": "/",
            "policy": "{\"Statement\":[{\"Action\":[\"logs:PutLogEvents\",\"logs:CreateLogStream\",\"logs:CreateLogGroup\"],\"Effect\":\"Allow\",\"Resource\":[\"arn:aws:logs:us-west-1:235494798404:log-group:/ecs/prod/debug:log-stream:*\",\"arn:aws:logs:us-west-1:235494798404:log-group:/ecs/prod/beat:log-stream:*\"]}],\"Version\":\"2012-10-17\"}",
            "policy_id": "ANPATNVEVORCBBAWIKU7W",
            "tags": {},
            "tags_all": {}
          },
          "sensitive_attributes": [],
          "private": "bnVsbA==",
          "dependencies": [
            "module.prod.module.iam.data.aws_caller_identity.current",
            "module.prod.module.iam.data.aws_iam_policy_document.ecs_task_logs"
          ]
        },
        {
          "index_key": "celery",
          "schema_version": 0,
          "attributes": {
            "arn": "arn:aws:iam::235494798404:policy/prod-celery-ecs-logs",
            "attachment_count": 1,
            "description": "",
            "id": "arn:aws:iam::235494798404:policy/prod-celery-ecs-logs",
            "name": "prod-celery-ecs-logs",
            "name_prefix": "",
            "path": "/",
            "policy": "{\"Statement\":[{\"Action\":[\"logs:PutLogEvents\",\"logs:CreateLogStream\",\"logs:CreateLogGroup\"],\"Effect\":\"Allow\",\"Resource\":[\"arn:aws:logs:us-west-1:235494798404:log-group:/ecs/prod/debug:log-stream:*\",\"arn:aws:logs:us-west-1:235494798404:log-group:/ecs/prod/celery:log-stream:*\"]}],\"Version\":\"2012-10-17\"}",
            "policy_id": "ANPATNVEVORCOJREJ6SCP",
            "tags": {},
            "tags_all": {}
          },
          "sensitive_attributes": [],
          "private": "bnVsbA==",
          "dependencies": [
            "module.prod.module.iam.data.aws_caller_identity.current",
            "module.prod.module.iam.data.aws_iam_policy_document.ecs_task_logs"
          ]
        }
      ]
    },
    {
      "module": "module.prod.module.iam",
      "mode": "managed",
      "type": "aws_iam_policy",
      "name": "ssm_read_policy",
      "provider": "provider[\"registry.terraform.io/hashicorp/aws\"]",
      "instances": [
        {
          "schema_version": 0,
          "attributes": {
            "arn": "arn:aws:iam::235494798404:policy/ecs-read-env",
            "attachment_count": 0,
            "description": "",
            "id": "arn:aws:iam::235494798404:policy/ecs-read-env",
            "name": "ecs-read-env",
            "name_prefix": "",
            "path": "/",
            "policy": "{\"Statement\":[{\"Action\":[\"ssm:GetParametersByPath\",\"ssm:GetParameters\",\"ssm:GetParameter\"],\"Effect\":\"Allow\",\"Resource\":\"arn:aws:ssm:us-west-1:235494798404:parameter/ecs/prod/*\"}],\"Version\":\"2012-10-17\"}",
            "policy_id": "ANPATNVEVORCA625AWRIV",
            "tags": {},
            "tags_all": {}
          },
          "sensitive_attributes": [],
          "private": "bnVsbA==",
          "dependencies": [
            "module.prod.module.iam.data.aws_caller_identity.current",
            "module.prod.module.iam.data.aws_iam_policy_document.ssm_read_policy_doc"
          ]
        }
      ]
    },
    {
      "module": "module.prod.module.iam",
      "mode": "managed",
      "type": "aws_iam_policy",
      "name": "vpc_network_interface_access",
      "provider": "provider[\"registry.terraform.io/hashicorp/aws\"]",
      "instances": [
        {
          "schema_version": 0,
          "attributes": {
            "arn": "arn:aws:iam::235494798404:policy/prod-codebuild-vpc_network_interface_access",
            "attachment_count": 1,
            "description": "Policy for VPC network interface access",
            "id": "arn:aws:iam::235494798404:policy/prod-codebuild-vpc_network_interface_access",
            "name": "prod-codebuild-vpc_network_interface_access",
            "name_prefix": "",
            "path": "/",
            "policy": "{\"Statement\":[{\"Action\":[\"ec2:CreateNetworkInterface\",\"ec2:DescribeDhcpOptions\",\"ec2:DescribeNetworkInterfaces\",\"ec2:DeleteNetworkInterface\",\"ec2:DescribeSubnets\",\"ec2:DescribeSecurityGroups\",\"ec2:DescribeVpcs\"],\"Effect\":\"Allow\",\"Resource\":\"*\"},{\"Action\":[\"ec2:CreateNetworkInterfacePermission\"],\"Effect\":\"Allow\",\"Resource\":\"arn:aws:ec2:*:235494798404:network-interface/*\"}],\"Version\":\"2012-10-17\"}",
            "policy_id": "ANPATNVEVORCENWBZLG4P",
            "tags": {},
            "tags_all": {}
          },
          "sensitive_attributes": [],
          "private": "bnVsbA==",
          "dependencies": [
            "module.prod.module.iam.data.aws_caller_identity.current"
          ]
        }
      ]
    },
    {
      "module": "module.prod.module.iam",
      "mode": "managed",
      "type": "aws_iam_role",
      "name": "codebuild_role",
      "provider": "provider[\"registry.terraform.io/hashicorp/aws\"]",
      "instances": [
        {
          "schema_version": 0,
          "attributes": {
            "arn": "arn:aws:iam::235494798404:role/prod-codebuild-role",
            "assume_role_policy": "{\"Statement\":[{\"Action\":\"sts:AssumeRole\",\"Effect\":\"Allow\",\"Principal\":{\"Service\":\"codebuild.amazonaws.com\"}}],\"Version\":\"2012-10-17\"}",
            "create_date": "2025-04-05T10:52:03Z",
            "description": "",
            "force_detach_policies": false,
            "id": "prod-codebuild-role",
            "inline_policy": [],
            "managed_policy_arns": [
              "arn:aws:iam::235494798404:policy/prod-codebuild-code-connection-access",
              "arn:aws:iam::235494798404:policy/prod-codebuild-describe-task-definitions",
              "arn:aws:iam::235494798404:policy/prod-codebuild-service-role-basics",
              "arn:aws:iam::235494798404:policy/prod-codebuild-vpc_network_interface_access",
              "arn:aws:iam::aws:policy/EC2InstanceProfileForImageBuilderECRContainerBuilds"
            ],
            "max_session_duration": 3600,
            "name": "prod-codebuild-role",
            "name_prefix": "",
            "path": "/",
            "permissions_boundary": "",
            "tags": {},
            "tags_all": {},
            "unique_id": "AROATNVEVORCGOCK4XNNX"
          },
          "sensitive_attributes": [],
          "private": "bnVsbA=="
        }
      ]
    },
    {
      "module": "module.prod.module.iam",
      "mode": "managed",
      "type": "aws_iam_role",
      "name": "ecs_task_execution",
      "provider": "provider[\"registry.terraform.io/hashicorp/aws\"]",
      "instances": [
        {
          "index_key": "app",
          "schema_version": 0,
          "attributes": {
            "arn": "arn:aws:iam::235494798404:role/prod-app-ecs-task-execution",
            "assume_role_policy": "{\"Statement\":[{\"Action\":\"sts:AssumeRole\",\"Effect\":\"Allow\",\"Principal\":{\"Service\":\"ecs-tasks.amazonaws.com\"}}],\"Version\":\"2012-10-17\"}",
            "create_date": "2025-04-05T10:59:20Z",
            "description": "",
            "force_detach_policies": false,
            "id": "prod-app-ecs-task-execution",
            "inline_policy": [],
            "managed_policy_arns": [
              "arn:aws:iam::235494798404:policy/prod-app-ecs-exec",
              "arn:aws:iam::235494798404:policy/prod-app-ecs-logs",
              "arn:aws:iam::235494798404:policy/prod-ecs-read-secrets",
              "arn:aws:iam::235494798404:policy/prod-ecs-sqs",
              "arn:aws:iam::235494798404:policy/prod-ecs-ssm-parameter",
              "arn:aws:iam::aws:policy/AmazonEC2ContainerRegistryFullAccess",
              "arn:aws:iam::aws:policy/service-role/AmazonECSTaskExecutionRolePolicy"
            ],
            "max_session_duration": 3600,
            "name": "prod-app-ecs-task-execution",
            "name_prefix": "",
            "path": "/",
            "permissions_boundary": "",
            "tags": {},
            "tags_all": {},
            "unique_id": "AROATNVEVORCEGJJDHSFV"
          },
          "sensitive_attributes": [],
          "private": "bnVsbA=="
        },
        {
          "index_key": "beat",
          "schema_version": 0,
          "attributes": {
            "arn": "arn:aws:iam::235494798404:role/prod-beat-ecs-task-execution",
            "assume_role_policy": "{\"Statement\":[{\"Action\":\"sts:AssumeRole\",\"Effect\":\"Allow\",\"Principal\":{\"Service\":\"ecs-tasks.amazonaws.com\"}}],\"Version\":\"2012-10-17\"}",
            "create_date": "2025-04-05T10:59:20Z",
            "description": "",
            "force_detach_policies": false,
            "id": "prod-beat-ecs-task-execution",
            "inline_policy": [],
            "managed_policy_arns": [
              "arn:aws:iam::235494798404:policy/prod-beat-ecs-exec",
              "arn:aws:iam::235494798404:policy/prod-beat-ecs-logs",
              "arn:aws:iam::235494798404:policy/prod-ecs-read-secrets",
              "arn:aws:iam::235494798404:policy/prod-ecs-sqs",
              "arn:aws:iam::235494798404:policy/prod-ecs-ssm-parameter",
              "arn:aws:iam::aws:policy/AmazonEC2ContainerRegistryFullAccess",
              "arn:aws:iam::aws:policy/service-role/AmazonECSTaskExecutionRolePolicy"
            ],
            "max_session_duration": 3600,
            "name": "prod-beat-ecs-task-execution",
            "name_prefix": "",
            "path": "/",
            "permissions_boundary": "",
            "tags": {},
            "tags_all": {},
            "unique_id": "AROATNVEVORCA7BT3XJBS"
          },
          "sensitive_attributes": [],
          "private": "bnVsbA=="
        },
        {
          "index_key": "celery",
          "schema_version": 0,
          "attributes": {
            "arn": "arn:aws:iam::235494798404:role/prod-celery-ecs-task-execution",
            "assume_role_policy": "{\"Statement\":[{\"Action\":\"sts:AssumeRole\",\"Effect\":\"Allow\",\"Principal\":{\"Service\":\"ecs-tasks.amazonaws.com\"}}],\"Version\":\"2012-10-17\"}",
            "create_date": "2025-04-05T10:59:20Z",
            "description": "",
            "force_detach_policies": false,
            "id": "prod-celery-ecs-task-execution",
            "inline_policy": [],
            "managed_policy_arns": [
              "arn:aws:iam::235494798404:policy/prod-celery-ecs-exec",
              "arn:aws:iam::235494798404:policy/prod-celery-ecs-logs",
              "arn:aws:iam::235494798404:policy/prod-ecs-read-secrets",
              "arn:aws:iam::235494798404:policy/prod-ecs-sqs",
              "arn:aws:iam::235494798404:policy/prod-ecs-ssm-parameter",
              "arn:aws:iam::aws:policy/AmazonEC2ContainerRegistryFullAccess",
              "arn:aws:iam::aws:policy/service-role/AmazonECSTaskExecutionRolePolicy"
            ],
            "max_session_duration": 3600,
            "name": "prod-celery-ecs-task-execution",
            "name_prefix": "",
            "path": "/",
            "permissions_boundary": "",
            "tags": {},
            "tags_all": {},
            "unique_id": "AROATNVEVORCMAXXFPRGK"
          },
          "sensitive_attributes": [],
          "private": "bnVsbA=="
        }
      ]
    },
    {
      "module": "module.prod.module.iam",
      "mode": "managed",
      "type": "aws_iam_role_policy_attachment",
      "name": "attach_codebuild_service_role_basics",
      "provider": "provider[\"registry.terraform.io/hashicorp/aws\"]",
      "instances": [
        {
          "schema_version": 0,
          "attributes": {
            "id": "prod-codebuild-role-20250405105204064600000001",
            "policy_arn": "arn:aws:iam::235494798404:policy/prod-codebuild-service-role-basics",
            "role": "prod-codebuild-role"
          },
          "sensitive_attributes": [],
          "private": "bnVsbA==",
          "dependencies": [
            "module.prod.module.iam.aws_iam_policy.codebuild_service_role_basics",
            "module.prod.module.iam.aws_iam_role.codebuild_role",
            "module.prod.module.iam.data.aws_caller_identity.current",
            "module.prod.module.iam.data.aws_iam_policy_document.codebuild_service_role_basics"
          ]
        }
      ]
    },
    {
      "module": "module.prod.module.iam",
      "mode": "managed",
      "type": "aws_iam_role_policy_attachment",
      "name": "attach_describe_task_definitions",
      "provider": "provider[\"registry.terraform.io/hashicorp/aws\"]",
      "instances": [
        {
          "schema_version": 0,
          "attributes": {
            "id": "prod-codebuild-role-20250405105204075800000002",
            "policy_arn": "arn:aws:iam::235494798404:policy/prod-codebuild-describe-task-definitions",
            "role": "prod-codebuild-role"
          },
          "sensitive_attributes": [],
          "private": "bnVsbA==",
          "dependencies": [
            "module.prod.module.iam.aws_iam_policy.describe_task_definitions",
            "module.prod.module.iam.aws_iam_role.codebuild_role"
          ]
        }
      ]
    },
    {
      "module": "module.prod.module.iam",
      "mode": "managed",
      "type": "aws_iam_role_policy_attachment",
      "name": "attach_vpc_network_interface_access",
      "provider": "provider[\"registry.terraform.io/hashicorp/aws\"]",
      "instances": [
        {
          "schema_version": 0,
          "attributes": {
            "id": "prod-codebuild-role-20250405105204075800000003",
            "policy_arn": "arn:aws:iam::235494798404:policy/prod-codebuild-vpc_network_interface_access",
            "role": "prod-codebuild-role"
          },
          "sensitive_attributes": [],
          "private": "bnVsbA==",
          "dependencies": [
            "module.prod.module.iam.aws_iam_policy.vpc_network_interface_access",
            "module.prod.module.iam.aws_iam_role.codebuild_role",
            "module.prod.module.iam.data.aws_caller_identity.current"
          ]
        }
      ]
    },
    {
      "module": "module.prod.module.iam",
      "mode": "managed",
      "type": "aws_iam_role_policy_attachment",
      "name": "codebuild_basic",
      "provider": "provider[\"registry.terraform.io/hashicorp/aws\"]",
      "instances": [
        {
          "schema_version": 0,
          "attributes": {
            "id": "prod-codebuild-role-20250405105204082300000004",
            "policy_arn": "arn:aws:iam::aws:policy/EC2InstanceProfileForImageBuilderECRContainerBuilds",
            "role": "prod-codebuild-role"
          },
          "sensitive_attributes": [],
          "private": "bnVsbA==",
          "dependencies": [
            "module.prod.module.iam.aws_iam_role.codebuild_role"
          ]
        }
      ]
    },
    {
      "module": "module.prod.module.iam",
      "mode": "managed",
      "type": "aws_iam_role_policy_attachment",
      "name": "codebuild_code_connection_access",
      "provider": "provider[\"registry.terraform.io/hashicorp/aws\"]",
      "instances": [
        {
          "schema_version": 0,
          "attributes": {
            "id": "prod-codebuild-role-20250405105204611000000005",
            "policy_arn": "arn:aws:iam::235494798404:policy/prod-codebuild-code-connection-access",
            "role": "prod-codebuild-role"
          },
          "sensitive_attributes": [],
          "private": "bnVsbA==",
          "dependencies": [
            "module.prod.module.codebuild.aws_codestarconnections_connection.github",
            "module.prod.module.iam.aws_iam_policy.codebuild_code_connection_access",
            "module.prod.module.iam.aws_iam_role.codebuild_role",
            "module.prod.module.iam.data.aws_iam_policy_document.codebuild_code_connection_access"
          ]
        }
      ]
    },
    {
      "module": "module.prod.module.iam",
      "mode": "managed",
      "type": "aws_iam_role_policy_attachment",
      "name": "ecs_ecr_full_access",
      "provider": "provider[\"registry.terraform.io/hashicorp/aws\"]",
      "instances": [
        {
          "index_key": "app",
          "schema_version": 0,
          "attributes": {
            "id": "prod-app-ecs-task-execution-2025040510592149570000000d",
            "policy_arn": "arn:aws:iam::aws:policy/AmazonEC2ContainerRegistryFullAccess",
            "role": "prod-app-ecs-task-execution"
          },
          "sensitive_attributes": [],
          "private": "bnVsbA==",
          "dependencies": [
            "module.prod.module.iam.aws_iam_role.ecs_task_execution"
          ]
        },
        {
          "index_key": "beat",
          "schema_version": 0,
          "attributes": {
            "id": "prod-beat-ecs-task-execution-20250405105922140100000015",
            "policy_arn": "arn:aws:iam::aws:policy/AmazonEC2ContainerRegistryFullAccess",
            "role": "prod-beat-ecs-task-execution"
          },
          "sensitive_attributes": [],
          "private": "bnVsbA==",
          "dependencies": [
            "module.prod.module.iam.aws_iam_role.ecs_task_execution"
          ]
        },
        {
          "index_key": "celery",
          "schema_version": 0,
          "attributes": {
            "id": "prod-celery-ecs-task-execution-20250405105921816900000011",
            "policy_arn": "arn:aws:iam::aws:policy/AmazonEC2ContainerRegistryFullAccess",
            "role": "prod-celery-ecs-task-execution"
          },
          "sensitive_attributes": [],
          "private": "bnVsbA==",
          "dependencies": [
            "module.prod.module.iam.aws_iam_role.ecs_task_execution"
          ]
        }
      ]
    },
    {
      "module": "module.prod.module.iam",
      "mode": "managed",
      "type": "aws_iam_role_policy_attachment",
      "name": "ecs_exec",
      "provider": "provider[\"registry.terraform.io/hashicorp/aws\"]",
      "instances": [
        {
          "index_key": "app",
          "schema_version": 0,
          "attributes": {
            "id": "prod-app-ecs-task-execution-2025040510592164810000000e",
            "policy_arn": "arn:aws:iam::235494798404:policy/prod-app-ecs-exec",
            "role": "prod-app-ecs-task-execution"
          },
          "sensitive_attributes": [],
          "private": "bnVsbA==",
          "dependencies": [
            "module.prod.module.iam.aws_iam_policy.ecs_exec",
            "module.prod.module.iam.aws_iam_role.ecs_task_execution",
            "module.prod.module.iam.data.aws_iam_policy_document.ecs_exec"
          ]
        },
        {
          "index_key": "beat",
          "schema_version": 0,
          "attributes": {
            "id": "prod-beat-ecs-task-execution-20250405105920994100000008",
            "policy_arn": "arn:aws:iam::235494798404:policy/prod-beat-ecs-exec",
            "role": "prod-beat-ecs-task-execution"
          },
          "sensitive_attributes": [],
          "private": "bnVsbA==",
          "dependencies": [
            "module.prod.module.iam.aws_iam_policy.ecs_exec",
            "module.prod.module.iam.aws_iam_role.ecs_task_execution",
            "module.prod.module.iam.data.aws_iam_policy_document.ecs_exec"
          ]
        },
        {
          "index_key": "celery",
          "schema_version": 0,
          "attributes": {
            "id": "prod-celery-ecs-task-execution-20250405105920974300000006",
            "policy_arn": "arn:aws:iam::235494798404:policy/prod-celery-ecs-exec",
            "role": "prod-celery-ecs-task-execution"
          },
          "sensitive_attributes": [],
          "private": "bnVsbA==",
          "dependencies": [
            "module.prod.module.iam.aws_iam_policy.ecs_exec",
            "module.prod.module.iam.aws_iam_role.ecs_task_execution",
            "module.prod.module.iam.data.aws_iam_policy_document.ecs_exec"
          ]
        }
      ]
    },
    {
      "module": "module.prod.module.iam",
      "mode": "managed",
      "type": "aws_iam_role_policy_attachment",
      "name": "ecs_read_secrets",
      "provider": "provider[\"registry.terraform.io/hashicorp/aws\"]",
      "instances": [
        {
          "index_key": "app",
          "schema_version": 0,
          "attributes": {
            "id": "prod-app-ecs-task-execution-20250405105921790900000010",
            "policy_arn": "arn:aws:iam::235494798404:policy/prod-ecs-read-secrets",
            "role": "prod-app-ecs-task-execution"
          },
          "sensitive_attributes": [],
          "private": "bnVsbA==",
          "dependencies": [
            "module.prod.module.iam.aws_iam_policy.ecs_read_secrets",
            "module.prod.module.iam.aws_iam_role.ecs_task_execution",
            "module.prod.module.iam.data.aws_iam_policy_document.ecs_read_secrets"
          ]
        },
        {
          "index_key": "beat",
          "schema_version": 0,
          "attributes": {
            "id": "prod-beat-ecs-task-execution-20250405105921117300000009",
            "policy_arn": "arn:aws:iam::235494798404:policy/prod-ecs-read-secrets",
            "role": "prod-beat-ecs-task-execution"
          },
          "sensitive_attributes": [],
          "private": "bnVsbA==",
          "dependencies": [
            "module.prod.module.iam.aws_iam_policy.ecs_read_secrets",
            "module.prod.module.iam.aws_iam_role.ecs_task_execution",
            "module.prod.module.iam.data.aws_iam_policy_document.ecs_read_secrets"
          ]
        },
        {
          "index_key": "celery",
          "schema_version": 0,
          "attributes": {
            "id": "prod-celery-ecs-task-execution-20250405105921989100000012",
            "policy_arn": "arn:aws:iam::235494798404:policy/prod-ecs-read-secrets",
            "role": "prod-celery-ecs-task-execution"
          },
          "sensitive_attributes": [],
          "private": "bnVsbA==",
          "dependencies": [
            "module.prod.module.iam.aws_iam_policy.ecs_read_secrets",
            "module.prod.module.iam.aws_iam_role.ecs_task_execution",
            "module.prod.module.iam.data.aws_iam_policy_document.ecs_read_secrets"
          ]
        }
      ]
    },
    {
      "module": "module.prod.module.iam",
      "mode": "managed",
      "type": "aws_iam_role_policy_attachment",
      "name": "ecs_sqs",
      "provider": "provider[\"registry.terraform.io/hashicorp/aws\"]",
      "instances": [
        {
          "index_key": "app",
          "schema_version": 0,
          "attributes": {
            "id": "prod-app-ecs-task-execution-2025040510592133730000000b",
            "policy_arn": "arn:aws:iam::235494798404:policy/prod-ecs-sqs",
            "role": "prod-app-ecs-task-execution"
          },
          "sensitive_attributes": [],
          "private": "bnVsbA==",
          "dependencies": [
            "module.prod.module.iam.aws_iam_policy.ecs_sqs",
            "module.prod.module.iam.aws_iam_role.ecs_task_execution",
            "module.prod.module.iam.data.aws_iam_policy_document.ecs_sqs"
          ]
        },
        {
          "index_key": "beat",
          "schema_version": 0,
          "attributes": {
            "id": "prod-beat-ecs-task-execution-2025040510592165410000000f",
            "policy_arn": "arn:aws:iam::235494798404:policy/prod-ecs-sqs",
            "role": "prod-beat-ecs-task-execution"
          },
          "sensitive_attributes": [],
          "private": "bnVsbA==",
          "dependencies": [
            "module.prod.module.iam.aws_iam_policy.ecs_sqs",
            "module.prod.module.iam.aws_iam_role.ecs_task_execution",
            "module.prod.module.iam.data.aws_iam_policy_document.ecs_sqs"
          ]
        },
        {
          "index_key": "celery",
          "schema_version": 0,
          "attributes": {
            "id": "prod-celery-ecs-task-execution-20250405105921991200000013",
            "policy_arn": "arn:aws:iam::235494798404:policy/prod-ecs-sqs",
            "role": "prod-celery-ecs-task-execution"
          },
          "sensitive_attributes": [],
          "private": "bnVsbA==",
          "dependencies": [
            "module.prod.module.iam.aws_iam_policy.ecs_sqs",
            "module.prod.module.iam.aws_iam_role.ecs_task_execution",
            "module.prod.module.iam.data.aws_iam_policy_document.ecs_sqs"
          ]
        }
      ]
    },
    {
      "module": "module.prod.module.iam",
      "mode": "managed",
      "type": "aws_iam_role_policy_attachment",
      "name": "ecs_ssm_parameter",
      "provider": "provider[\"registry.terraform.io/hashicorp/aws\"]",
      "instances": [
        {
          "index_key": "app",
          "schema_version": 0,
          "attributes": {
            "id": "prod-app-ecs-task-execution-20250405105922339400000016",
            "policy_arn": "arn:aws:iam::235494798404:policy/prod-ecs-ssm-parameter",
            "role": "prod-app-ecs-task-execution"
          },
          "sensitive_attributes": [],
          "private": "bnVsbA==",
          "dependencies": [
            "module.prod.module.iam.aws_iam_policy.ecs_ssm_parameter",
            "module.prod.module.iam.aws_iam_role.ecs_task_execution",
            "module.prod.module.iam.data.aws_iam_policy_document.ecs_ssm_parameter"
          ]
        },
        {
          "index_key": "beat",
          "schema_version": 0,
          "attributes": {
            "id": "prod-beat-ecs-task-execution-20250405105920991500000007",
            "policy_arn": "arn:aws:iam::235494798404:policy/prod-ecs-ssm-parameter",
            "role": "prod-beat-ecs-task-execution"
          },
          "sensitive_attributes": [],
          "private": "bnVsbA==",
          "dependencies": [
            "module.prod.module.iam.aws_iam_policy.ecs_ssm_parameter",
            "module.prod.module.iam.aws_iam_role.ecs_task_execution",
            "module.prod.module.iam.data.aws_iam_policy_document.ecs_ssm_parameter"
          ]
        },
        {
          "index_key": "celery",
          "schema_version": 0,
          "attributes": {
            "id": "prod-celery-ecs-task-execution-20250405105922339400000017",
            "policy_arn": "arn:aws:iam::235494798404:policy/prod-ecs-ssm-parameter",
            "role": "prod-celery-ecs-task-execution"
          },
          "sensitive_attributes": [],
          "private": "bnVsbA==",
          "dependencies": [
            "module.prod.module.iam.aws_iam_policy.ecs_ssm_parameter",
            "module.prod.module.iam.aws_iam_role.ecs_task_execution",
            "module.prod.module.iam.data.aws_iam_policy_document.ecs_ssm_parameter"
          ]
        }
      ]
    },
    {
      "module": "module.prod.module.iam",
      "mode": "managed",
      "type": "aws_iam_role_policy_attachment",
      "name": "ecs_task_execution",
      "provider": "provider[\"registry.terraform.io/hashicorp/aws\"]",
      "instances": [
        {
          "index_key": "app",
          "schema_version": 0,
          "attributes": {
            "id": "prod-app-ecs-task-execution-2025040510592267070000001a",
            "policy_arn": "arn:aws:iam::aws:policy/service-role/AmazonECSTaskExecutionRolePolicy",
            "role": "prod-app-ecs-task-execution"
          },
          "sensitive_attributes": [],
          "private": "bnVsbA==",
          "dependencies": [
            "module.prod.module.iam.aws_iam_role.ecs_task_execution"
          ]
        },
        {
          "index_key": "beat",
          "schema_version": 0,
          "attributes": {
            "id": "prod-beat-ecs-task-execution-20250405105922479600000018",
            "policy_arn": "arn:aws:iam::aws:policy/service-role/AmazonECSTaskExecutionRolePolicy",
            "role": "prod-beat-ecs-task-execution"
          },
          "sensitive_attributes": [],
          "private": "bnVsbA==",
          "dependencies": [
            "module.prod.module.iam.aws_iam_role.ecs_task_execution"
          ]
        },
        {
          "index_key": "celery",
          "schema_version": 0,
          "attributes": {
            "id": "prod-celery-ecs-task-execution-20250405105922509200000019",
            "policy_arn": "arn:aws:iam::aws:policy/service-role/AmazonECSTaskExecutionRolePolicy",
            "role": "prod-celery-ecs-task-execution"
          },
          "sensitive_attributes": [],
          "private": "bnVsbA==",
          "dependencies": [
            "module.prod.module.iam.aws_iam_role.ecs_task_execution"
          ]
        }
      ]
    },
    {
      "module": "module.prod.module.iam",
      "mode": "managed",
      "type": "aws_iam_role_policy_attachment",
      "name": "ecs_task_logs",
      "provider": "provider[\"registry.terraform.io/hashicorp/aws\"]",
      "instances": [
        {
          "index_key": "app",
          "schema_version": 0,
          "attributes": {
            "id": "prod-app-ecs-task-execution-2025040510592131820000000a",
            "policy_arn": "arn:aws:iam::235494798404:policy/prod-app-ecs-logs",
            "role": "prod-app-ecs-task-execution"
          },
          "sensitive_attributes": [],
          "private": "bnVsbA==",
          "dependencies": [
            "module.prod.module.iam.aws_iam_policy.ecs_task_logs",
            "module.prod.module.iam.aws_iam_role.ecs_task_execution",
            "module.prod.module.iam.data.aws_caller_identity.current",
            "module.prod.module.iam.data.aws_iam_policy_document.ecs_task_logs"
          ]
        },
        {
          "index_key": "beat",
          "schema_version": 0,
          "attributes": {
            "id": "prod-beat-ecs-task-execution-2025040510592148920000000c",
            "policy_arn": "arn:aws:iam::235494798404:policy/prod-beat-ecs-logs",
            "role": "prod-beat-ecs-task-execution"
          },
          "sensitive_attributes": [],
          "private": "bnVsbA==",
          "dependencies": [
            "module.prod.module.iam.aws_iam_policy.ecs_task_logs",
            "module.prod.module.iam.aws_iam_role.ecs_task_execution",
            "module.prod.module.iam.data.aws_caller_identity.current",
            "module.prod.module.iam.data.aws_iam_policy_document.ecs_task_logs"
          ]
        },
        {
          "index_key": "celery",
          "schema_version": 0,
          "attributes": {
            "id": "prod-celery-ecs-task-execution-20250405105922134900000014",
            "policy_arn": "arn:aws:iam::235494798404:policy/prod-celery-ecs-logs",
            "role": "prod-celery-ecs-task-execution"
          },
          "sensitive_attributes": [],
          "private": "bnVsbA==",
          "dependencies": [
            "module.prod.module.iam.aws_iam_policy.ecs_task_logs",
            "module.prod.module.iam.aws_iam_role.ecs_task_execution",
            "module.prod.module.iam.data.aws_caller_identity.current",
            "module.prod.module.iam.data.aws_iam_policy_document.ecs_task_logs"
          ]
        }
      ]
    },
    {
      "module": "module.prod.module.latency_routing",
      "mode": "managed",
      "type": "aws_route53_record",
      "name": "alb_regional_routing",
      "provider": "provider[\"registry.terraform.io/hashicorp/aws\"]",
      "instances": [
        {
          "index_key": "us-west-1",
          "schema_version": 2,
          "attributes": {
            "alias": [
              {
                "evaluate_target_health": true,
                "name": "prod-alb-78963522.us-west-1.elb.amazonaws.com",
                "zone_id": "Z368ELLRRE2KJ0"
              }
            ],
            "allow_overwrite": null,
            "cidr_routing_policy": [],
            "failover_routing_policy": [],
            "fqdn": "prod.buul-load-balancer.link",
            "geolocation_routing_policy": [],
            "geoproximity_routing_policy": [],
            "health_check_id": "",
            "id": "Z01678491NROLB7NYO1DR_prod.buul-load-balancer.link_A_prod-us-west-1-alb",
            "latency_routing_policy": [
              {
                "region": "us-west-1"
              }
            ],
            "multivalue_answer_routing_policy": false,
            "name": "prod.buul-load-balancer.link",
            "records": null,
            "set_identifier": "prod-us-west-1-alb",
            "timeouts": null,
            "ttl": 0,
            "type": "A",
            "weighted_routing_policy": [],
            "zone_id": "Z01678491NROLB7NYO1DR"
          },
          "sensitive_attributes": [],
          "private": "eyJlMmJmYjczMC1lY2FhLTExZTYtOGY4OC0zNDM2M2JjN2M0YzAiOnsiY3JlYXRlIjoxODAwMDAwMDAwMDAwLCJkZWxldGUiOjE4MDAwMDAwMDAwMDAsInVwZGF0ZSI6MTgwMDAwMDAwMDAwMH0sInNjaGVtYV92ZXJzaW9uIjoiMiJ9",
          "dependencies": [
            "module.domain_records.data.aws_route53_zone.hosted_zone",
            "module.prod.module.region_us_west_1.data.aws_availability_zones.available",
            "module.prod.module.region_us_west_1.module.ecs.aws_lb.app",
            "module.prod.module.region_us_west_1.module.vpc.aws_internet_gateway.igw",
            "module.prod.module.region_us_west_1.module.vpc.aws_route_table.private",
            "module.prod.module.region_us_west_1.module.vpc.aws_route_table.public",
            "module.prod.module.region_us_west_1.module.vpc.aws_security_group.alb",
            "module.prod.module.region_us_west_1.module.vpc.aws_vpc.vpc",
            "module.prod.module.region_us_west_1.module.vpc.module.subnets_by_az.aws_route_table_association.rt-private-data",
            "module.prod.module.region_us_west_1.module.vpc.module.subnets_by_az.aws_route_table_association.rt-public-alb",
            "module.prod.module.region_us_west_1.module.vpc.module.subnets_by_az.aws_route_table_association.rt-public-app",
            "module.prod.module.region_us_west_1.module.vpc.module.subnets_by_az.aws_subnet.alb",
            "module.prod.module.region_us_west_1.module.vpc.module.subnets_by_az.aws_subnet.app",
            "module.prod.module.region_us_west_1.module.vpc.module.subnets_by_az.aws_subnet.data",
            "module.prod.module.region_us_west_2.data.aws_availability_zones.available",
            "module.prod.module.region_us_west_2.module.ecs.aws_lb.app",
            "module.prod.module.region_us_west_2.module.vpc.aws_internet_gateway.igw",
            "module.prod.module.region_us_west_2.module.vpc.aws_route_table.private",
            "module.prod.module.region_us_west_2.module.vpc.aws_route_table.public",
            "module.prod.module.region_us_west_2.module.vpc.aws_security_group.alb",
            "module.prod.module.region_us_west_2.module.vpc.aws_vpc.vpc",
            "module.prod.module.region_us_west_2.module.vpc.module.subnets_by_az.aws_route_table_association.rt-private-data",
            "module.prod.module.region_us_west_2.module.vpc.module.subnets_by_az.aws_route_table_association.rt-public-alb",
            "module.prod.module.region_us_west_2.module.vpc.module.subnets_by_az.aws_route_table_association.rt-public-app",
            "module.prod.module.region_us_west_2.module.vpc.module.subnets_by_az.aws_subnet.alb",
            "module.prod.module.region_us_west_2.module.vpc.module.subnets_by_az.aws_subnet.app",
            "module.prod.module.region_us_west_2.module.vpc.module.subnets_by_az.aws_subnet.data"
          ]
        }
      ]
    },
    {
      "module": "module.prod.module.region_us_west_1[0]",
      "mode": "data",
      "type": "aws_availability_zones",
      "name": "available",
      "provider": "provider[\"registry.terraform.io/hashicorp/aws\"].us_west_1",
      "instances": [
        {
          "schema_version": 0,
          "attributes": {
            "all_availability_zones": null,
            "exclude_names": null,
            "exclude_zone_ids": null,
            "filter": null,
            "group_names": [
              "us-west-1-zg-1"
            ],
            "id": "us-west-1",
            "names": [
              "us-west-1a",
              "us-west-1c"
            ],
            "state": "available",
            "timeouts": null,
            "zone_ids": [
              "usw1-az1",
              "usw1-az3"
            ]
          },
          "sensitive_attributes": []
        }
      ]
    },
    {
      "module": "module.prod.module.region_us_west_1[0]",
      "mode": "data",
      "type": "aws_region",
      "name": "region",
      "provider": "provider[\"registry.terraform.io/hashicorp/aws\"].us_west_1",
      "instances": [
        {
          "schema_version": 0,
          "attributes": {
            "description": "US West (N. California)",
            "endpoint": "ec2.us-west-1.amazonaws.com",
            "id": "us-west-1",
            "name": "us-west-1"
          },
          "sensitive_attributes": []
        }
      ]
    },
    {
      "module": "module.prod.module.region_us_west_1[0].module.acm_cert",
      "mode": "managed",
      "type": "aws_acm_certificate",
      "name": "alb",
      "provider": "provider[\"registry.terraform.io/hashicorp/aws\"].us_west_1",
      "instances": [
        {
          "schema_version": 0,
          "attributes": {
            "arn": "arn:aws:acm:us-west-1:235494798404:certificate/e95bae0b-48e9-4405-9827-fa51c3d28e76",
            "certificate_authority_arn": "",
            "certificate_body": null,
            "certificate_chain": null,
            "domain_name": "buul-load-balancer.link",
            "domain_validation_options": [
              {
                "domain_name": "*.buul-load-balancer.link",
                "resource_record_name": "_835f443759efb0a877c3a08e7f5538ad.buul-load-balancer.link.",
                "resource_record_type": "CNAME",
                "resource_record_value": "_f2933d0019d1eae2a61592b7d373c3c3.xlfgrmvvlj.acm-validations.aws."
              },
              {
                "domain_name": "buul-load-balancer.link",
                "resource_record_name": "_835f443759efb0a877c3a08e7f5538ad.buul-load-balancer.link.",
                "resource_record_type": "CNAME",
                "resource_record_value": "_f2933d0019d1eae2a61592b7d373c3c3.xlfgrmvvlj.acm-validations.aws."
              }
            ],
            "early_renewal_duration": "",
            "id": "arn:aws:acm:us-west-1:235494798404:certificate/e95bae0b-48e9-4405-9827-fa51c3d28e76",
            "key_algorithm": "RSA_2048",
            "not_after": "2026-05-04T23:59:59Z",
            "not_before": "2025-04-05T00:00:00Z",
            "options": [
              {
                "certificate_transparency_logging_preference": "ENABLED"
              }
            ],
            "pending_renewal": false,
            "private_key": null,
            "renewal_eligibility": "INELIGIBLE",
            "renewal_summary": [],
            "status": "ISSUED",
            "subject_alternative_names": [
              "*.buul-load-balancer.link",
              "buul-load-balancer.link"
            ],
            "tags": {
              "force_recreate": "yes"
            },
            "tags_all": {
              "force_recreate": "yes"
            },
            "type": "AMAZON_ISSUED",
            "validation_emails": [],
            "validation_method": "DNS",
            "validation_option": []
          },
          "sensitive_attributes": [
            [
              {
                "type": "get_attr",
                "value": "private_key"
              }
            ]
          ],
          "private": "bnVsbA==",
          "create_before_destroy": true
        }
      ]
    },
    {
      "module": "module.prod.module.region_us_west_1[0].module.acm_cert",
      "mode": "managed",
      "type": "aws_acm_certificate_validation",
      "name": "alb",
      "provider": "provider[\"registry.terraform.io/hashicorp/aws\"].us_west_1",
      "instances": [
        {
          "schema_version": 0,
          "attributes": {
            "certificate_arn": "arn:aws:acm:us-west-1:235494798404:certificate/e95bae0b-48e9-4405-9827-fa51c3d28e76",
            "id": "2025-04-05 19:02:01.57 +0000 UTC",
            "timeouts": null,
            "validation_record_fqdns": [
              "_835f443759efb0a877c3a08e7f5538ad.buul-load-balancer.link"
            ]
          },
          "sensitive_attributes": [],
          "private": "eyJlMmJmYjczMC1lY2FhLTExZTYtOGY4OC0zNDM2M2JjN2M0YzAiOnsiY3JlYXRlIjo0NTAwMDAwMDAwMDAwfX0=",
          "dependencies": [
            "module.domain_records.aws_route53_record.alb_cert_validation",
            "module.domain_records.data.aws_route53_zone.hosted_zone",
            "module.prod.module.region_us_west_1.module.acm_cert.aws_acm_certificate.alb"
          ]
        }
      ]
    },
    {
      "module": "module.prod.module.region_us_west_1[0].module.cache",
      "mode": "data",
      "type": "aws_availability_zones",
      "name": "available",
      "provider": "provider[\"registry.terraform.io/hashicorp/aws\"].us_west_1",
      "instances": [
        {
          "schema_version": 0,
          "attributes": {
            "all_availability_zones": null,
            "exclude_names": null,
            "exclude_zone_ids": null,
            "filter": null,
            "group_names": [
              "us-west-1-zg-1"
            ],
            "id": "us-west-1",
            "names": [
              "us-west-1a",
              "us-west-1c"
            ],
            "state": "available",
            "timeouts": null,
            "zone_ids": [
              "usw1-az1",
              "usw1-az3"
            ]
          },
          "sensitive_attributes": []
        }
      ]
    },
    {
      "module": "module.prod.module.region_us_west_1[0].module.cache",
      "mode": "managed",
      "type": "aws_elasticache_replication_group",
      "name": "redis_no_cluster",
      "provider": "provider[\"registry.terraform.io/hashicorp/aws\"].us_west_1",
      "instances": [
        {
          "schema_version": 2,
          "attributes": {
            "apply_immediately": null,
            "arn": "arn:aws:elasticache:us-west-1:235494798404:replicationgroup:prod-redis-no-cluster",
            "at_rest_encryption_enabled": "true",
            "auth_token": "",
            "auth_token_update_strategy": "ROTATE",
            "auto_minor_version_upgrade": "true",
            "automatic_failover_enabled": true,
            "cluster_enabled": false,
            "cluster_mode": "disabled",
            "configuration_endpoint_address": null,
            "data_tiering_enabled": false,
            "description": "primary cluster with replication for all AZs",
            "engine": "redis",
            "engine_version": "7.1",
            "engine_version_actual": "7.1.0",
            "final_snapshot_identifier": null,
            "global_replication_group_id": null,
            "id": "prod-redis-no-cluster",
            "ip_discovery": "ipv4",
            "kms_key_id": "",
            "log_delivery_configuration": [],
            "maintenance_window": "fri:06:30-fri:07:30",
            "member_clusters": [
              "prod-redis-no-cluster-001",
              "prod-redis-no-cluster-002"
            ],
            "multi_az_enabled": true,
            "network_type": "ipv4",
            "node_type": "cache.t3.small",
            "notification_topic_arn": null,
            "num_cache_clusters": 2,
            "num_node_groups": 1,
            "parameter_group_name": "default.redis7",
            "port": 6379,
            "preferred_cache_cluster_azs": null,
            "primary_endpoint_address": "master.prod-redis-no-cluster.v2s38b.usw1.cache.amazonaws.com",
            "reader_endpoint_address": "replica.prod-redis-no-cluster.v2s38b.usw1.cache.amazonaws.com",
            "replicas_per_node_group": 1,
            "replication_group_id": "prod-redis-no-cluster",
            "security_group_ids": [
              "sg-087f0ba742eecf83b"
            ],
            "security_group_names": [],
            "snapshot_arns": null,
            "snapshot_name": null,
            "snapshot_retention_limit": 0,
            "snapshot_window": "13:00-14:00",
            "subnet_group_name": "prod-redis-no-cluster-subnets",
            "tags": {},
            "tags_all": {},
            "timeouts": null,
            "transit_encryption_enabled": true,
            "transit_encryption_mode": "required",
            "user_group_ids": []
          },
          "sensitive_attributes": [
            [
              {
                "type": "get_attr",
                "value": "auth_token"
              }
            ]
          ],
          "private": "eyJlMmJmYjczMC1lY2FhLTExZTYtOGY4OC0zNDM2M2JjN2M0YzAiOnsiY3JlYXRlIjozNjAwMDAwMDAwMDAwLCJkZWxldGUiOjI3MDAwMDAwMDAwMDAsInVwZGF0ZSI6MjQwMDAwMDAwMDAwMH0sInNjaGVtYV92ZXJzaW9uIjoiMiJ9",
          "dependencies": [
            "module.prod.module.region_us_west_1.data.aws_availability_zones.available",
            "module.prod.module.region_us_west_1.module.cache.aws_elasticache_subnet_group.redis_no_cluster",
            "module.prod.module.region_us_west_1.module.cache.data.aws_availability_zones.available",
            "module.prod.module.region_us_west_1.module.vpc.aws_internet_gateway.igw",
            "module.prod.module.region_us_west_1.module.vpc.aws_route_table.private",
            "module.prod.module.region_us_west_1.module.vpc.aws_route_table.public",
            "module.prod.module.region_us_west_1.module.vpc.aws_security_group.data",
            "module.prod.module.region_us_west_1.module.vpc.aws_vpc.vpc",
            "module.prod.module.region_us_west_1.module.vpc.module.subnets_by_az.aws_route_table_association.rt-private-data",
            "module.prod.module.region_us_west_1.module.vpc.module.subnets_by_az.aws_route_table_association.rt-public-alb",
            "module.prod.module.region_us_west_1.module.vpc.module.subnets_by_az.aws_route_table_association.rt-public-app",
            "module.prod.module.region_us_west_1.module.vpc.module.subnets_by_az.aws_subnet.alb",
            "module.prod.module.region_us_west_1.module.vpc.module.subnets_by_az.aws_subnet.app",
            "module.prod.module.region_us_west_1.module.vpc.module.subnets_by_az.aws_subnet.data"
          ]
        }
      ]
    },
    {
      "module": "module.prod.module.region_us_west_1[0].module.cache",
      "mode": "managed",
      "type": "aws_elasticache_subnet_group",
      "name": "redis_no_cluster",
      "provider": "provider[\"registry.terraform.io/hashicorp/aws\"].us_west_1",
      "instances": [
        {
          "schema_version": 0,
          "attributes": {
            "arn": "arn:aws:elasticache:us-west-1:235494798404:subnetgroup:prod-redis-no-cluster-subnets",
            "description": "Managed by Terraform",
            "id": "prod-redis-no-cluster-subnets",
            "name": "prod-redis-no-cluster-subnets",
            "subnet_ids": [
              "subnet-047afa1b9ce5d7953",
              "subnet-072d629379c3bfdc9"
            ],
            "tags": {},
            "tags_all": {},
            "vpc_id": "vpc-0e2e9e81716a8b74a"
          },
          "sensitive_attributes": [],
          "private": "bnVsbA==",
          "dependencies": [
            "module.prod.module.region_us_west_1.data.aws_availability_zones.available",
            "module.prod.module.region_us_west_1.module.vpc.aws_internet_gateway.igw",
            "module.prod.module.region_us_west_1.module.vpc.aws_route_table.private",
            "module.prod.module.region_us_west_1.module.vpc.aws_route_table.public",
            "module.prod.module.region_us_west_1.module.vpc.aws_vpc.vpc",
            "module.prod.module.region_us_west_1.module.vpc.module.subnets_by_az.aws_route_table_association.rt-private-data",
            "module.prod.module.region_us_west_1.module.vpc.module.subnets_by_az.aws_route_table_association.rt-public-alb",
            "module.prod.module.region_us_west_1.module.vpc.module.subnets_by_az.aws_route_table_association.rt-public-app",
            "module.prod.module.region_us_west_1.module.vpc.module.subnets_by_az.aws_subnet.alb",
            "module.prod.module.region_us_west_1.module.vpc.module.subnets_by_az.aws_subnet.app",
            "module.prod.module.region_us_west_1.module.vpc.module.subnets_by_az.aws_subnet.data"
          ]
        }
      ]
    },
    {
      "module": "module.prod.module.region_us_west_1[0].module.database",
      "mode": "managed",
      "type": "aws_db_instance",
      "name": "postgres",
      "provider": "provider[\"registry.terraform.io/hashicorp/aws\"].us_west_1",
      "instances": [
        {
          "schema_version": 2,
          "attributes": {
            "address": "proddb.c12ma0qwqsxa.us-west-1.rds.amazonaws.com",
            "allocated_storage": 20,
            "allow_major_version_upgrade": null,
            "apply_immediately": false,
            "arn": "arn:aws:rds:us-west-1:235494798404:db:proddb",
            "auto_minor_version_upgrade": true,
            "availability_zone": "us-west-1a",
            "backup_retention_period": 0,
            "backup_target": "region",
            "backup_window": "13:30-14:00",
            "blue_green_update": [],
            "ca_cert_identifier": "rds-ca-rsa2048-g1",
            "character_set_name": "",
            "copy_tags_to_snapshot": false,
            "custom_iam_instance_profile": "",
            "customer_owned_ip_enabled": false,
            "database_insights_mode": "standard",
            "db_name": "proddb",
            "db_subnet_group_name": "prod-postgres-subnet-group",
            "dedicated_log_volume": false,
            "delete_automated_backups": true,
            "deletion_protection": false,
            "domain": "",
            "domain_auth_secret_arn": "",
            "domain_dns_ips": [],
            "domain_fqdn": "",
            "domain_iam_role_name": "",
            "domain_ou": "",
            "enabled_cloudwatch_logs_exports": [],
            "endpoint": "proddb.c12ma0qwqsxa.us-west-1.rds.amazonaws.com:5432",
            "engine": "postgres",
            "engine_lifecycle_support": "open-source-rds-extended-support",
            "engine_version": "16.4",
            "engine_version_actual": "16.4",
            "final_snapshot_identifier": null,
            "hosted_zone_id": "Z10WI91S59XXQN",
            "iam_database_authentication_enabled": false,
            "id": "db-FVMCDGZFPROTSDGQEZ65RMO2KA",
            "identifier": "proddb",
            "identifier_prefix": "",
            "instance_class": "db.t3.small",
            "iops": 0,
            "kms_key_id": "arn:aws:kms:us-west-1:235494798404:key/4057c9d3-ff93-41c4-8c81-e5cdcb972e08",
            "latest_restorable_time": "",
            "license_model": "postgresql-license",
            "listener_endpoint": [],
            "maintenance_window": "fri:09:29-fri:09:59",
            "manage_master_user_password": null,
            "master_user_secret": [],
            "master_user_secret_kms_key_id": null,
            "max_allocated_storage": 100,
            "monitoring_interval": 0,
            "monitoring_role_arn": "",
            "multi_az": true,
            "nchar_character_set_name": "",
            "network_type": "IPV4",
            "option_group_name": "default:postgres-16",
            "parameter_group_name": "default.postgres16",
            "password": "n4WhLcP?k*`~|\u003caztB#eg8detr]Dc`?!",
            "password_wo": null,
            "password_wo_version": null,
            "performance_insights_enabled": false,
            "performance_insights_kms_key_id": "",
            "performance_insights_retention_period": 0,
            "port": 5432,
            "publicly_accessible": false,
            "replica_mode": "",
            "replicas": [],
            "replicate_source_db": "",
            "resource_id": "db-FVMCDGZFPROTSDGQEZ65RMO2KA",
            "restore_to_point_in_time": [],
            "s3_import": [],
            "skip_final_snapshot": true,
            "snapshot_identifier": null,
            "status": "available",
            "storage_encrypted": true,
            "storage_throughput": 0,
            "storage_type": "gp2",
            "tags": {},
            "tags_all": {},
            "timeouts": null,
            "timezone": "",
            "upgrade_storage_config": null,
            "username": "proddb",
            "vpc_security_group_ids": [
              "sg-087f0ba742eecf83b"
            ]
          },
          "sensitive_attributes": [
            [
              {
                "type": "get_attr",
                "value": "password"
              }
            ],
            [
              {
                "type": "get_attr",
                "value": "password_wo"
              }
            ]
          ],
          "private": "eyJlMmJmYjczMC1lY2FhLTExZTYtOGY4OC0zNDM2M2JjN2M0YzAiOnsiY3JlYXRlIjozMDAwMDAwMDAwMDAwLCJkZWxldGUiOjM2MDAwMDAwMDAwMDAsInVwZGF0ZSI6NDgwMDAwMDAwMDAwMH0sInNjaGVtYV92ZXJzaW9uIjoiMiJ9",
          "dependencies": [
            "module.prod.module.region_us_west_1.data.aws_availability_zones.available",
            "module.prod.module.region_us_west_1.module.database.aws_db_subnet_group.postgres",
            "module.prod.module.region_us_west_1.module.env_vars.data.aws_secretsmanager_random_password.db_password",
            "module.prod.module.region_us_west_1.module.vpc.aws_internet_gateway.igw",
            "module.prod.module.region_us_west_1.module.vpc.aws_route_table.private",
            "module.prod.module.region_us_west_1.module.vpc.aws_route_table.public",
            "module.prod.module.region_us_west_1.module.vpc.aws_security_group.data",
            "module.prod.module.region_us_west_1.module.vpc.aws_vpc.vpc",
            "module.prod.module.region_us_west_1.module.vpc.module.subnets_by_az.aws_route_table_association.rt-private-data",
            "module.prod.module.region_us_west_1.module.vpc.module.subnets_by_az.aws_route_table_association.rt-public-alb",
            "module.prod.module.region_us_west_1.module.vpc.module.subnets_by_az.aws_route_table_association.rt-public-app",
            "module.prod.module.region_us_west_1.module.vpc.module.subnets_by_az.aws_subnet.alb",
            "module.prod.module.region_us_west_1.module.vpc.module.subnets_by_az.aws_subnet.app",
            "module.prod.module.region_us_west_1.module.vpc.module.subnets_by_az.aws_subnet.data"
          ]
        }
      ]
    },
    {
      "module": "module.prod.module.region_us_west_1[0].module.database",
      "mode": "managed",
      "type": "aws_db_subnet_group",
      "name": "postgres",
      "provider": "provider[\"registry.terraform.io/hashicorp/aws\"].us_west_1",
      "instances": [
        {
          "schema_version": 0,
          "attributes": {
            "arn": "arn:aws:rds:us-west-1:235494798404:subgrp:prod-postgres-subnet-group",
            "description": "Managed by Terraform",
            "id": "prod-postgres-subnet-group",
            "name": "prod-postgres-subnet-group",
            "name_prefix": "",
            "subnet_ids": [
              "subnet-047afa1b9ce5d7953",
              "subnet-072d629379c3bfdc9"
            ],
            "supported_network_types": [
              "IPV4"
            ],
            "tags": {},
            "tags_all": {},
            "vpc_id": "vpc-0e2e9e81716a8b74a"
          },
          "sensitive_attributes": [],
          "private": "bnVsbA==",
          "dependencies": [
            "module.prod.module.region_us_west_1.data.aws_availability_zones.available",
            "module.prod.module.region_us_west_1.module.vpc.aws_internet_gateway.igw",
            "module.prod.module.region_us_west_1.module.vpc.aws_route_table.private",
            "module.prod.module.region_us_west_1.module.vpc.aws_route_table.public",
            "module.prod.module.region_us_west_1.module.vpc.aws_vpc.vpc",
            "module.prod.module.region_us_west_1.module.vpc.module.subnets_by_az.aws_route_table_association.rt-private-data",
            "module.prod.module.region_us_west_1.module.vpc.module.subnets_by_az.aws_route_table_association.rt-public-alb",
            "module.prod.module.region_us_west_1.module.vpc.module.subnets_by_az.aws_route_table_association.rt-public-app",
            "module.prod.module.region_us_west_1.module.vpc.module.subnets_by_az.aws_subnet.alb",
            "module.prod.module.region_us_west_1.module.vpc.module.subnets_by_az.aws_subnet.app",
            "module.prod.module.region_us_west_1.module.vpc.module.subnets_by_az.aws_subnet.data"
          ]
        }
      ]
    },
    {
      "module": "module.prod.module.region_us_west_1[0].module.ecr",
      "mode": "managed",
      "type": "aws_ecr_repository",
      "name": "repos",
      "provider": "provider[\"registry.terraform.io/hashicorp/aws\"].us_west_1",
      "instances": [
        {
          "index_key": "app",
          "schema_version": 0,
          "attributes": {
            "arn": "arn:aws:ecr:us-west-1:235494798404:repository/prod-app",
            "encryption_configuration": [
              {
                "encryption_type": "AES256",
                "kms_key": ""
              }
            ],
            "force_delete": true,
            "id": "prod-app",
            "image_scanning_configuration": [
              {
                "scan_on_push": true
              }
            ],
            "image_tag_mutability": "MUTABLE",
            "name": "prod-app",
            "registry_id": "235494798404",
            "repository_url": "235494798404.dkr.ecr.us-west-1.amazonaws.com/prod-app",
            "tags": {
              "Environment": "prod",
              "Image": "app",
              "Name": "prod-app"
            },
            "tags_all": {
              "Environment": "prod",
              "Image": "app",
              "Name": "prod-app"
            },
            "timeouts": null
          },
          "sensitive_attributes": [],
          "private": "eyJlMmJmYjczMC1lY2FhLTExZTYtOGY4OC0zNDM2M2JjN2M0YzAiOnsiZGVsZXRlIjoxMjAwMDAwMDAwMDAwfX0="
        },
        {
          "index_key": "beat",
          "schema_version": 0,
          "attributes": {
            "arn": "arn:aws:ecr:us-west-1:235494798404:repository/prod-beat",
            "encryption_configuration": [
              {
                "encryption_type": "AES256",
                "kms_key": ""
              }
            ],
            "force_delete": true,
            "id": "prod-beat",
            "image_scanning_configuration": [
              {
                "scan_on_push": true
              }
            ],
            "image_tag_mutability": "MUTABLE",
            "name": "prod-beat",
            "registry_id": "235494798404",
            "repository_url": "235494798404.dkr.ecr.us-west-1.amazonaws.com/prod-beat",
            "tags": {
              "Environment": "prod",
              "Image": "beat",
              "Name": "prod-beat"
            },
            "tags_all": {
              "Environment": "prod",
              "Image": "beat",
              "Name": "prod-beat"
            },
            "timeouts": null
          },
          "sensitive_attributes": [],
          "private": "eyJlMmJmYjczMC1lY2FhLTExZTYtOGY4OC0zNDM2M2JjN2M0YzAiOnsiZGVsZXRlIjoxMjAwMDAwMDAwMDAwfX0="
        },
        {
          "index_key": "celery",
          "schema_version": 0,
          "attributes": {
            "arn": "arn:aws:ecr:us-west-1:235494798404:repository/prod-celery",
            "encryption_configuration": [
              {
                "encryption_type": "AES256",
                "kms_key": ""
              }
            ],
            "force_delete": true,
            "id": "prod-celery",
            "image_scanning_configuration": [
              {
                "scan_on_push": true
              }
            ],
            "image_tag_mutability": "MUTABLE",
            "name": "prod-celery",
            "registry_id": "235494798404",
            "repository_url": "235494798404.dkr.ecr.us-west-1.amazonaws.com/prod-celery",
            "tags": {
              "Environment": "prod",
              "Image": "celery",
              "Name": "prod-celery"
            },
            "tags_all": {
              "Environment": "prod",
              "Image": "celery",
              "Name": "prod-celery"
            },
            "timeouts": null
          },
          "sensitive_attributes": [],
          "private": "eyJlMmJmYjczMC1lY2FhLTExZTYtOGY4OC0zNDM2M2JjN2M0YzAiOnsiZGVsZXRlIjoxMjAwMDAwMDAwMDAwfX0="
        }
      ]
    },
    {
      "module": "module.prod.module.region_us_west_1[0].module.ecs",
      "mode": "data",
      "type": "aws_caller_identity",
      "name": "current",
      "provider": "provider[\"registry.terraform.io/hashicorp/aws\"].us_west_1",
      "instances": [
        {
          "schema_version": 0,
          "attributes": {
            "account_id": "235494798404",
            "arn": "arn:aws:iam::235494798404:user/Nevin",
            "id": "235494798404",
            "user_id": "AIDATNVEVORCM3TEMWYLJ"
          },
          "sensitive_attributes": []
        }
      ]
    },
    {
      "module": "module.prod.module.region_us_west_1[0].module.ecs",
      "mode": "managed",
      "type": "aws_ecs_cluster",
      "name": "ecs",
      "provider": "provider[\"registry.terraform.io/hashicorp/aws\"].us_west_1",
      "instances": [
        {
          "schema_version": 0,
          "attributes": {
            "arn": "arn:aws:ecs:us-west-1:235494798404:cluster/prod-cluster",
            "configuration": [],
            "id": "arn:aws:ecs:us-west-1:235494798404:cluster/prod-cluster",
            "name": "prod-cluster",
            "service_connect_defaults": [],
            "setting": [
              {
                "name": "containerInsights",
                "value": "disabled"
              }
            ],
            "tags": {},
            "tags_all": {}
          },
          "sensitive_attributes": [],
          "private": "bnVsbA=="
        }
      ]
    },
    {
      "module": "module.prod.module.region_us_west_1[0].module.ecs",
      "mode": "managed",
      "type": "aws_ecs_service",
      "name": "services",
      "provider": "provider[\"registry.terraform.io/hashicorp/aws\"].us_west_1",
      "instances": [
        {
          "index_key": "app",
          "schema_version": 1,
          "attributes": {
            "alarms": [],
            "availability_zone_rebalancing": "DISABLED",
            "capacity_provider_strategy": [],
            "cluster": "arn:aws:ecs:us-west-1:235494798404:cluster/prod-cluster",
            "deployment_circuit_breaker": [
              {
                "enable": false,
                "rollback": false
              }
            ],
            "deployment_controller": [
              {
                "type": "ECS"
              }
            ],
            "deployment_maximum_percent": 200,
            "deployment_minimum_healthy_percent": 100,
            "desired_count": 1,
            "enable_ecs_managed_tags": false,
            "enable_execute_command": true,
            "force_delete": null,
            "force_new_deployment": null,
            "health_check_grace_period_seconds": 0,
            "iam_role": "/aws-service-role/ecs.amazonaws.com/AWSServiceRoleForECS",
            "id": "arn:aws:ecs:us-west-1:235494798404:service/prod-cluster/prod-app",
            "launch_type": "FARGATE",
            "load_balancer": [
              {
                "container_name": "prod-app",
                "container_port": 443,
                "elb_name": "",
                "target_group_arn": "arn:aws:elasticloadbalancing:us-west-1:235494798404:targetgroup/prod-target/92e0797d9ef6e252"
              }
            ],
            "name": "prod-app",
            "network_configuration": [
              {
                "assign_public_ip": true,
                "security_groups": [
                  "sg-0de4916735fea0f97"
                ],
                "subnets": [
                  "subnet-064e9207b54f26d0f",
                  "subnet-0b49830f25c18de89"
                ]
              }
            ],
            "ordered_placement_strategy": [],
            "placement_constraints": [],
            "platform_version": "LATEST",
            "propagate_tags": "NONE",
            "scheduling_strategy": "REPLICA",
            "service_connect_configuration": [],
            "service_registries": [],
            "tags": null,
            "tags_all": {},
            "task_definition": "arn:aws:ecs:us-west-1:235494798404:task-definition/prod-app:1",
            "timeouts": null,
            "triggers": {},
            "volume_configuration": [],
            "vpc_lattice_configurations": [],
            "wait_for_steady_state": false
          },
          "sensitive_attributes": [],
          "private": "eyJlMmJmYjczMC1lY2FhLTExZTYtOGY4OC0zNDM2M2JjN2M0YzAiOnsiY3JlYXRlIjoxMjAwMDAwMDAwMDAwLCJkZWxldGUiOjEyMDAwMDAwMDAwMDAsInVwZGF0ZSI6MTIwMDAwMDAwMDAwMH0sInNjaGVtYV92ZXJzaW9uIjoiMSJ9",
          "dependencies": [
            "module.domain_records.aws_route53_record.alb_cert_validation",
            "module.domain_records.data.aws_route53_zone.hosted_zone",
            "module.prod.module.iam.aws_iam_role.ecs_task_execution",
            "module.prod.module.iam.data.aws_caller_identity.current",
            "module.prod.module.iam.data.aws_iam_policy_document.sqs_access",
            "module.prod.module.region_us_west_1.data.aws_availability_zones.available",
            "module.prod.module.region_us_west_1.data.aws_region.region",
            "module.prod.module.region_us_west_1.module.acm_cert.aws_acm_certificate.alb",
            "module.prod.module.region_us_west_1.module.acm_cert.aws_acm_certificate_validation.alb",
            "module.prod.module.region_us_west_1.module.cache.aws_elasticache_replication_group.redis_no_cluster",
            "module.prod.module.region_us_west_1.module.cache.aws_elasticache_subnet_group.redis_no_cluster",
            "module.prod.module.region_us_west_1.module.cache.data.aws_availability_zones.available",
            "module.prod.module.region_us_west_1.module.database.aws_db_instance.postgres",
            "module.prod.module.region_us_west_1.module.database.aws_db_subnet_group.postgres",
            "module.prod.module.region_us_west_1.module.ecr.aws_ecr_repository.repos",
            "module.prod.module.region_us_west_1.module.ecs.aws_ecs_cluster.ecs",
            "module.prod.module.region_us_west_1.module.ecs.aws_ecs_task_definition.tasks",
            "module.prod.module.region_us_west_1.module.ecs.aws_lb.app",
            "module.prod.module.region_us_west_1.module.ecs.aws_lb_listener.https",
            "module.prod.module.region_us_west_1.module.ecs.aws_lb_target_group.ecs",
            "module.prod.module.region_us_west_1.module.ecs.data.aws_caller_identity.current",
            "module.prod.module.region_us_west_1.module.env_vars.aws_secretsmanager_secret.secrets",
            "module.prod.module.region_us_west_1.module.env_vars.aws_ssm_parameter.env_vars",
            "module.prod.module.region_us_west_1.module.env_vars.data.aws_secretsmanager_random_password.db_password",
            "module.prod.module.region_us_west_1.module.sqs.aws_sqs_queue.dlq",
            "module.prod.module.region_us_west_1.module.sqs.aws_sqs_queue.long_running",
            "module.prod.module.region_us_west_1.module.sqs.aws_sqs_queue.user_interaction",
            "module.prod.module.region_us_west_1.module.vpc.aws_internet_gateway.igw",
            "module.prod.module.region_us_west_1.module.vpc.aws_route_table.private",
            "module.prod.module.region_us_west_1.module.vpc.aws_route_table.public",
            "module.prod.module.region_us_west_1.module.vpc.aws_security_group.alb",
            "module.prod.module.region_us_west_1.module.vpc.aws_security_group.app",
            "module.prod.module.region_us_west_1.module.vpc.aws_security_group.data",
            "module.prod.module.region_us_west_1.module.vpc.aws_vpc.vpc",
            "module.prod.module.region_us_west_1.module.vpc.module.subnets_by_az.aws_route_table_association.rt-private-data",
            "module.prod.module.region_us_west_1.module.vpc.module.subnets_by_az.aws_route_table_association.rt-public-alb",
            "module.prod.module.region_us_west_1.module.vpc.module.subnets_by_az.aws_route_table_association.rt-public-app",
            "module.prod.module.region_us_west_1.module.vpc.module.subnets_by_az.aws_subnet.alb",
            "module.prod.module.region_us_west_1.module.vpc.module.subnets_by_az.aws_subnet.app",
            "module.prod.module.region_us_west_1.module.vpc.module.subnets_by_az.aws_subnet.data"
          ]
        },
        {
          "index_key": "beat",
          "schema_version": 1,
          "attributes": {
            "alarms": [],
            "availability_zone_rebalancing": "DISABLED",
            "capacity_provider_strategy": [],
            "cluster": "arn:aws:ecs:us-west-1:235494798404:cluster/prod-cluster",
            "deployment_circuit_breaker": [
              {
                "enable": false,
                "rollback": false
              }
            ],
            "deployment_controller": [
              {
                "type": "ECS"
              }
            ],
            "deployment_maximum_percent": 200,
            "deployment_minimum_healthy_percent": 100,
            "desired_count": 1,
            "enable_ecs_managed_tags": false,
            "enable_execute_command": true,
            "force_delete": null,
            "force_new_deployment": null,
            "health_check_grace_period_seconds": 0,
            "iam_role": "/aws-service-role/ecs.amazonaws.com/AWSServiceRoleForECS",
            "id": "arn:aws:ecs:us-west-1:235494798404:service/prod-cluster/prod-beat",
            "launch_type": "FARGATE",
            "load_balancer": [],
            "name": "prod-beat",
            "network_configuration": [
              {
                "assign_public_ip": true,
                "security_groups": [
                  "sg-0de4916735fea0f97"
                ],
                "subnets": [
                  "subnet-064e9207b54f26d0f",
                  "subnet-0b49830f25c18de89"
                ]
              }
            ],
            "ordered_placement_strategy": [],
            "placement_constraints": [],
            "platform_version": "LATEST",
            "propagate_tags": "NONE",
            "scheduling_strategy": "REPLICA",
            "service_connect_configuration": [],
            "service_registries": [],
            "tags": null,
            "tags_all": {},
            "task_definition": "arn:aws:ecs:us-west-1:235494798404:task-definition/prod-beat:1",
            "timeouts": null,
            "triggers": {},
            "volume_configuration": [],
            "vpc_lattice_configurations": [],
            "wait_for_steady_state": false
          },
          "sensitive_attributes": [],
          "private": "eyJlMmJmYjczMC1lY2FhLTExZTYtOGY4OC0zNDM2M2JjN2M0YzAiOnsiY3JlYXRlIjoxMjAwMDAwMDAwMDAwLCJkZWxldGUiOjEyMDAwMDAwMDAwMDAsInVwZGF0ZSI6MTIwMDAwMDAwMDAwMH0sInNjaGVtYV92ZXJzaW9uIjoiMSJ9",
          "dependencies": [
            "module.domain_records.aws_route53_record.alb_cert_validation",
            "module.domain_records.data.aws_route53_zone.hosted_zone",
            "module.prod.module.iam.aws_iam_role.ecs_task_execution",
            "module.prod.module.iam.data.aws_caller_identity.current",
            "module.prod.module.iam.data.aws_iam_policy_document.sqs_access",
            "module.prod.module.region_us_west_1.data.aws_availability_zones.available",
            "module.prod.module.region_us_west_1.data.aws_region.region",
            "module.prod.module.region_us_west_1.module.acm_cert.aws_acm_certificate.alb",
            "module.prod.module.region_us_west_1.module.acm_cert.aws_acm_certificate_validation.alb",
            "module.prod.module.region_us_west_1.module.cache.aws_elasticache_replication_group.redis_no_cluster",
            "module.prod.module.region_us_west_1.module.cache.aws_elasticache_subnet_group.redis_no_cluster",
            "module.prod.module.region_us_west_1.module.cache.data.aws_availability_zones.available",
            "module.prod.module.region_us_west_1.module.database.aws_db_instance.postgres",
            "module.prod.module.region_us_west_1.module.database.aws_db_subnet_group.postgres",
            "module.prod.module.region_us_west_1.module.ecr.aws_ecr_repository.repos",
            "module.prod.module.region_us_west_1.module.ecs.aws_ecs_cluster.ecs",
            "module.prod.module.region_us_west_1.module.ecs.aws_ecs_task_definition.tasks",
            "module.prod.module.region_us_west_1.module.ecs.aws_lb.app",
            "module.prod.module.region_us_west_1.module.ecs.aws_lb_listener.https",
            "module.prod.module.region_us_west_1.module.ecs.aws_lb_target_group.ecs",
            "module.prod.module.region_us_west_1.module.ecs.data.aws_caller_identity.current",
            "module.prod.module.region_us_west_1.module.env_vars.aws_secretsmanager_secret.secrets",
            "module.prod.module.region_us_west_1.module.env_vars.aws_ssm_parameter.env_vars",
            "module.prod.module.region_us_west_1.module.env_vars.data.aws_secretsmanager_random_password.db_password",
            "module.prod.module.region_us_west_1.module.sqs.aws_sqs_queue.dlq",
            "module.prod.module.region_us_west_1.module.sqs.aws_sqs_queue.long_running",
            "module.prod.module.region_us_west_1.module.sqs.aws_sqs_queue.user_interaction",
            "module.prod.module.region_us_west_1.module.vpc.aws_internet_gateway.igw",
            "module.prod.module.region_us_west_1.module.vpc.aws_route_table.private",
            "module.prod.module.region_us_west_1.module.vpc.aws_route_table.public",
            "module.prod.module.region_us_west_1.module.vpc.aws_security_group.alb",
            "module.prod.module.region_us_west_1.module.vpc.aws_security_group.app",
            "module.prod.module.region_us_west_1.module.vpc.aws_security_group.data",
            "module.prod.module.region_us_west_1.module.vpc.aws_vpc.vpc",
            "module.prod.module.region_us_west_1.module.vpc.module.subnets_by_az.aws_route_table_association.rt-private-data",
            "module.prod.module.region_us_west_1.module.vpc.module.subnets_by_az.aws_route_table_association.rt-public-alb",
            "module.prod.module.region_us_west_1.module.vpc.module.subnets_by_az.aws_route_table_association.rt-public-app",
            "module.prod.module.region_us_west_1.module.vpc.module.subnets_by_az.aws_subnet.alb",
            "module.prod.module.region_us_west_1.module.vpc.module.subnets_by_az.aws_subnet.app",
            "module.prod.module.region_us_west_1.module.vpc.module.subnets_by_az.aws_subnet.data"
          ]
        },
        {
          "index_key": "celery",
          "schema_version": 1,
          "attributes": {
            "alarms": [],
            "availability_zone_rebalancing": "DISABLED",
            "capacity_provider_strategy": [],
            "cluster": "arn:aws:ecs:us-west-1:235494798404:cluster/prod-cluster",
            "deployment_circuit_breaker": [
              {
                "enable": false,
                "rollback": false
              }
            ],
            "deployment_controller": [
              {
                "type": "ECS"
              }
            ],
            "deployment_maximum_percent": 200,
            "deployment_minimum_healthy_percent": 100,
            "desired_count": 1,
            "enable_ecs_managed_tags": false,
            "enable_execute_command": true,
            "force_delete": null,
            "force_new_deployment": null,
            "health_check_grace_period_seconds": 0,
            "iam_role": "/aws-service-role/ecs.amazonaws.com/AWSServiceRoleForECS",
            "id": "arn:aws:ecs:us-west-1:235494798404:service/prod-cluster/prod-celery",
            "launch_type": "FARGATE",
            "load_balancer": [],
            "name": "prod-celery",
            "network_configuration": [
              {
                "assign_public_ip": true,
                "security_groups": [
                  "sg-0de4916735fea0f97"
                ],
                "subnets": [
                  "subnet-064e9207b54f26d0f",
                  "subnet-0b49830f25c18de89"
                ]
              }
            ],
            "ordered_placement_strategy": [],
            "placement_constraints": [],
            "platform_version": "LATEST",
            "propagate_tags": "NONE",
            "scheduling_strategy": "REPLICA",
            "service_connect_configuration": [],
            "service_registries": [],
            "tags": null,
            "tags_all": {},
            "task_definition": "arn:aws:ecs:us-west-1:235494798404:task-definition/prod-celery:1",
            "timeouts": null,
            "triggers": {},
            "volume_configuration": [],
            "vpc_lattice_configurations": [],
            "wait_for_steady_state": false
          },
          "sensitive_attributes": [],
          "private": "eyJlMmJmYjczMC1lY2FhLTExZTYtOGY4OC0zNDM2M2JjN2M0YzAiOnsiY3JlYXRlIjoxMjAwMDAwMDAwMDAwLCJkZWxldGUiOjEyMDAwMDAwMDAwMDAsInVwZGF0ZSI6MTIwMDAwMDAwMDAwMH0sInNjaGVtYV92ZXJzaW9uIjoiMSJ9",
          "dependencies": [
            "module.domain_records.aws_route53_record.alb_cert_validation",
            "module.domain_records.data.aws_route53_zone.hosted_zone",
            "module.prod.module.iam.aws_iam_role.ecs_task_execution",
            "module.prod.module.iam.data.aws_caller_identity.current",
            "module.prod.module.iam.data.aws_iam_policy_document.sqs_access",
            "module.prod.module.region_us_west_1.data.aws_availability_zones.available",
            "module.prod.module.region_us_west_1.data.aws_region.region",
            "module.prod.module.region_us_west_1.module.acm_cert.aws_acm_certificate.alb",
            "module.prod.module.region_us_west_1.module.acm_cert.aws_acm_certificate_validation.alb",
            "module.prod.module.region_us_west_1.module.cache.aws_elasticache_replication_group.redis_no_cluster",
            "module.prod.module.region_us_west_1.module.cache.aws_elasticache_subnet_group.redis_no_cluster",
            "module.prod.module.region_us_west_1.module.cache.data.aws_availability_zones.available",
            "module.prod.module.region_us_west_1.module.database.aws_db_instance.postgres",
            "module.prod.module.region_us_west_1.module.database.aws_db_subnet_group.postgres",
            "module.prod.module.region_us_west_1.module.ecr.aws_ecr_repository.repos",
            "module.prod.module.region_us_west_1.module.ecs.aws_ecs_cluster.ecs",
            "module.prod.module.region_us_west_1.module.ecs.aws_ecs_task_definition.tasks",
            "module.prod.module.region_us_west_1.module.ecs.aws_lb.app",
            "module.prod.module.region_us_west_1.module.ecs.aws_lb_listener.https",
            "module.prod.module.region_us_west_1.module.ecs.aws_lb_target_group.ecs",
            "module.prod.module.region_us_west_1.module.ecs.data.aws_caller_identity.current",
            "module.prod.module.region_us_west_1.module.env_vars.aws_secretsmanager_secret.secrets",
            "module.prod.module.region_us_west_1.module.env_vars.aws_ssm_parameter.env_vars",
            "module.prod.module.region_us_west_1.module.env_vars.data.aws_secretsmanager_random_password.db_password",
            "module.prod.module.region_us_west_1.module.sqs.aws_sqs_queue.dlq",
            "module.prod.module.region_us_west_1.module.sqs.aws_sqs_queue.long_running",
            "module.prod.module.region_us_west_1.module.sqs.aws_sqs_queue.user_interaction",
            "module.prod.module.region_us_west_1.module.vpc.aws_internet_gateway.igw",
            "module.prod.module.region_us_west_1.module.vpc.aws_route_table.private",
            "module.prod.module.region_us_west_1.module.vpc.aws_route_table.public",
            "module.prod.module.region_us_west_1.module.vpc.aws_security_group.alb",
            "module.prod.module.region_us_west_1.module.vpc.aws_security_group.app",
            "module.prod.module.region_us_west_1.module.vpc.aws_security_group.data",
            "module.prod.module.region_us_west_1.module.vpc.aws_vpc.vpc",
            "module.prod.module.region_us_west_1.module.vpc.module.subnets_by_az.aws_route_table_association.rt-private-data",
            "module.prod.module.region_us_west_1.module.vpc.module.subnets_by_az.aws_route_table_association.rt-public-alb",
            "module.prod.module.region_us_west_1.module.vpc.module.subnets_by_az.aws_route_table_association.rt-public-app",
            "module.prod.module.region_us_west_1.module.vpc.module.subnets_by_az.aws_subnet.alb",
            "module.prod.module.region_us_west_1.module.vpc.module.subnets_by_az.aws_subnet.app",
            "module.prod.module.region_us_west_1.module.vpc.module.subnets_by_az.aws_subnet.data"
          ]
        }
      ]
    },
    {
      "module": "module.prod.module.region_us_west_1[0].module.ecs",
      "mode": "managed",
      "type": "aws_ecs_task_definition",
      "name": "tasks",
      "provider": "provider[\"registry.terraform.io/hashicorp/aws\"].us_west_1",
      "instances": [
        {
          "index_key": "app",
          "schema_version": 1,
          "attributes": {
            "arn": "arn:aws:ecs:us-west-1:235494798404:task-definition/prod-app:1",
            "arn_without_revision": "arn:aws:ecs:us-west-1:235494798404:task-definition/prod-app",
            "container_definitions": "[{\"environment\":[],\"essential\":true,\"image\":\"235494798404.dkr.ecr.us-west-1.amazonaws.com/prod-app:current\",\"logConfiguration\":{\"logDriver\":\"awslogs\",\"options\":{\"mode\":\"non-blocking\",\"awslogs-create-group\":\"true\",\"max-buffer-size\":\"25m\",\"awslogs-region\":\"us-west-1\",\"awslogs-stream-prefix\":\"ecs\",\"awslogs-group\":\"/ecs/prod/app\"}},\"mountPoints\":[],\"name\":\"prod-app\",\"portMappings\":[{\"appProtocol\":\"http\",\"containerPort\":443,\"hostPort\":443,\"name\":\"prod-app-443-tcp\",\"protocol\":\"tcp\"}],\"secrets\":[{\"name\":\"DB_CAFILE_PATH\",\"valueFrom\":\"arn:aws:ssm:us-west-1:235494798404:parameter/ecs/prod/DB_CAFILE_PATH\"},{\"name\":\"DB_CREDENTIALS\",\"valueFrom\":\"arn:aws:secretsmanager:us-west-1:235494798404:secret:ecs/prod/DB_CREDENTIALS-wEYcDm\"},{\"name\":\"DB_HOST\",\"valueFrom\":\"arn:aws:ssm:us-west-1:235494798404:parameter/ecs/prod/DB_HOST\"},{\"name\":\"DB_NAME\",\"valueFrom\":\"arn:aws:ssm:us-west-1:235494798404:parameter/ecs/prod/DB_NAME\"},{\"name\":\"DB_PORT\",\"valueFrom\":\"arn:aws:ssm:us-west-1:235494798404:parameter/ecs/prod/DB_PORT\"},{\"name\":\"DEBUG\",\"valueFrom\":\"arn:aws:ssm:us-west-1:235494798404:parameter/ecs/prod/DEBUG\"},{\"name\":\"EMAIL_CREDENTIALS\",\"valueFrom\":\"arn:aws:secretsmanager:us-west-1:235494798404:secret:ecs/prod/EMAIL_CREDENTIALS-3SpGus\"},{\"name\":\"EMAIL_HOST\",\"valueFrom\":\"arn:aws:ssm:us-west-1:235494798404:parameter/ecs/prod/EMAIL_HOST\"},{\"name\":\"EMAIL_HOST_USER\",\"valueFrom\":\"arn:aws:ssm:us-west-1:235494798404:parameter/ecs/prod/EMAIL_HOST_USER\"},{\"name\":\"FMP_CREDENTIALS\",\"valueFrom\":\"arn:aws:secretsmanager:us-west-1:235494798404:secret:ecs/prod/FMP_CREDENTIALS-2QTVSq\"},{\"name\":\"PLAID_CREDENTIALS\",\"valueFrom\":\"arn:aws:secretsmanager:us-west-1:235494798404:secret:ecs/prod/PLAID_CREDENTIALS-31Qg6t\"},{\"name\":\"REDIS_CAFILE_PATH\",\"valueFrom\":\"arn:aws:ssm:us-west-1:235494798404:parameter/ecs/prod/REDIS_CAFILE_PATH\"},{\"name\":\"REDIS_HOST\",\"valueFrom\":\"arn:aws:ssm:us-west-1:235494798404:parameter/ecs/prod/REDIS_HOST\"},{\"name\":\"REDIS_PORT\",\"valueFrom\":\"arn:aws:ssm:us-west-1:235494798404:parameter/ecs/prod/REDIS_PORT\"},{\"name\":\"REDIS_URL\",\"valueFrom\":\"arn:aws:ssm:us-west-1:235494798404:parameter/ecs/prod/REDIS_URL\"},{\"name\":\"SQS_DLQ_URL\",\"valueFrom\":\"arn:aws:ssm:us-west-1:235494798404:parameter/ecs/prod/SQS_DLQ_URL\"},{\"name\":\"SQS_LONG_RUNNING_URL\",\"valueFrom\":\"arn:aws:ssm:us-west-1:235494798404:parameter/ecs/prod/SQS_LONG_RUNNING_URL\"},{\"name\":\"SQS_USER_INTERACTION_URL\",\"valueFrom\":\"arn:aws:ssm:us-west-1:235494798404:parameter/ecs/prod/SQS_USER_INTERACTION_URL\"}],\"systemControls\":[],\"volumesFrom\":[]}]",
            "cpu": "1024",
            "enable_fault_injection": false,
            "ephemeral_storage": [],
            "execution_role_arn": "arn:aws:iam::235494798404:role/prod-app-ecs-task-execution",
            "family": "prod-app",
            "id": "prod-app",
            "inference_accelerator": [],
            "ipc_mode": "",
            "memory": "3072",
            "network_mode": "awsvpc",
            "pid_mode": "",
            "placement_constraints": [],
            "proxy_configuration": [],
            "requires_compatibilities": [
              "FARGATE"
            ],
            "revision": 1,
            "runtime_platform": [
              {
                "cpu_architecture": "X86_64",
                "operating_system_family": "LINUX"
              }
            ],
            "skip_destroy": false,
            "tags": {},
            "tags_all": {},
            "task_role_arn": "arn:aws:iam::235494798404:role/prod-app-ecs-task-execution",
            "track_latest": false,
            "volume": []
          },
          "sensitive_attributes": [],
          "private": "eyJzY2hlbWFfdmVyc2lvbiI6IjEifQ==",
          "dependencies": [
            "module.prod.module.iam.aws_iam_role.ecs_task_execution",
            "module.prod.module.iam.data.aws_caller_identity.current",
            "module.prod.module.iam.data.aws_iam_policy_document.sqs_access",
            "module.prod.module.region_us_west_1.data.aws_availability_zones.available",
            "module.prod.module.region_us_west_1.data.aws_region.region",
            "module.prod.module.region_us_west_1.module.cache.aws_elasticache_replication_group.redis_no_cluster",
            "module.prod.module.region_us_west_1.module.cache.aws_elasticache_subnet_group.redis_no_cluster",
            "module.prod.module.region_us_west_1.module.cache.data.aws_availability_zones.available",
            "module.prod.module.region_us_west_1.module.database.aws_db_instance.postgres",
            "module.prod.module.region_us_west_1.module.database.aws_db_subnet_group.postgres",
            "module.prod.module.region_us_west_1.module.ecr.aws_ecr_repository.repos",
            "module.prod.module.region_us_west_1.module.ecs.data.aws_caller_identity.current",
            "module.prod.module.region_us_west_1.module.env_vars.aws_secretsmanager_secret.secrets",
            "module.prod.module.region_us_west_1.module.env_vars.aws_ssm_parameter.env_vars",
            "module.prod.module.region_us_west_1.module.env_vars.data.aws_secretsmanager_random_password.db_password",
            "module.prod.module.region_us_west_1.module.sqs.aws_sqs_queue.dlq",
            "module.prod.module.region_us_west_1.module.sqs.aws_sqs_queue.long_running",
            "module.prod.module.region_us_west_1.module.sqs.aws_sqs_queue.user_interaction",
            "module.prod.module.region_us_west_1.module.vpc.aws_internet_gateway.igw",
            "module.prod.module.region_us_west_1.module.vpc.aws_route_table.private",
            "module.prod.module.region_us_west_1.module.vpc.aws_route_table.public",
            "module.prod.module.region_us_west_1.module.vpc.aws_security_group.data",
            "module.prod.module.region_us_west_1.module.vpc.aws_vpc.vpc",
            "module.prod.module.region_us_west_1.module.vpc.module.subnets_by_az.aws_route_table_association.rt-private-data",
            "module.prod.module.region_us_west_1.module.vpc.module.subnets_by_az.aws_route_table_association.rt-public-alb",
            "module.prod.module.region_us_west_1.module.vpc.module.subnets_by_az.aws_route_table_association.rt-public-app",
            "module.prod.module.region_us_west_1.module.vpc.module.subnets_by_az.aws_subnet.alb",
            "module.prod.module.region_us_west_1.module.vpc.module.subnets_by_az.aws_subnet.app",
            "module.prod.module.region_us_west_1.module.vpc.module.subnets_by_az.aws_subnet.data"
          ]
        },
        {
          "index_key": "beat",
          "schema_version": 1,
          "attributes": {
            "arn": "arn:aws:ecs:us-west-1:235494798404:task-definition/prod-beat:1",
            "arn_without_revision": "arn:aws:ecs:us-west-1:235494798404:task-definition/prod-beat",
            "container_definitions": "[{\"environment\":[],\"essential\":true,\"image\":\"235494798404.dkr.ecr.us-west-1.amazonaws.com/prod-beat:current\",\"logConfiguration\":{\"logDriver\":\"awslogs\",\"options\":{\"awslogs-group\":\"/ecs/prod/beat\",\"mode\":\"non-blocking\",\"awslogs-create-group\":\"true\",\"max-buffer-size\":\"25m\",\"awslogs-region\":\"us-west-1\",\"awslogs-stream-prefix\":\"ecs\"}},\"mountPoints\":[],\"name\":\"prod-beat\",\"portMappings\":[{\"appProtocol\":\"http\",\"containerPort\":443,\"hostPort\":443,\"name\":\"prod-beat-443-tcp\",\"protocol\":\"tcp\"}],\"secrets\":[{\"name\":\"DB_CAFILE_PATH\",\"valueFrom\":\"arn:aws:ssm:us-west-1:235494798404:parameter/ecs/prod/DB_CAFILE_PATH\"},{\"name\":\"DB_CREDENTIALS\",\"valueFrom\":\"arn:aws:secretsmanager:us-west-1:235494798404:secret:ecs/prod/DB_CREDENTIALS-wEYcDm\"},{\"name\":\"DB_HOST\",\"valueFrom\":\"arn:aws:ssm:us-west-1:235494798404:parameter/ecs/prod/DB_HOST\"},{\"name\":\"DB_NAME\",\"valueFrom\":\"arn:aws:ssm:us-west-1:235494798404:parameter/ecs/prod/DB_NAME\"},{\"name\":\"DB_PORT\",\"valueFrom\":\"arn:aws:ssm:us-west-1:235494798404:parameter/ecs/prod/DB_PORT\"},{\"name\":\"DEBUG\",\"valueFrom\":\"arn:aws:ssm:us-west-1:235494798404:parameter/ecs/prod/DEBUG\"},{\"name\":\"EMAIL_CREDENTIALS\",\"valueFrom\":\"arn:aws:secretsmanager:us-west-1:235494798404:secret:ecs/prod/EMAIL_CREDENTIALS-3SpGus\"},{\"name\":\"EMAIL_HOST\",\"valueFrom\":\"arn:aws:ssm:us-west-1:235494798404:parameter/ecs/prod/EMAIL_HOST\"},{\"name\":\"EMAIL_HOST_USER\",\"valueFrom\":\"arn:aws:ssm:us-west-1:235494798404:parameter/ecs/prod/EMAIL_HOST_USER\"},{\"name\":\"FMP_CREDENTIALS\",\"valueFrom\":\"arn:aws:secretsmanager:us-west-1:235494798404:secret:ecs/prod/FMP_CREDENTIALS-2QTVSq\"},{\"name\":\"PLAID_CREDENTIALS\",\"valueFrom\":\"arn:aws:secretsmanager:us-west-1:235494798404:secret:ecs/prod/PLAID_CREDENTIALS-31Qg6t\"},{\"name\":\"REDIS_CAFILE_PATH\",\"valueFrom\":\"arn:aws:ssm:us-west-1:235494798404:parameter/ecs/prod/REDIS_CAFILE_PATH\"},{\"name\":\"REDIS_HOST\",\"valueFrom\":\"arn:aws:ssm:us-west-1:235494798404:parameter/ecs/prod/REDIS_HOST\"},{\"name\":\"REDIS_PORT\",\"valueFrom\":\"arn:aws:ssm:us-west-1:235494798404:parameter/ecs/prod/REDIS_PORT\"},{\"name\":\"REDIS_URL\",\"valueFrom\":\"arn:aws:ssm:us-west-1:235494798404:parameter/ecs/prod/REDIS_URL\"},{\"name\":\"SQS_DLQ_URL\",\"valueFrom\":\"arn:aws:ssm:us-west-1:235494798404:parameter/ecs/prod/SQS_DLQ_URL\"},{\"name\":\"SQS_LONG_RUNNING_URL\",\"valueFrom\":\"arn:aws:ssm:us-west-1:235494798404:parameter/ecs/prod/SQS_LONG_RUNNING_URL\"},{\"name\":\"SQS_USER_INTERACTION_URL\",\"valueFrom\":\"arn:aws:ssm:us-west-1:235494798404:parameter/ecs/prod/SQS_USER_INTERACTION_URL\"}],\"systemControls\":[],\"volumesFrom\":[]}]",
            "cpu": "1024",
            "enable_fault_injection": false,
            "ephemeral_storage": [],
            "execution_role_arn": "arn:aws:iam::235494798404:role/prod-beat-ecs-task-execution",
            "family": "prod-beat",
            "id": "prod-beat",
            "inference_accelerator": [],
            "ipc_mode": "",
            "memory": "3072",
            "network_mode": "awsvpc",
            "pid_mode": "",
            "placement_constraints": [],
            "proxy_configuration": [],
            "requires_compatibilities": [
              "FARGATE"
            ],
            "revision": 1,
            "runtime_platform": [
              {
                "cpu_architecture": "X86_64",
                "operating_system_family": "LINUX"
              }
            ],
            "skip_destroy": false,
            "tags": {},
            "tags_all": {},
            "task_role_arn": "arn:aws:iam::235494798404:role/prod-beat-ecs-task-execution",
            "track_latest": false,
            "volume": []
          },
          "sensitive_attributes": [],
          "private": "eyJzY2hlbWFfdmVyc2lvbiI6IjEifQ==",
          "dependencies": [
            "module.prod.module.iam.aws_iam_role.ecs_task_execution",
            "module.prod.module.iam.data.aws_caller_identity.current",
            "module.prod.module.iam.data.aws_iam_policy_document.sqs_access",
            "module.prod.module.region_us_west_1.data.aws_availability_zones.available",
            "module.prod.module.region_us_west_1.data.aws_region.region",
            "module.prod.module.region_us_west_1.module.cache.aws_elasticache_replication_group.redis_no_cluster",
            "module.prod.module.region_us_west_1.module.cache.aws_elasticache_subnet_group.redis_no_cluster",
            "module.prod.module.region_us_west_1.module.cache.data.aws_availability_zones.available",
            "module.prod.module.region_us_west_1.module.database.aws_db_instance.postgres",
            "module.prod.module.region_us_west_1.module.database.aws_db_subnet_group.postgres",
            "module.prod.module.region_us_west_1.module.ecr.aws_ecr_repository.repos",
            "module.prod.module.region_us_west_1.module.ecs.data.aws_caller_identity.current",
            "module.prod.module.region_us_west_1.module.env_vars.aws_secretsmanager_secret.secrets",
            "module.prod.module.region_us_west_1.module.env_vars.aws_ssm_parameter.env_vars",
            "module.prod.module.region_us_west_1.module.env_vars.data.aws_secretsmanager_random_password.db_password",
            "module.prod.module.region_us_west_1.module.sqs.aws_sqs_queue.dlq",
            "module.prod.module.region_us_west_1.module.sqs.aws_sqs_queue.long_running",
            "module.prod.module.region_us_west_1.module.sqs.aws_sqs_queue.user_interaction",
            "module.prod.module.region_us_west_1.module.vpc.aws_internet_gateway.igw",
            "module.prod.module.region_us_west_1.module.vpc.aws_route_table.private",
            "module.prod.module.region_us_west_1.module.vpc.aws_route_table.public",
            "module.prod.module.region_us_west_1.module.vpc.aws_security_group.data",
            "module.prod.module.region_us_west_1.module.vpc.aws_vpc.vpc",
            "module.prod.module.region_us_west_1.module.vpc.module.subnets_by_az.aws_route_table_association.rt-private-data",
            "module.prod.module.region_us_west_1.module.vpc.module.subnets_by_az.aws_route_table_association.rt-public-alb",
            "module.prod.module.region_us_west_1.module.vpc.module.subnets_by_az.aws_route_table_association.rt-public-app",
            "module.prod.module.region_us_west_1.module.vpc.module.subnets_by_az.aws_subnet.alb",
            "module.prod.module.region_us_west_1.module.vpc.module.subnets_by_az.aws_subnet.app",
            "module.prod.module.region_us_west_1.module.vpc.module.subnets_by_az.aws_subnet.data"
          ]
        },
        {
          "index_key": "celery",
          "schema_version": 1,
          "attributes": {
            "arn": "arn:aws:ecs:us-west-1:235494798404:task-definition/prod-celery:1",
            "arn_without_revision": "arn:aws:ecs:us-west-1:235494798404:task-definition/prod-celery",
            "container_definitions": "[{\"environment\":[],\"essential\":true,\"image\":\"235494798404.dkr.ecr.us-west-1.amazonaws.com/prod-celery:current\",\"logConfiguration\":{\"logDriver\":\"awslogs\",\"options\":{\"max-buffer-size\":\"25m\",\"awslogs-region\":\"us-west-1\",\"awslogs-stream-prefix\":\"ecs\",\"awslogs-group\":\"/ecs/prod/celery\",\"mode\":\"non-blocking\",\"awslogs-create-group\":\"true\"}},\"mountPoints\":[],\"name\":\"prod-celery\",\"portMappings\":[{\"appProtocol\":\"http\",\"containerPort\":443,\"hostPort\":443,\"name\":\"prod-celery-443-tcp\",\"protocol\":\"tcp\"}],\"secrets\":[{\"name\":\"DB_CAFILE_PATH\",\"valueFrom\":\"arn:aws:ssm:us-west-1:235494798404:parameter/ecs/prod/DB_CAFILE_PATH\"},{\"name\":\"DB_CREDENTIALS\",\"valueFrom\":\"arn:aws:secretsmanager:us-west-1:235494798404:secret:ecs/prod/DB_CREDENTIALS-wEYcDm\"},{\"name\":\"DB_HOST\",\"valueFrom\":\"arn:aws:ssm:us-west-1:235494798404:parameter/ecs/prod/DB_HOST\"},{\"name\":\"DB_NAME\",\"valueFrom\":\"arn:aws:ssm:us-west-1:235494798404:parameter/ecs/prod/DB_NAME\"},{\"name\":\"DB_PORT\",\"valueFrom\":\"arn:aws:ssm:us-west-1:235494798404:parameter/ecs/prod/DB_PORT\"},{\"name\":\"DEBUG\",\"valueFrom\":\"arn:aws:ssm:us-west-1:235494798404:parameter/ecs/prod/DEBUG\"},{\"name\":\"EMAIL_CREDENTIALS\",\"valueFrom\":\"arn:aws:secretsmanager:us-west-1:235494798404:secret:ecs/prod/EMAIL_CREDENTIALS-3SpGus\"},{\"name\":\"EMAIL_HOST\",\"valueFrom\":\"arn:aws:ssm:us-west-1:235494798404:parameter/ecs/prod/EMAIL_HOST\"},{\"name\":\"EMAIL_HOST_USER\",\"valueFrom\":\"arn:aws:ssm:us-west-1:235494798404:parameter/ecs/prod/EMAIL_HOST_USER\"},{\"name\":\"FMP_CREDENTIALS\",\"valueFrom\":\"arn:aws:secretsmanager:us-west-1:235494798404:secret:ecs/prod/FMP_CREDENTIALS-2QTVSq\"},{\"name\":\"PLAID_CREDENTIALS\",\"valueFrom\":\"arn:aws:secretsmanager:us-west-1:235494798404:secret:ecs/prod/PLAID_CREDENTIALS-31Qg6t\"},{\"name\":\"REDIS_CAFILE_PATH\",\"valueFrom\":\"arn:aws:ssm:us-west-1:235494798404:parameter/ecs/prod/REDIS_CAFILE_PATH\"},{\"name\":\"REDIS_HOST\",\"valueFrom\":\"arn:aws:ssm:us-west-1:235494798404:parameter/ecs/prod/REDIS_HOST\"},{\"name\":\"REDIS_PORT\",\"valueFrom\":\"arn:aws:ssm:us-west-1:235494798404:parameter/ecs/prod/REDIS_PORT\"},{\"name\":\"REDIS_URL\",\"valueFrom\":\"arn:aws:ssm:us-west-1:235494798404:parameter/ecs/prod/REDIS_URL\"},{\"name\":\"SQS_DLQ_URL\",\"valueFrom\":\"arn:aws:ssm:us-west-1:235494798404:parameter/ecs/prod/SQS_DLQ_URL\"},{\"name\":\"SQS_LONG_RUNNING_URL\",\"valueFrom\":\"arn:aws:ssm:us-west-1:235494798404:parameter/ecs/prod/SQS_LONG_RUNNING_URL\"},{\"name\":\"SQS_USER_INTERACTION_URL\",\"valueFrom\":\"arn:aws:ssm:us-west-1:235494798404:parameter/ecs/prod/SQS_USER_INTERACTION_URL\"}],\"systemControls\":[],\"volumesFrom\":[]}]",
            "cpu": "1024",
            "enable_fault_injection": false,
            "ephemeral_storage": [],
            "execution_role_arn": "arn:aws:iam::235494798404:role/prod-celery-ecs-task-execution",
            "family": "prod-celery",
            "id": "prod-celery",
            "inference_accelerator": [],
            "ipc_mode": "",
            "memory": "3072",
            "network_mode": "awsvpc",
            "pid_mode": "",
            "placement_constraints": [],
            "proxy_configuration": [],
            "requires_compatibilities": [
              "FARGATE"
            ],
            "revision": 1,
            "runtime_platform": [
              {
                "cpu_architecture": "X86_64",
                "operating_system_family": "LINUX"
              }
            ],
            "skip_destroy": false,
            "tags": {},
            "tags_all": {},
            "task_role_arn": "arn:aws:iam::235494798404:role/prod-celery-ecs-task-execution",
            "track_latest": false,
            "volume": []
          },
          "sensitive_attributes": [],
          "private": "eyJzY2hlbWFfdmVyc2lvbiI6IjEifQ==",
          "dependencies": [
            "module.prod.module.iam.aws_iam_role.ecs_task_execution",
            "module.prod.module.iam.data.aws_caller_identity.current",
            "module.prod.module.iam.data.aws_iam_policy_document.sqs_access",
            "module.prod.module.region_us_west_1.data.aws_availability_zones.available",
            "module.prod.module.region_us_west_1.data.aws_region.region",
            "module.prod.module.region_us_west_1.module.cache.aws_elasticache_replication_group.redis_no_cluster",
            "module.prod.module.region_us_west_1.module.cache.aws_elasticache_subnet_group.redis_no_cluster",
            "module.prod.module.region_us_west_1.module.cache.data.aws_availability_zones.available",
            "module.prod.module.region_us_west_1.module.database.aws_db_instance.postgres",
            "module.prod.module.region_us_west_1.module.database.aws_db_subnet_group.postgres",
            "module.prod.module.region_us_west_1.module.ecr.aws_ecr_repository.repos",
            "module.prod.module.region_us_west_1.module.ecs.data.aws_caller_identity.current",
            "module.prod.module.region_us_west_1.module.env_vars.aws_secretsmanager_secret.secrets",
            "module.prod.module.region_us_west_1.module.env_vars.aws_ssm_parameter.env_vars",
            "module.prod.module.region_us_west_1.module.env_vars.data.aws_secretsmanager_random_password.db_password",
            "module.prod.module.region_us_west_1.module.sqs.aws_sqs_queue.dlq",
            "module.prod.module.region_us_west_1.module.sqs.aws_sqs_queue.long_running",
            "module.prod.module.region_us_west_1.module.sqs.aws_sqs_queue.user_interaction",
            "module.prod.module.region_us_west_1.module.vpc.aws_internet_gateway.igw",
            "module.prod.module.region_us_west_1.module.vpc.aws_route_table.private",
            "module.prod.module.region_us_west_1.module.vpc.aws_route_table.public",
            "module.prod.module.region_us_west_1.module.vpc.aws_security_group.data",
            "module.prod.module.region_us_west_1.module.vpc.aws_vpc.vpc",
            "module.prod.module.region_us_west_1.module.vpc.module.subnets_by_az.aws_route_table_association.rt-private-data",
            "module.prod.module.region_us_west_1.module.vpc.module.subnets_by_az.aws_route_table_association.rt-public-alb",
            "module.prod.module.region_us_west_1.module.vpc.module.subnets_by_az.aws_route_table_association.rt-public-app",
            "module.prod.module.region_us_west_1.module.vpc.module.subnets_by_az.aws_subnet.alb",
            "module.prod.module.region_us_west_1.module.vpc.module.subnets_by_az.aws_subnet.app",
            "module.prod.module.region_us_west_1.module.vpc.module.subnets_by_az.aws_subnet.data"
          ]
        },
        {
          "index_key": "debug",
          "schema_version": 1,
          "attributes": {
            "arn": "arn:aws:ecs:us-west-1:235494798404:task-definition/prod-debug:1",
            "arn_without_revision": "arn:aws:ecs:us-west-1:235494798404:task-definition/prod-debug",
            "container_definitions": "[{\"command\":[\"tail\",\"-f\",\"/dev/null\"],\"environment\":[],\"essential\":true,\"image\":\"235494798404.dkr.ecr.us-west-1.amazonaws.com/prod-app:current\",\"logConfiguration\":{\"logDriver\":\"awslogs\",\"options\":{\"max-buffer-size\":\"25m\",\"awslogs-region\":\"us-west-1\",\"awslogs-stream-prefix\":\"ecs\",\"awslogs-group\":\"/ecs/prod/debug\",\"mode\":\"non-blocking\",\"awslogs-create-group\":\"true\"}},\"mountPoints\":[],\"name\":\"prod-debug\",\"portMappings\":[{\"appProtocol\":\"http\",\"containerPort\":443,\"hostPort\":443,\"name\":\"prod-debug-443-tcp\",\"protocol\":\"tcp\"}],\"secrets\":[{\"name\":\"DB_CAFILE_PATH\",\"valueFrom\":\"arn:aws:ssm:us-west-1:235494798404:parameter/ecs/prod/DB_CAFILE_PATH\"},{\"name\":\"DB_CREDENTIALS\",\"valueFrom\":\"arn:aws:secretsmanager:us-west-1:235494798404:secret:ecs/prod/DB_CREDENTIALS-wEYcDm\"},{\"name\":\"DB_HOST\",\"valueFrom\":\"arn:aws:ssm:us-west-1:235494798404:parameter/ecs/prod/DB_HOST\"},{\"name\":\"DB_NAME\",\"valueFrom\":\"arn:aws:ssm:us-west-1:235494798404:parameter/ecs/prod/DB_NAME\"},{\"name\":\"DB_PORT\",\"valueFrom\":\"arn:aws:ssm:us-west-1:235494798404:parameter/ecs/prod/DB_PORT\"},{\"name\":\"DEBUG\",\"valueFrom\":\"arn:aws:ssm:us-west-1:235494798404:parameter/ecs/prod/DEBUG\"},{\"name\":\"EMAIL_CREDENTIALS\",\"valueFrom\":\"arn:aws:secretsmanager:us-west-1:235494798404:secret:ecs/prod/EMAIL_CREDENTIALS-3SpGus\"},{\"name\":\"EMAIL_HOST\",\"valueFrom\":\"arn:aws:ssm:us-west-1:235494798404:parameter/ecs/prod/EMAIL_HOST\"},{\"name\":\"EMAIL_HOST_USER\",\"valueFrom\":\"arn:aws:ssm:us-west-1:235494798404:parameter/ecs/prod/EMAIL_HOST_USER\"},{\"name\":\"FMP_CREDENTIALS\",\"valueFrom\":\"arn:aws:secretsmanager:us-west-1:235494798404:secret:ecs/prod/FMP_CREDENTIALS-2QTVSq\"},{\"name\":\"PLAID_CREDENTIALS\",\"valueFrom\":\"arn:aws:secretsmanager:us-west-1:235494798404:secret:ecs/prod/PLAID_CREDENTIALS-31Qg6t\"},{\"name\":\"REDIS_CAFILE_PATH\",\"valueFrom\":\"arn:aws:ssm:us-west-1:235494798404:parameter/ecs/prod/REDIS_CAFILE_PATH\"},{\"name\":\"REDIS_HOST\",\"valueFrom\":\"arn:aws:ssm:us-west-1:235494798404:parameter/ecs/prod/REDIS_HOST\"},{\"name\":\"REDIS_PORT\",\"valueFrom\":\"arn:aws:ssm:us-west-1:235494798404:parameter/ecs/prod/REDIS_PORT\"},{\"name\":\"REDIS_URL\",\"valueFrom\":\"arn:aws:ssm:us-west-1:235494798404:parameter/ecs/prod/REDIS_URL\"},{\"name\":\"SQS_DLQ_URL\",\"valueFrom\":\"arn:aws:ssm:us-west-1:235494798404:parameter/ecs/prod/SQS_DLQ_URL\"},{\"name\":\"SQS_LONG_RUNNING_URL\",\"valueFrom\":\"arn:aws:ssm:us-west-1:235494798404:parameter/ecs/prod/SQS_LONG_RUNNING_URL\"},{\"name\":\"SQS_USER_INTERACTION_URL\",\"valueFrom\":\"arn:aws:ssm:us-west-1:235494798404:parameter/ecs/prod/SQS_USER_INTERACTION_URL\"}],\"systemControls\":[],\"volumesFrom\":[]}]",
            "cpu": "1024",
            "enable_fault_injection": false,
            "ephemeral_storage": [],
            "execution_role_arn": "arn:aws:iam::235494798404:role/prod-app-ecs-task-execution",
            "family": "prod-debug",
            "id": "prod-debug",
            "inference_accelerator": [],
            "ipc_mode": "",
            "memory": "3072",
            "network_mode": "awsvpc",
            "pid_mode": "",
            "placement_constraints": [],
            "proxy_configuration": [],
            "requires_compatibilities": [
              "FARGATE"
            ],
            "revision": 1,
            "runtime_platform": [
              {
                "cpu_architecture": "X86_64",
                "operating_system_family": "LINUX"
              }
            ],
            "skip_destroy": false,
            "tags": {},
            "tags_all": {},
            "task_role_arn": "arn:aws:iam::235494798404:role/prod-app-ecs-task-execution",
            "track_latest": false,
            "volume": []
          },
          "sensitive_attributes": [],
          "private": "eyJzY2hlbWFfdmVyc2lvbiI6IjEifQ==",
          "dependencies": [
            "module.prod.module.iam.aws_iam_role.ecs_task_execution",
            "module.prod.module.iam.data.aws_caller_identity.current",
            "module.prod.module.iam.data.aws_iam_policy_document.sqs_access",
            "module.prod.module.region_us_west_1.data.aws_availability_zones.available",
            "module.prod.module.region_us_west_1.data.aws_region.region",
            "module.prod.module.region_us_west_1.module.cache.aws_elasticache_replication_group.redis_no_cluster",
            "module.prod.module.region_us_west_1.module.cache.aws_elasticache_subnet_group.redis_no_cluster",
            "module.prod.module.region_us_west_1.module.cache.data.aws_availability_zones.available",
            "module.prod.module.region_us_west_1.module.database.aws_db_instance.postgres",
            "module.prod.module.region_us_west_1.module.database.aws_db_subnet_group.postgres",
            "module.prod.module.region_us_west_1.module.ecr.aws_ecr_repository.repos",
            "module.prod.module.region_us_west_1.module.ecs.data.aws_caller_identity.current",
            "module.prod.module.region_us_west_1.module.env_vars.aws_secretsmanager_secret.secrets",
            "module.prod.module.region_us_west_1.module.env_vars.aws_ssm_parameter.env_vars",
            "module.prod.module.region_us_west_1.module.env_vars.data.aws_secretsmanager_random_password.db_password",
            "module.prod.module.region_us_west_1.module.sqs.aws_sqs_queue.dlq",
            "module.prod.module.region_us_west_1.module.sqs.aws_sqs_queue.long_running",
            "module.prod.module.region_us_west_1.module.sqs.aws_sqs_queue.user_interaction",
            "module.prod.module.region_us_west_1.module.vpc.aws_internet_gateway.igw",
            "module.prod.module.region_us_west_1.module.vpc.aws_route_table.private",
            "module.prod.module.region_us_west_1.module.vpc.aws_route_table.public",
            "module.prod.module.region_us_west_1.module.vpc.aws_security_group.data",
            "module.prod.module.region_us_west_1.module.vpc.aws_vpc.vpc",
            "module.prod.module.region_us_west_1.module.vpc.module.subnets_by_az.aws_route_table_association.rt-private-data",
            "module.prod.module.region_us_west_1.module.vpc.module.subnets_by_az.aws_route_table_association.rt-public-alb",
            "module.prod.module.region_us_west_1.module.vpc.module.subnets_by_az.aws_route_table_association.rt-public-app",
            "module.prod.module.region_us_west_1.module.vpc.module.subnets_by_az.aws_subnet.alb",
            "module.prod.module.region_us_west_1.module.vpc.module.subnets_by_az.aws_subnet.app",
            "module.prod.module.region_us_west_1.module.vpc.module.subnets_by_az.aws_subnet.data"
          ]
        }
      ]
    },
    {
      "module": "module.prod.module.region_us_west_1[0].module.ecs",
      "mode": "managed",
      "type": "aws_lb",
      "name": "app",
      "provider": "provider[\"registry.terraform.io/hashicorp/aws\"].us_west_1",
      "instances": [
        {
          "schema_version": 0,
          "attributes": {
            "access_logs": [
              {
                "bucket": "",
                "enabled": false,
                "prefix": ""
              }
            ],
            "arn": "arn:aws:elasticloadbalancing:us-west-1:235494798404:loadbalancer/app/prod-alb/0f53a896632f5ade",
            "arn_suffix": "app/prod-alb/0f53a896632f5ade",
            "client_keep_alive": 3600,
            "connection_logs": [
              {
                "bucket": "",
                "enabled": false,
                "prefix": ""
              }
            ],
            "customer_owned_ipv4_pool": "",
            "desync_mitigation_mode": "defensive",
            "dns_name": "prod-alb-78963522.us-west-1.elb.amazonaws.com",
            "dns_record_client_routing_policy": null,
            "drop_invalid_header_fields": false,
            "enable_cross_zone_load_balancing": true,
            "enable_deletion_protection": false,
            "enable_http2": true,
            "enable_tls_version_and_cipher_suite_headers": false,
            "enable_waf_fail_open": false,
            "enable_xff_client_port": false,
            "enable_zonal_shift": false,
            "enforce_security_group_inbound_rules_on_private_link_traffic": "",
            "id": "arn:aws:elasticloadbalancing:us-west-1:235494798404:loadbalancer/app/prod-alb/0f53a896632f5ade",
            "idle_timeout": 60,
            "internal": false,
            "ip_address_type": "ipv4",
            "ipam_pools": [],
            "load_balancer_type": "application",
            "name": "prod-alb",
            "name_prefix": "",
            "preserve_host_header": false,
            "security_groups": [
              "sg-05217daa36595aadf"
            ],
            "subnet_mapping": [
              {
                "allocation_id": "",
                "ipv6_address": "",
                "outpost_id": "",
                "private_ipv4_address": "",
                "subnet_id": "subnet-013dc1d9188780f8d"
              },
              {
                "allocation_id": "",
                "ipv6_address": "",
                "outpost_id": "",
                "private_ipv4_address": "",
                "subnet_id": "subnet-060a15520a1b9f03d"
              }
            ],
            "subnets": [
              "subnet-013dc1d9188780f8d",
              "subnet-060a15520a1b9f03d"
            ],
            "tags": {},
            "tags_all": {},
            "timeouts": null,
            "vpc_id": "vpc-0e2e9e81716a8b74a",
            "xff_header_processing_mode": "append",
            "zone_id": "Z368ELLRRE2KJ0"
          },
          "sensitive_attributes": [],
          "private": "eyJlMmJmYjczMC1lY2FhLTExZTYtOGY4OC0zNDM2M2JjN2M0YzAiOnsiY3JlYXRlIjo2MDAwMDAwMDAwMDAsImRlbGV0ZSI6NjAwMDAwMDAwMDAwLCJ1cGRhdGUiOjYwMDAwMDAwMDAwMH19",
          "dependencies": [
            "module.prod.module.region_us_west_1.data.aws_availability_zones.available",
            "module.prod.module.region_us_west_1.module.vpc.aws_internet_gateway.igw",
            "module.prod.module.region_us_west_1.module.vpc.aws_route_table.private",
            "module.prod.module.region_us_west_1.module.vpc.aws_route_table.public",
            "module.prod.module.region_us_west_1.module.vpc.aws_security_group.alb",
            "module.prod.module.region_us_west_1.module.vpc.aws_vpc.vpc",
            "module.prod.module.region_us_west_1.module.vpc.module.subnets_by_az.aws_route_table_association.rt-private-data",
            "module.prod.module.region_us_west_1.module.vpc.module.subnets_by_az.aws_route_table_association.rt-public-alb",
            "module.prod.module.region_us_west_1.module.vpc.module.subnets_by_az.aws_route_table_association.rt-public-app",
            "module.prod.module.region_us_west_1.module.vpc.module.subnets_by_az.aws_subnet.alb",
            "module.prod.module.region_us_west_1.module.vpc.module.subnets_by_az.aws_subnet.app",
            "module.prod.module.region_us_west_1.module.vpc.module.subnets_by_az.aws_subnet.data"
          ]
        }
      ]
    },
    {
      "module": "module.prod.module.region_us_west_1[0].module.ecs",
      "mode": "managed",
      "type": "aws_lb_listener",
      "name": "https",
      "provider": "provider[\"registry.terraform.io/hashicorp/aws\"].us_west_1",
      "instances": [
        {
          "schema_version": 0,
          "attributes": {
            "alpn_policy": null,
            "arn": "arn:aws:elasticloadbalancing:us-west-1:235494798404:listener/app/prod-alb/0f53a896632f5ade/b3f5bba6bcbb65a1",
            "certificate_arn": "arn:aws:acm:us-west-1:235494798404:certificate/e95bae0b-48e9-4405-9827-fa51c3d28e76",
            "default_action": [
              {
                "authenticate_cognito": [],
                "authenticate_oidc": [],
                "fixed_response": [],
                "forward": [],
                "order": 1,
                "redirect": [],
                "target_group_arn": "arn:aws:elasticloadbalancing:us-west-1:235494798404:targetgroup/prod-target/92e0797d9ef6e252",
                "type": "forward"
              }
            ],
            "id": "arn:aws:elasticloadbalancing:us-west-1:235494798404:listener/app/prod-alb/0f53a896632f5ade/b3f5bba6bcbb65a1",
            "load_balancer_arn": "arn:aws:elasticloadbalancing:us-west-1:235494798404:loadbalancer/app/prod-alb/0f53a896632f5ade",
            "mutual_authentication": [
              {
                "advertise_trust_store_ca_names": "",
                "ignore_client_certificate_expiry": false,
                "mode": "off",
                "trust_store_arn": ""
              }
            ],
            "port": 443,
            "protocol": "HTTPS",
            "routing_http_request_x_amzn_mtls_clientcert_header_name": "",
            "routing_http_request_x_amzn_mtls_clientcert_issuer_header_name": "",
            "routing_http_request_x_amzn_mtls_clientcert_leaf_header_name": "",
            "routing_http_request_x_amzn_mtls_clientcert_serial_number_header_name": "",
            "routing_http_request_x_amzn_mtls_clientcert_subject_header_name": "",
            "routing_http_request_x_amzn_mtls_clientcert_validity_header_name": "",
            "routing_http_request_x_amzn_tls_cipher_suite_header_name": "",
            "routing_http_request_x_amzn_tls_version_header_name": "",
            "routing_http_response_access_control_allow_credentials_header_value": "",
            "routing_http_response_access_control_allow_headers_header_value": "",
            "routing_http_response_access_control_allow_methods_header_value": "",
            "routing_http_response_access_control_allow_origin_header_value": "",
            "routing_http_response_access_control_expose_headers_header_value": "",
            "routing_http_response_access_control_max_age_header_value": "",
            "routing_http_response_content_security_policy_header_value": "",
            "routing_http_response_server_enabled": false,
            "routing_http_response_strict_transport_security_header_value": "",
            "routing_http_response_x_content_type_options_header_value": "",
            "routing_http_response_x_frame_options_header_value": "",
            "ssl_policy": "ELBSecurityPolicy-TLS13-1-2-2021-06",
            "tags": null,
            "tags_all": {},
            "tcp_idle_timeout_seconds": null,
            "timeouts": null
          },
          "sensitive_attributes": [],
          "private": "eyJlMmJmYjczMC1lY2FhLTExZTYtOGY4OC0zNDM2M2JjN2M0YzAiOnsiY3JlYXRlIjozMDAwMDAwMDAwMDAsInVwZGF0ZSI6MzAwMDAwMDAwMDAwfX0=",
          "dependencies": [
            "module.domain_records.aws_route53_record.alb_cert_validation",
            "module.domain_records.data.aws_route53_zone.hosted_zone",
            "module.prod.module.region_us_west_1.data.aws_availability_zones.available",
            "module.prod.module.region_us_west_1.module.acm_cert.aws_acm_certificate.alb",
            "module.prod.module.region_us_west_1.module.acm_cert.aws_acm_certificate_validation.alb",
            "module.prod.module.region_us_west_1.module.ecs.aws_lb.app",
            "module.prod.module.region_us_west_1.module.ecs.aws_lb_target_group.ecs",
            "module.prod.module.region_us_west_1.module.vpc.aws_internet_gateway.igw",
            "module.prod.module.region_us_west_1.module.vpc.aws_route_table.private",
            "module.prod.module.region_us_west_1.module.vpc.aws_route_table.public",
            "module.prod.module.region_us_west_1.module.vpc.aws_security_group.alb",
            "module.prod.module.region_us_west_1.module.vpc.aws_vpc.vpc",
            "module.prod.module.region_us_west_1.module.vpc.module.subnets_by_az.aws_route_table_association.rt-private-data",
            "module.prod.module.region_us_west_1.module.vpc.module.subnets_by_az.aws_route_table_association.rt-public-alb",
            "module.prod.module.region_us_west_1.module.vpc.module.subnets_by_az.aws_route_table_association.rt-public-app",
            "module.prod.module.region_us_west_1.module.vpc.module.subnets_by_az.aws_subnet.alb",
            "module.prod.module.region_us_west_1.module.vpc.module.subnets_by_az.aws_subnet.app",
            "module.prod.module.region_us_west_1.module.vpc.module.subnets_by_az.aws_subnet.data"
          ]
        }
      ]
    },
    {
      "module": "module.prod.module.region_us_west_1[0].module.ecs",
      "mode": "managed",
      "type": "aws_lb_target_group",
      "name": "ecs",
      "provider": "provider[\"registry.terraform.io/hashicorp/aws\"].us_west_1",
      "instances": [
        {
          "schema_version": 0,
          "attributes": {
            "arn": "arn:aws:elasticloadbalancing:us-west-1:235494798404:targetgroup/prod-target/92e0797d9ef6e252",
            "arn_suffix": "targetgroup/prod-target/92e0797d9ef6e252",
            "connection_termination": null,
            "deregistration_delay": "300",
            "health_check": [
              {
                "enabled": true,
                "healthy_threshold": 2,
                "interval": 30,
                "matcher": "200-299",
                "path": "/",
                "port": "traffic-port",
                "protocol": "HTTPS",
                "timeout": 5,
                "unhealthy_threshold": 2
              }
            ],
            "id": "arn:aws:elasticloadbalancing:us-west-1:235494798404:targetgroup/prod-target/92e0797d9ef6e252",
            "ip_address_type": "ipv4",
            "lambda_multi_value_headers_enabled": false,
            "load_balancer_arns": [],
            "load_balancing_algorithm_type": "round_robin",
            "load_balancing_anomaly_mitigation": "off",
            "load_balancing_cross_zone_enabled": "use_load_balancer_configuration",
            "name": "prod-target",
            "name_prefix": "",
            "port": 443,
            "preserve_client_ip": null,
            "protocol": "HTTPS",
            "protocol_version": "HTTP1",
            "proxy_protocol_v2": false,
            "slow_start": 0,
            "stickiness": [
              {
                "cookie_duration": 86400,
                "cookie_name": "",
                "enabled": false,
                "type": "lb_cookie"
              }
            ],
            "tags": {},
            "tags_all": {},
            "target_failover": [
              {
                "on_deregistration": null,
                "on_unhealthy": null
              }
            ],
            "target_group_health": [
              {
                "dns_failover": [
                  {
                    "minimum_healthy_targets_count": "1",
                    "minimum_healthy_targets_percentage": "off"
                  }
                ],
                "unhealthy_state_routing": [
                  {
                    "minimum_healthy_targets_count": 1,
                    "minimum_healthy_targets_percentage": "off"
                  }
                ]
              }
            ],
            "target_health_state": [
              {
                "enable_unhealthy_connection_termination": null,
                "unhealthy_draining_interval": null
              }
            ],
            "target_type": "ip",
            "vpc_id": "vpc-0e2e9e81716a8b74a"
          },
          "sensitive_attributes": [],
          "private": "bnVsbA==",
          "dependencies": [
            "module.prod.module.region_us_west_1.module.vpc.aws_vpc.vpc"
          ]
        }
      ]
    },
    {
      "module": "module.prod.module.region_us_west_1[0].module.env_vars",
      "mode": "data",
      "type": "aws_secretsmanager_random_password",
      "name": "db_password",
      "provider": "provider[\"registry.terraform.io/hashicorp/aws\"].us_west_1",
      "instances": [
        {
          "schema_version": 0,
          "attributes": {
            "exclude_characters": "/'\"@\u0026",
            "exclude_lowercase": null,
            "exclude_numbers": null,
            "exclude_punctuation": null,
            "exclude_uppercase": null,
            "id": "n4WhLcP?k*`~|\u003caztB#eg8detr]Dc`?!",
            "include_space": null,
            "password_length": 32,
            "random_password": "n4WhLcP?k*`~|\u003caztB#eg8detr]Dc`?!",
            "require_each_included_type": null
          },
          "sensitive_attributes": []
        }
      ]
    },
    {
      "module": "module.prod.module.region_us_west_1[0].module.env_vars",
      "mode": "managed",
      "type": "aws_secretsmanager_secret",
      "name": "secrets",
      "provider": "provider[\"registry.terraform.io/hashicorp/aws\"].us_west_1",
      "instances": [
        {
          "index_key": "DB_CREDENTIALS",
          "schema_version": 0,
          "attributes": {
            "arn": "arn:aws:secretsmanager:us-west-1:235494798404:secret:ecs/prod/DB_CREDENTIALS-wEYcDm",
            "description": "",
            "force_overwrite_replica_secret": false,
            "id": "arn:aws:secretsmanager:us-west-1:235494798404:secret:ecs/prod/DB_CREDENTIALS-wEYcDm",
            "kms_key_id": "",
            "name": "ecs/prod/DB_CREDENTIALS",
            "name_prefix": "",
            "policy": "{\"Statement\":[{\"Action\":\"secretsmanager:GetSecretValue\",\"Effect\":\"Allow\",\"Principal\":{\"AWS\":\"*\"},\"Resource\":\"arn:aws:secretsmanager:us-west-1:235494798404:secret:ecs/prod/*\"}],\"Version\":\"2012-10-17\"}",
            "recovery_window_in_days": 30,
            "replica": [],
            "tags": {},
            "tags_all": {}
          },
          "sensitive_attributes": [],
          "private": "bnVsbA==",
          "dependencies": [
            "module.prod.module.region_us_west_1.module.env_vars.data.aws_secretsmanager_random_password.db_password"
          ]
        },
        {
          "index_key": "EMAIL_CREDENTIALS",
          "schema_version": 0,
          "attributes": {
            "arn": "arn:aws:secretsmanager:us-west-1:235494798404:secret:ecs/prod/EMAIL_CREDENTIALS-3SpGus",
            "description": "",
            "force_overwrite_replica_secret": false,
            "id": "arn:aws:secretsmanager:us-west-1:235494798404:secret:ecs/prod/EMAIL_CREDENTIALS-3SpGus",
            "kms_key_id": "",
            "name": "ecs/prod/EMAIL_CREDENTIALS",
            "name_prefix": "",
            "policy": "{\"Statement\":[{\"Action\":\"secretsmanager:GetSecretValue\",\"Effect\":\"Allow\",\"Principal\":{\"AWS\":\"*\"},\"Resource\":\"arn:aws:secretsmanager:us-west-1:235494798404:secret:ecs/prod/*\"}],\"Version\":\"2012-10-17\"}",
            "recovery_window_in_days": 30,
            "replica": [],
            "tags": {},
            "tags_all": {}
          },
          "sensitive_attributes": [],
          "private": "bnVsbA==",
          "dependencies": [
            "module.prod.module.region_us_west_1.module.env_vars.data.aws_secretsmanager_random_password.db_password"
          ]
        },
        {
          "index_key": "FMP_CREDENTIALS",
          "schema_version": 0,
          "attributes": {
            "arn": "arn:aws:secretsmanager:us-west-1:235494798404:secret:ecs/prod/FMP_CREDENTIALS-2QTVSq",
            "description": "",
            "force_overwrite_replica_secret": false,
            "id": "arn:aws:secretsmanager:us-west-1:235494798404:secret:ecs/prod/FMP_CREDENTIALS-2QTVSq",
            "kms_key_id": "",
            "name": "ecs/prod/FMP_CREDENTIALS",
            "name_prefix": "",
            "policy": "{\"Statement\":[{\"Action\":\"secretsmanager:GetSecretValue\",\"Effect\":\"Allow\",\"Principal\":{\"AWS\":\"*\"},\"Resource\":\"arn:aws:secretsmanager:us-west-1:235494798404:secret:ecs/prod/*\"}],\"Version\":\"2012-10-17\"}",
            "recovery_window_in_days": 30,
            "replica": [],
            "tags": {},
            "tags_all": {}
          },
          "sensitive_attributes": [],
          "private": "bnVsbA==",
          "dependencies": [
            "module.prod.module.region_us_west_1.module.env_vars.data.aws_secretsmanager_random_password.db_password"
          ]
        },
        {
          "index_key": "PLAID_CREDENTIALS",
          "schema_version": 0,
          "attributes": {
            "arn": "arn:aws:secretsmanager:us-west-1:235494798404:secret:ecs/prod/PLAID_CREDENTIALS-31Qg6t",
            "description": "",
            "force_overwrite_replica_secret": false,
            "id": "arn:aws:secretsmanager:us-west-1:235494798404:secret:ecs/prod/PLAID_CREDENTIALS-31Qg6t",
            "kms_key_id": "",
            "name": "ecs/prod/PLAID_CREDENTIALS",
            "name_prefix": "",
            "policy": "{\"Statement\":[{\"Action\":\"secretsmanager:GetSecretValue\",\"Effect\":\"Allow\",\"Principal\":{\"AWS\":\"*\"},\"Resource\":\"arn:aws:secretsmanager:us-west-1:235494798404:secret:ecs/prod/*\"}],\"Version\":\"2012-10-17\"}",
            "recovery_window_in_days": 30,
            "replica": [],
            "tags": {},
            "tags_all": {}
          },
          "sensitive_attributes": [],
          "private": "bnVsbA==",
          "dependencies": [
            "module.prod.module.region_us_west_1.module.env_vars.data.aws_secretsmanager_random_password.db_password"
          ]
        }
      ]
    },
    {
      "module": "module.prod.module.region_us_west_1[0].module.env_vars",
      "mode": "managed",
      "type": "aws_secretsmanager_secret_policy",
      "name": "secret_policies",
      "provider": "provider[\"registry.terraform.io/hashicorp/aws\"].us_west_1",
      "instances": [
        {
          "index_key": "DB_CREDENTIALS",
          "schema_version": 0,
          "attributes": {
            "block_public_policy": null,
            "id": "arn:aws:secretsmanager:us-west-1:235494798404:secret:ecs/prod/DB_CREDENTIALS-wEYcDm",
            "policy": "{\"Statement\":[{\"Action\":\"secretsmanager:GetSecretValue\",\"Effect\":\"Allow\",\"Principal\":{\"AWS\":\"*\"},\"Resource\":\"arn:aws:secretsmanager:us-west-1:235494798404:secret:ecs/prod/*\"}],\"Version\":\"2012-10-17\"}",
            "secret_arn": "arn:aws:secretsmanager:us-west-1:235494798404:secret:ecs/prod/DB_CREDENTIALS-wEYcDm"
          },
          "sensitive_attributes": [],
          "private": "bnVsbA==",
          "dependencies": [
            "module.prod.module.iam.data.aws_caller_identity.current",
            "module.prod.module.iam.data.aws_iam_policy_document.secret_policy_doc",
            "module.prod.module.region_us_west_1.module.env_vars.aws_secretsmanager_secret.secrets",
            "module.prod.module.region_us_west_1.module.env_vars.data.aws_secretsmanager_random_password.db_password"
          ]
        },
        {
          "index_key": "EMAIL_CREDENTIALS",
          "schema_version": 0,
          "attributes": {
            "block_public_policy": null,
            "id": "arn:aws:secretsmanager:us-west-1:235494798404:secret:ecs/prod/EMAIL_CREDENTIALS-3SpGus",
            "policy": "{\"Statement\":[{\"Action\":\"secretsmanager:GetSecretValue\",\"Effect\":\"Allow\",\"Principal\":{\"AWS\":\"*\"},\"Resource\":\"arn:aws:secretsmanager:us-west-1:235494798404:secret:ecs/prod/*\"}],\"Version\":\"2012-10-17\"}",
            "secret_arn": "arn:aws:secretsmanager:us-west-1:235494798404:secret:ecs/prod/EMAIL_CREDENTIALS-3SpGus"
          },
          "sensitive_attributes": [],
          "private": "bnVsbA==",
          "dependencies": [
            "module.prod.module.iam.data.aws_caller_identity.current",
            "module.prod.module.iam.data.aws_iam_policy_document.secret_policy_doc",
            "module.prod.module.region_us_west_1.module.env_vars.aws_secretsmanager_secret.secrets",
            "module.prod.module.region_us_west_1.module.env_vars.data.aws_secretsmanager_random_password.db_password"
          ]
        },
        {
          "index_key": "FMP_CREDENTIALS",
          "schema_version": 0,
          "attributes": {
            "block_public_policy": null,
            "id": "arn:aws:secretsmanager:us-west-1:235494798404:secret:ecs/prod/FMP_CREDENTIALS-2QTVSq",
            "policy": "{\"Statement\":[{\"Action\":\"secretsmanager:GetSecretValue\",\"Effect\":\"Allow\",\"Principal\":{\"AWS\":\"*\"},\"Resource\":\"arn:aws:secretsmanager:us-west-1:235494798404:secret:ecs/prod/*\"}],\"Version\":\"2012-10-17\"}",
            "secret_arn": "arn:aws:secretsmanager:us-west-1:235494798404:secret:ecs/prod/FMP_CREDENTIALS-2QTVSq"
          },
          "sensitive_attributes": [],
          "private": "bnVsbA==",
          "dependencies": [
            "module.prod.module.iam.data.aws_caller_identity.current",
            "module.prod.module.iam.data.aws_iam_policy_document.secret_policy_doc",
            "module.prod.module.region_us_west_1.module.env_vars.aws_secretsmanager_secret.secrets",
            "module.prod.module.region_us_west_1.module.env_vars.data.aws_secretsmanager_random_password.db_password"
          ]
        },
        {
          "index_key": "PLAID_CREDENTIALS",
          "schema_version": 0,
          "attributes": {
            "block_public_policy": null,
            "id": "arn:aws:secretsmanager:us-west-1:235494798404:secret:ecs/prod/PLAID_CREDENTIALS-31Qg6t",
            "policy": "{\"Statement\":[{\"Action\":\"secretsmanager:GetSecretValue\",\"Effect\":\"Allow\",\"Principal\":{\"AWS\":\"*\"},\"Resource\":\"arn:aws:secretsmanager:us-west-1:235494798404:secret:ecs/prod/*\"}],\"Version\":\"2012-10-17\"}",
            "secret_arn": "arn:aws:secretsmanager:us-west-1:235494798404:secret:ecs/prod/PLAID_CREDENTIALS-31Qg6t"
          },
          "sensitive_attributes": [],
          "private": "bnVsbA==",
          "dependencies": [
            "module.prod.module.iam.data.aws_caller_identity.current",
            "module.prod.module.iam.data.aws_iam_policy_document.secret_policy_doc",
            "module.prod.module.region_us_west_1.module.env_vars.aws_secretsmanager_secret.secrets",
            "module.prod.module.region_us_west_1.module.env_vars.data.aws_secretsmanager_random_password.db_password"
          ]
        }
      ]
    },
    {
      "module": "module.prod.module.region_us_west_1[0].module.env_vars",
      "mode": "managed",
      "type": "aws_secretsmanager_secret_version",
      "name": "secret_values",
      "provider": "provider[\"registry.terraform.io/hashicorp/aws\"].us_west_1",
      "instances": [
        {
          "index_key": "DB_CREDENTIALS",
          "schema_version": 0,
          "attributes": {
            "arn": "arn:aws:secretsmanager:us-west-1:235494798404:secret:ecs/prod/DB_CREDENTIALS-wEYcDm",
            "has_secret_string_wo": null,
            "id": "arn:aws:secretsmanager:us-west-1:235494798404:secret:ecs/prod/DB_CREDENTIALS-wEYcDm|terraform-20250405191753742300000001",
            "secret_binary": "",
            "secret_id": "arn:aws:secretsmanager:us-west-1:235494798404:secret:ecs/prod/DB_CREDENTIALS-wEYcDm",
            "secret_string": "{\"password\":\"n4WhLcP?k*`~|\\u003caztB#eg8detr]Dc`?!\",\"username\":\"proddb\"}",
            "secret_string_wo": null,
            "secret_string_wo_version": null,
            "version_id": "terraform-20250405191753742300000001",
            "version_stages": [
              "AWSCURRENT"
            ]
          },
          "sensitive_attributes": [
            [
              {
                "type": "get_attr",
                "value": "secret_string"
              }
            ],
            [
              {
                "type": "get_attr",
                "value": "secret_binary"
              }
            ],
            [
              {
                "type": "get_attr",
                "value": "secret_string_wo"
              }
            ]
          ],
          "private": "bnVsbA==",
          "dependencies": [
            "module.prod.module.region_us_west_1.module.env_vars.aws_secretsmanager_secret.secrets",
            "module.prod.module.region_us_west_1.module.env_vars.data.aws_secretsmanager_random_password.db_password"
          ]
        },
        {
          "index_key": "EMAIL_CREDENTIALS",
          "schema_version": 0,
          "attributes": {
            "arn": "arn:aws:secretsmanager:us-west-1:235494798404:secret:ecs/prod/EMAIL_CREDENTIALS-3SpGus",
            "has_secret_string_wo": null,
            "id": "arn:aws:secretsmanager:us-west-1:235494798404:secret:ecs/prod/EMAIL_CREDENTIALS-3SpGus|terraform-20250405115421183500000001",
            "secret_binary": "",
            "secret_id": "arn:aws:secretsmanager:us-west-1:235494798404:secret:ecs/prod/EMAIL_CREDENTIALS-3SpGus",
            "secret_string": "{\"EMAIL_HOST_PASSWORD\":\"izyaqueugqtaiiwh\",\"EMAIL_HOST_USER\":\"notifications@bu-ul.com\"}",
            "secret_string_wo": null,
            "secret_string_wo_version": null,
            "version_id": "terraform-20250405115421183500000001",
            "version_stages": [
              "AWSCURRENT"
            ]
          },
          "sensitive_attributes": [
            [
              {
                "type": "get_attr",
                "value": "secret_string"
              }
            ],
            [
              {
                "type": "get_attr",
                "value": "secret_string_wo"
              }
            ],
            [
              {
                "type": "get_attr",
                "value": "secret_binary"
              }
            ]
          ],
          "private": "bnVsbA==",
          "dependencies": [
            "module.prod.module.region_us_west_1.module.env_vars.aws_secretsmanager_secret.secrets",
            "module.prod.module.region_us_west_1.module.env_vars.data.aws_secretsmanager_random_password.db_password"
          ]
        },
        {
          "index_key": "FMP_CREDENTIALS",
          "schema_version": 0,
          "attributes": {
            "arn": "arn:aws:secretsmanager:us-west-1:235494798404:secret:ecs/prod/FMP_CREDENTIALS-2QTVSq",
            "has_secret_string_wo": null,
            "id": "arn:aws:secretsmanager:us-west-1:235494798404:secret:ecs/prod/FMP_CREDENTIALS-2QTVSq|terraform-20250405105915978300000008",
            "secret_binary": "",
            "secret_id": "arn:aws:secretsmanager:us-west-1:235494798404:secret:ecs/prod/FMP_CREDENTIALS-2QTVSq",
            "secret_string": "{\"FMP_KEY\":\"I43MDWYS5CSPVrNprVkRitsfyA12q4Zc\"}",
            "secret_string_wo": null,
            "secret_string_wo_version": null,
            "version_id": "terraform-20250405105915978300000008",
            "version_stages": [
              "AWSCURRENT"
            ]
          },
          "sensitive_attributes": [
            [
              {
                "type": "get_attr",
                "value": "secret_string_wo"
              }
            ],
            [
              {
                "type": "get_attr",
                "value": "secret_binary"
              }
            ],
            [
              {
                "type": "get_attr",
                "value": "secret_string"
              }
            ]
          ],
          "private": "bnVsbA==",
          "dependencies": [
            "module.prod.module.region_us_west_1.module.env_vars.aws_secretsmanager_secret.secrets",
            "module.prod.module.region_us_west_1.module.env_vars.data.aws_secretsmanager_random_password.db_password"
          ]
        },
        {
          "index_key": "PLAID_CREDENTIALS",
          "schema_version": 0,
          "attributes": {
            "arn": "arn:aws:secretsmanager:us-west-1:235494798404:secret:ecs/prod/PLAID_CREDENTIALS-31Qg6t",
            "has_secret_string_wo": null,
            "id": "arn:aws:secretsmanager:us-west-1:235494798404:secret:ecs/prod/PLAID_CREDENTIALS-31Qg6t|terraform-20250405105915391600000005",
            "secret_binary": "",
            "secret_id": "arn:aws:secretsmanager:us-west-1:235494798404:secret:ecs/prod/PLAID_CREDENTIALS-31Qg6t",
            "secret_string": "{\"PLAID_CLIENT_ID\":\"var.plaid_client_id\",\"PLAID_HOST\":\"var.plaid_host\",\"PLAID_SECRET\":\"var.plaid_secret\"}",
            "secret_string_wo": null,
            "secret_string_wo_version": null,
            "version_id": "terraform-20250405105915391600000005",
            "version_stages": [
              "AWSCURRENT"
            ]
          },
          "sensitive_attributes": [
            [
              {
                "type": "get_attr",
                "value": "secret_string_wo"
              }
            ],
            [
              {
                "type": "get_attr",
                "value": "secret_binary"
              }
            ],
            [
              {
                "type": "get_attr",
                "value": "secret_string"
              }
            ]
          ],
          "private": "bnVsbA==",
          "dependencies": [
            "module.prod.module.region_us_west_1.module.env_vars.aws_secretsmanager_secret.secrets",
            "module.prod.module.region_us_west_1.module.env_vars.data.aws_secretsmanager_random_password.db_password"
          ]
        }
      ]
    },
    {
      "module": "module.prod.module.region_us_west_1[0].module.env_vars",
      "mode": "managed",
      "type": "aws_ssm_parameter",
      "name": "env_vars",
      "provider": "provider[\"registry.terraform.io/hashicorp/aws\"].us_west_1",
      "instances": [
        {
          "index_key": "DB_CAFILE_PATH",
          "schema_version": 0,
          "attributes": {
            "allowed_pattern": "",
            "arn": "arn:aws:ssm:us-west-1:235494798404:parameter/ecs/prod/DB_CAFILE_PATH",
            "data_type": "text",
            "description": "",
            "has_value_wo": null,
            "id": "/ecs/prod/DB_CAFILE_PATH",
            "insecure_value": null,
            "key_id": "",
            "name": "/ecs/prod/DB_CAFILE_PATH",
            "overwrite": null,
            "tags": {},
            "tags_all": {},
            "tier": "Standard",
            "type": "String",
            "value": "/code/conf_files/rds-us-west-1-bundle.pem",
            "value_wo": null,
            "value_wo_version": null,
            "version": 1
          },
          "sensitive_attributes": [
            [
              {
                "type": "get_attr",
                "value": "value_wo"
              }
            ],
            [
              {
                "type": "get_attr",
                "value": "value"
              }
            ]
          ],
          "private": "bnVsbA==",
          "dependencies": [
            "module.prod.module.iam.aws_iam_role.ecs_task_execution",
            "module.prod.module.iam.data.aws_caller_identity.current",
            "module.prod.module.iam.data.aws_iam_policy_document.sqs_access",
            "module.prod.module.region_us_west_1.data.aws_availability_zones.available",
            "module.prod.module.region_us_west_1.module.cache.aws_elasticache_replication_group.redis_no_cluster",
            "module.prod.module.region_us_west_1.module.cache.aws_elasticache_subnet_group.redis_no_cluster",
            "module.prod.module.region_us_west_1.module.cache.data.aws_availability_zones.available",
            "module.prod.module.region_us_west_1.module.database.aws_db_instance.postgres",
            "module.prod.module.region_us_west_1.module.database.aws_db_subnet_group.postgres",
            "module.prod.module.region_us_west_1.module.env_vars.data.aws_secretsmanager_random_password.db_password",
            "module.prod.module.region_us_west_1.module.sqs.aws_sqs_queue.dlq",
            "module.prod.module.region_us_west_1.module.sqs.aws_sqs_queue.long_running",
            "module.prod.module.region_us_west_1.module.sqs.aws_sqs_queue.user_interaction",
            "module.prod.module.region_us_west_1.module.vpc.aws_internet_gateway.igw",
            "module.prod.module.region_us_west_1.module.vpc.aws_route_table.private",
            "module.prod.module.region_us_west_1.module.vpc.aws_route_table.public",
            "module.prod.module.region_us_west_1.module.vpc.aws_security_group.data",
            "module.prod.module.region_us_west_1.module.vpc.aws_vpc.vpc",
            "module.prod.module.region_us_west_1.module.vpc.module.subnets_by_az.aws_route_table_association.rt-private-data",
            "module.prod.module.region_us_west_1.module.vpc.module.subnets_by_az.aws_route_table_association.rt-public-alb",
            "module.prod.module.region_us_west_1.module.vpc.module.subnets_by_az.aws_route_table_association.rt-public-app",
            "module.prod.module.region_us_west_1.module.vpc.module.subnets_by_az.aws_subnet.alb",
            "module.prod.module.region_us_west_1.module.vpc.module.subnets_by_az.aws_subnet.app",
            "module.prod.module.region_us_west_1.module.vpc.module.subnets_by_az.aws_subnet.data"
          ]
        },
        {
          "index_key": "DB_HOST",
          "schema_version": 0,
          "attributes": {
            "allowed_pattern": "",
            "arn": "arn:aws:ssm:us-west-1:235494798404:parameter/ecs/prod/DB_HOST",
            "data_type": "text",
            "description": "",
            "has_value_wo": null,
            "id": "/ecs/prod/DB_HOST",
            "insecure_value": null,
            "key_id": "",
            "name": "/ecs/prod/DB_HOST",
            "overwrite": null,
            "tags": {},
            "tags_all": {},
            "tier": "Standard",
            "type": "String",
            "value": "proddb.c12ma0qwqsxa.us-west-1.rds.amazonaws.com",
            "value_wo": null,
            "value_wo_version": null,
            "version": 1
          },
          "sensitive_attributes": [
            [
              {
                "type": "get_attr",
                "value": "value_wo"
              }
            ],
            [
              {
                "type": "get_attr",
                "value": "value"
              }
            ]
          ],
          "private": "bnVsbA==",
          "dependencies": [
            "module.prod.module.iam.aws_iam_role.ecs_task_execution",
            "module.prod.module.iam.data.aws_caller_identity.current",
            "module.prod.module.iam.data.aws_iam_policy_document.sqs_access",
            "module.prod.module.region_us_west_1.data.aws_availability_zones.available",
            "module.prod.module.region_us_west_1.module.cache.aws_elasticache_replication_group.redis_no_cluster",
            "module.prod.module.region_us_west_1.module.cache.aws_elasticache_subnet_group.redis_no_cluster",
            "module.prod.module.region_us_west_1.module.cache.data.aws_availability_zones.available",
            "module.prod.module.region_us_west_1.module.database.aws_db_instance.postgres",
            "module.prod.module.region_us_west_1.module.database.aws_db_subnet_group.postgres",
            "module.prod.module.region_us_west_1.module.env_vars.data.aws_secretsmanager_random_password.db_password",
            "module.prod.module.region_us_west_1.module.sqs.aws_sqs_queue.dlq",
            "module.prod.module.region_us_west_1.module.sqs.aws_sqs_queue.long_running",
            "module.prod.module.region_us_west_1.module.sqs.aws_sqs_queue.user_interaction",
            "module.prod.module.region_us_west_1.module.vpc.aws_internet_gateway.igw",
            "module.prod.module.region_us_west_1.module.vpc.aws_route_table.private",
            "module.prod.module.region_us_west_1.module.vpc.aws_route_table.public",
            "module.prod.module.region_us_west_1.module.vpc.aws_security_group.data",
            "module.prod.module.region_us_west_1.module.vpc.aws_vpc.vpc",
            "module.prod.module.region_us_west_1.module.vpc.module.subnets_by_az.aws_route_table_association.rt-private-data",
            "module.prod.module.region_us_west_1.module.vpc.module.subnets_by_az.aws_route_table_association.rt-public-alb",
            "module.prod.module.region_us_west_1.module.vpc.module.subnets_by_az.aws_route_table_association.rt-public-app",
            "module.prod.module.region_us_west_1.module.vpc.module.subnets_by_az.aws_subnet.alb",
            "module.prod.module.region_us_west_1.module.vpc.module.subnets_by_az.aws_subnet.app",
            "module.prod.module.region_us_west_1.module.vpc.module.subnets_by_az.aws_subnet.data"
          ]
        },
        {
          "index_key": "DB_NAME",
          "schema_version": 0,
          "attributes": {
            "allowed_pattern": "",
            "arn": "arn:aws:ssm:us-west-1:235494798404:parameter/ecs/prod/DB_NAME",
            "data_type": "text",
            "description": "",
            "has_value_wo": null,
            "id": "/ecs/prod/DB_NAME",
            "insecure_value": null,
            "key_id": "",
            "name": "/ecs/prod/DB_NAME",
            "overwrite": null,
            "tags": {},
            "tags_all": {},
            "tier": "Standard",
            "type": "String",
            "value": "proddb",
            "value_wo": null,
            "value_wo_version": null,
            "version": 1
          },
          "sensitive_attributes": [
            [
              {
                "type": "get_attr",
                "value": "value"
              }
            ],
            [
              {
                "type": "get_attr",
                "value": "value_wo"
              }
            ]
          ],
          "private": "bnVsbA==",
          "dependencies": [
            "module.prod.module.iam.aws_iam_role.ecs_task_execution",
            "module.prod.module.iam.data.aws_caller_identity.current",
            "module.prod.module.iam.data.aws_iam_policy_document.sqs_access",
            "module.prod.module.region_us_west_1.data.aws_availability_zones.available",
            "module.prod.module.region_us_west_1.module.cache.aws_elasticache_replication_group.redis_no_cluster",
            "module.prod.module.region_us_west_1.module.cache.aws_elasticache_subnet_group.redis_no_cluster",
            "module.prod.module.region_us_west_1.module.cache.data.aws_availability_zones.available",
            "module.prod.module.region_us_west_1.module.database.aws_db_instance.postgres",
            "module.prod.module.region_us_west_1.module.database.aws_db_subnet_group.postgres",
            "module.prod.module.region_us_west_1.module.env_vars.data.aws_secretsmanager_random_password.db_password",
            "module.prod.module.region_us_west_1.module.sqs.aws_sqs_queue.dlq",
            "module.prod.module.region_us_west_1.module.sqs.aws_sqs_queue.long_running",
            "module.prod.module.region_us_west_1.module.sqs.aws_sqs_queue.user_interaction",
            "module.prod.module.region_us_west_1.module.vpc.aws_internet_gateway.igw",
            "module.prod.module.region_us_west_1.module.vpc.aws_route_table.private",
            "module.prod.module.region_us_west_1.module.vpc.aws_route_table.public",
            "module.prod.module.region_us_west_1.module.vpc.aws_security_group.data",
            "module.prod.module.region_us_west_1.module.vpc.aws_vpc.vpc",
            "module.prod.module.region_us_west_1.module.vpc.module.subnets_by_az.aws_route_table_association.rt-private-data",
            "module.prod.module.region_us_west_1.module.vpc.module.subnets_by_az.aws_route_table_association.rt-public-alb",
            "module.prod.module.region_us_west_1.module.vpc.module.subnets_by_az.aws_route_table_association.rt-public-app",
            "module.prod.module.region_us_west_1.module.vpc.module.subnets_by_az.aws_subnet.alb",
            "module.prod.module.region_us_west_1.module.vpc.module.subnets_by_az.aws_subnet.app",
            "module.prod.module.region_us_west_1.module.vpc.module.subnets_by_az.aws_subnet.data"
          ]
        },
        {
          "index_key": "DB_PORT",
          "schema_version": 0,
          "attributes": {
            "allowed_pattern": "",
            "arn": "arn:aws:ssm:us-west-1:235494798404:parameter/ecs/prod/DB_PORT",
            "data_type": "text",
            "description": "",
            "has_value_wo": null,
            "id": "/ecs/prod/DB_PORT",
            "insecure_value": null,
            "key_id": "",
            "name": "/ecs/prod/DB_PORT",
            "overwrite": null,
            "tags": {},
            "tags_all": {},
            "tier": "Standard",
            "type": "String",
            "value": "5432",
            "value_wo": null,
            "value_wo_version": null,
            "version": 1
          },
          "sensitive_attributes": [
            [
              {
                "type": "get_attr",
                "value": "value"
              }
            ],
            [
              {
                "type": "get_attr",
                "value": "value_wo"
              }
            ]
          ],
          "private": "bnVsbA==",
          "dependencies": [
            "module.prod.module.iam.aws_iam_role.ecs_task_execution",
            "module.prod.module.iam.data.aws_caller_identity.current",
            "module.prod.module.iam.data.aws_iam_policy_document.sqs_access",
            "module.prod.module.region_us_west_1.data.aws_availability_zones.available",
            "module.prod.module.region_us_west_1.module.cache.aws_elasticache_replication_group.redis_no_cluster",
            "module.prod.module.region_us_west_1.module.cache.aws_elasticache_subnet_group.redis_no_cluster",
            "module.prod.module.region_us_west_1.module.cache.data.aws_availability_zones.available",
            "module.prod.module.region_us_west_1.module.database.aws_db_instance.postgres",
            "module.prod.module.region_us_west_1.module.database.aws_db_subnet_group.postgres",
            "module.prod.module.region_us_west_1.module.env_vars.data.aws_secretsmanager_random_password.db_password",
            "module.prod.module.region_us_west_1.module.sqs.aws_sqs_queue.dlq",
            "module.prod.module.region_us_west_1.module.sqs.aws_sqs_queue.long_running",
            "module.prod.module.region_us_west_1.module.sqs.aws_sqs_queue.user_interaction",
            "module.prod.module.region_us_west_1.module.vpc.aws_internet_gateway.igw",
            "module.prod.module.region_us_west_1.module.vpc.aws_route_table.private",
            "module.prod.module.region_us_west_1.module.vpc.aws_route_table.public",
            "module.prod.module.region_us_west_1.module.vpc.aws_security_group.data",
            "module.prod.module.region_us_west_1.module.vpc.aws_vpc.vpc",
            "module.prod.module.region_us_west_1.module.vpc.module.subnets_by_az.aws_route_table_association.rt-private-data",
            "module.prod.module.region_us_west_1.module.vpc.module.subnets_by_az.aws_route_table_association.rt-public-alb",
            "module.prod.module.region_us_west_1.module.vpc.module.subnets_by_az.aws_route_table_association.rt-public-app",
            "module.prod.module.region_us_west_1.module.vpc.module.subnets_by_az.aws_subnet.alb",
            "module.prod.module.region_us_west_1.module.vpc.module.subnets_by_az.aws_subnet.app",
            "module.prod.module.region_us_west_1.module.vpc.module.subnets_by_az.aws_subnet.data"
          ]
        },
        {
          "index_key": "DEBUG",
          "schema_version": 0,
          "attributes": {
            "allowed_pattern": "",
            "arn": "arn:aws:ssm:us-west-1:235494798404:parameter/ecs/prod/DEBUG",
            "data_type": "text",
            "description": "",
            "has_value_wo": null,
            "id": "/ecs/prod/DEBUG",
            "insecure_value": null,
            "key_id": "",
            "name": "/ecs/prod/DEBUG",
            "overwrite": null,
            "tags": {},
            "tags_all": {},
            "tier": "Standard",
            "type": "String",
            "value": "False",
            "value_wo": null,
            "value_wo_version": null,
            "version": 1
          },
          "sensitive_attributes": [
            [
              {
                "type": "get_attr",
                "value": "value_wo"
              }
            ],
            [
              {
                "type": "get_attr",
                "value": "value"
              }
            ]
          ],
          "private": "bnVsbA==",
          "dependencies": [
            "module.prod.module.iam.aws_iam_role.ecs_task_execution",
            "module.prod.module.iam.data.aws_caller_identity.current",
            "module.prod.module.iam.data.aws_iam_policy_document.sqs_access",
            "module.prod.module.region_us_west_1.data.aws_availability_zones.available",
            "module.prod.module.region_us_west_1.module.cache.aws_elasticache_replication_group.redis_no_cluster",
            "module.prod.module.region_us_west_1.module.cache.aws_elasticache_subnet_group.redis_no_cluster",
            "module.prod.module.region_us_west_1.module.cache.data.aws_availability_zones.available",
            "module.prod.module.region_us_west_1.module.database.aws_db_instance.postgres",
            "module.prod.module.region_us_west_1.module.database.aws_db_subnet_group.postgres",
            "module.prod.module.region_us_west_1.module.env_vars.data.aws_secretsmanager_random_password.db_password",
            "module.prod.module.region_us_west_1.module.sqs.aws_sqs_queue.dlq",
            "module.prod.module.region_us_west_1.module.sqs.aws_sqs_queue.long_running",
            "module.prod.module.region_us_west_1.module.sqs.aws_sqs_queue.user_interaction",
            "module.prod.module.region_us_west_1.module.vpc.aws_internet_gateway.igw",
            "module.prod.module.region_us_west_1.module.vpc.aws_route_table.private",
            "module.prod.module.region_us_west_1.module.vpc.aws_route_table.public",
            "module.prod.module.region_us_west_1.module.vpc.aws_security_group.data",
            "module.prod.module.region_us_west_1.module.vpc.aws_vpc.vpc",
            "module.prod.module.region_us_west_1.module.vpc.module.subnets_by_az.aws_route_table_association.rt-private-data",
            "module.prod.module.region_us_west_1.module.vpc.module.subnets_by_az.aws_route_table_association.rt-public-alb",
            "module.prod.module.region_us_west_1.module.vpc.module.subnets_by_az.aws_route_table_association.rt-public-app",
            "module.prod.module.region_us_west_1.module.vpc.module.subnets_by_az.aws_subnet.alb",
            "module.prod.module.region_us_west_1.module.vpc.module.subnets_by_az.aws_subnet.app",
            "module.prod.module.region_us_west_1.module.vpc.module.subnets_by_az.aws_subnet.data"
          ]
        },
        {
          "index_key": "EMAIL_HOST",
          "schema_version": 0,
          "attributes": {
            "allowed_pattern": "",
            "arn": "arn:aws:ssm:us-west-1:235494798404:parameter/ecs/prod/EMAIL_HOST",
            "data_type": "text",
            "description": "",
            "has_value_wo": null,
            "id": "/ecs/prod/EMAIL_HOST",
            "insecure_value": null,
            "key_id": "",
            "name": "/ecs/prod/EMAIL_HOST",
            "overwrite": null,
            "tags": {},
            "tags_all": {},
            "tier": "Standard",
            "type": "String",
            "value": "smtp.gmail.com",
            "value_wo": null,
            "value_wo_version": null,
            "version": 1
          },
          "sensitive_attributes": [
            [
              {
                "type": "get_attr",
                "value": "value_wo"
              }
            ],
            [
              {
                "type": "get_attr",
                "value": "value"
              }
            ]
          ],
          "private": "bnVsbA==",
          "dependencies": [
            "module.prod.module.iam.aws_iam_role.ecs_task_execution",
            "module.prod.module.iam.data.aws_caller_identity.current",
            "module.prod.module.iam.data.aws_iam_policy_document.sqs_access",
            "module.prod.module.region_us_west_1.data.aws_availability_zones.available",
            "module.prod.module.region_us_west_1.module.cache.aws_elasticache_replication_group.redis_no_cluster",
            "module.prod.module.region_us_west_1.module.cache.aws_elasticache_subnet_group.redis_no_cluster",
            "module.prod.module.region_us_west_1.module.cache.data.aws_availability_zones.available",
            "module.prod.module.region_us_west_1.module.database.aws_db_instance.postgres",
            "module.prod.module.region_us_west_1.module.database.aws_db_subnet_group.postgres",
            "module.prod.module.region_us_west_1.module.env_vars.data.aws_secretsmanager_random_password.db_password",
            "module.prod.module.region_us_west_1.module.sqs.aws_sqs_queue.dlq",
            "module.prod.module.region_us_west_1.module.sqs.aws_sqs_queue.long_running",
            "module.prod.module.region_us_west_1.module.sqs.aws_sqs_queue.user_interaction",
            "module.prod.module.region_us_west_1.module.vpc.aws_internet_gateway.igw",
            "module.prod.module.region_us_west_1.module.vpc.aws_route_table.private",
            "module.prod.module.region_us_west_1.module.vpc.aws_route_table.public",
            "module.prod.module.region_us_west_1.module.vpc.aws_security_group.data",
            "module.prod.module.region_us_west_1.module.vpc.aws_vpc.vpc",
            "module.prod.module.region_us_west_1.module.vpc.module.subnets_by_az.aws_route_table_association.rt-private-data",
            "module.prod.module.region_us_west_1.module.vpc.module.subnets_by_az.aws_route_table_association.rt-public-alb",
            "module.prod.module.region_us_west_1.module.vpc.module.subnets_by_az.aws_route_table_association.rt-public-app",
            "module.prod.module.region_us_west_1.module.vpc.module.subnets_by_az.aws_subnet.alb",
            "module.prod.module.region_us_west_1.module.vpc.module.subnets_by_az.aws_subnet.app",
            "module.prod.module.region_us_west_1.module.vpc.module.subnets_by_az.aws_subnet.data"
          ]
        },
        {
          "index_key": "EMAIL_HOST_USER",
          "schema_version": 0,
          "attributes": {
            "allowed_pattern": "",
            "arn": "arn:aws:ssm:us-west-1:235494798404:parameter/ecs/prod/EMAIL_HOST_USER",
            "data_type": "text",
            "description": "",
            "has_value_wo": null,
            "id": "/ecs/prod/EMAIL_HOST_USER",
            "insecure_value": null,
            "key_id": "",
            "name": "/ecs/prod/EMAIL_HOST_USER",
            "overwrite": null,
            "tags": {},
            "tags_all": {},
            "tier": "Standard",
            "type": "String",
            "value": "accumate-verify@accumatewealth.com",
            "value_wo": null,
            "value_wo_version": null,
            "version": 1
          },
          "sensitive_attributes": [
            [
              {
                "type": "get_attr",
                "value": "value_wo"
              }
            ],
            [
              {
                "type": "get_attr",
                "value": "value"
              }
            ]
          ],
          "private": "bnVsbA==",
          "dependencies": [
            "module.prod.module.iam.aws_iam_role.ecs_task_execution",
            "module.prod.module.iam.data.aws_caller_identity.current",
            "module.prod.module.iam.data.aws_iam_policy_document.sqs_access",
            "module.prod.module.region_us_west_1.data.aws_availability_zones.available",
            "module.prod.module.region_us_west_1.module.cache.aws_elasticache_replication_group.redis_no_cluster",
            "module.prod.module.region_us_west_1.module.cache.aws_elasticache_subnet_group.redis_no_cluster",
            "module.prod.module.region_us_west_1.module.cache.data.aws_availability_zones.available",
            "module.prod.module.region_us_west_1.module.database.aws_db_instance.postgres",
            "module.prod.module.region_us_west_1.module.database.aws_db_subnet_group.postgres",
            "module.prod.module.region_us_west_1.module.env_vars.data.aws_secretsmanager_random_password.db_password",
            "module.prod.module.region_us_west_1.module.sqs.aws_sqs_queue.dlq",
            "module.prod.module.region_us_west_1.module.sqs.aws_sqs_queue.long_running",
            "module.prod.module.region_us_west_1.module.sqs.aws_sqs_queue.user_interaction",
            "module.prod.module.region_us_west_1.module.vpc.aws_internet_gateway.igw",
            "module.prod.module.region_us_west_1.module.vpc.aws_route_table.private",
            "module.prod.module.region_us_west_1.module.vpc.aws_route_table.public",
            "module.prod.module.region_us_west_1.module.vpc.aws_security_group.data",
            "module.prod.module.region_us_west_1.module.vpc.aws_vpc.vpc",
            "module.prod.module.region_us_west_1.module.vpc.module.subnets_by_az.aws_route_table_association.rt-private-data",
            "module.prod.module.region_us_west_1.module.vpc.module.subnets_by_az.aws_route_table_association.rt-public-alb",
            "module.prod.module.region_us_west_1.module.vpc.module.subnets_by_az.aws_route_table_association.rt-public-app",
            "module.prod.module.region_us_west_1.module.vpc.module.subnets_by_az.aws_subnet.alb",
            "module.prod.module.region_us_west_1.module.vpc.module.subnets_by_az.aws_subnet.app",
            "module.prod.module.region_us_west_1.module.vpc.module.subnets_by_az.aws_subnet.data"
          ]
        },
        {
          "index_key": "REDIS_CAFILE_PATH",
          "schema_version": 0,
          "attributes": {
            "allowed_pattern": "",
            "arn": "arn:aws:ssm:us-west-1:235494798404:parameter/ecs/prod/REDIS_CAFILE_PATH",
            "data_type": "text",
            "description": "",
            "has_value_wo": null,
            "id": "/ecs/prod/REDIS_CAFILE_PATH",
            "insecure_value": null,
            "key_id": "",
            "name": "/ecs/prod/REDIS_CAFILE_PATH",
            "overwrite": null,
            "tags": {},
            "tags_all": {},
            "tier": "Standard",
            "type": "String",
            "value": "/code/conf_files/redis-bundle.pem",
            "value_wo": null,
            "value_wo_version": null,
            "version": 1
          },
          "sensitive_attributes": [
            [
              {
                "type": "get_attr",
                "value": "value_wo"
              }
            ],
            [
              {
                "type": "get_attr",
                "value": "value"
              }
            ]
          ],
          "private": "bnVsbA==",
          "dependencies": [
            "module.prod.module.iam.aws_iam_role.ecs_task_execution",
            "module.prod.module.iam.data.aws_caller_identity.current",
            "module.prod.module.iam.data.aws_iam_policy_document.sqs_access",
            "module.prod.module.region_us_west_1.data.aws_availability_zones.available",
            "module.prod.module.region_us_west_1.module.cache.aws_elasticache_replication_group.redis_no_cluster",
            "module.prod.module.region_us_west_1.module.cache.aws_elasticache_subnet_group.redis_no_cluster",
            "module.prod.module.region_us_west_1.module.cache.data.aws_availability_zones.available",
            "module.prod.module.region_us_west_1.module.database.aws_db_instance.postgres",
            "module.prod.module.region_us_west_1.module.database.aws_db_subnet_group.postgres",
            "module.prod.module.region_us_west_1.module.env_vars.data.aws_secretsmanager_random_password.db_password",
            "module.prod.module.region_us_west_1.module.sqs.aws_sqs_queue.dlq",
            "module.prod.module.region_us_west_1.module.sqs.aws_sqs_queue.long_running",
            "module.prod.module.region_us_west_1.module.sqs.aws_sqs_queue.user_interaction",
            "module.prod.module.region_us_west_1.module.vpc.aws_internet_gateway.igw",
            "module.prod.module.region_us_west_1.module.vpc.aws_route_table.private",
            "module.prod.module.region_us_west_1.module.vpc.aws_route_table.public",
            "module.prod.module.region_us_west_1.module.vpc.aws_security_group.data",
            "module.prod.module.region_us_west_1.module.vpc.aws_vpc.vpc",
            "module.prod.module.region_us_west_1.module.vpc.module.subnets_by_az.aws_route_table_association.rt-private-data",
            "module.prod.module.region_us_west_1.module.vpc.module.subnets_by_az.aws_route_table_association.rt-public-alb",
            "module.prod.module.region_us_west_1.module.vpc.module.subnets_by_az.aws_route_table_association.rt-public-app",
            "module.prod.module.region_us_west_1.module.vpc.module.subnets_by_az.aws_subnet.alb",
            "module.prod.module.region_us_west_1.module.vpc.module.subnets_by_az.aws_subnet.app",
            "module.prod.module.region_us_west_1.module.vpc.module.subnets_by_az.aws_subnet.data"
          ]
        },
        {
          "index_key": "REDIS_HOST",
          "schema_version": 0,
          "attributes": {
            "allowed_pattern": "",
            "arn": "arn:aws:ssm:us-west-1:235494798404:parameter/ecs/prod/REDIS_HOST",
            "data_type": "text",
            "description": "",
            "has_value_wo": null,
            "id": "/ecs/prod/REDIS_HOST",
            "insecure_value": null,
            "key_id": "",
            "name": "/ecs/prod/REDIS_HOST",
            "overwrite": null,
            "tags": {},
            "tags_all": {},
            "tier": "Standard",
            "type": "String",
            "value": "master.prod-redis-no-cluster.v2s38b.usw1.cache.amazonaws.com",
            "value_wo": null,
            "value_wo_version": null,
            "version": 1
          },
          "sensitive_attributes": [
            [
              {
                "type": "get_attr",
                "value": "value_wo"
              }
            ],
            [
              {
                "type": "get_attr",
                "value": "value"
              }
            ]
          ],
          "private": "bnVsbA==",
          "dependencies": [
            "module.prod.module.iam.aws_iam_role.ecs_task_execution",
            "module.prod.module.iam.data.aws_caller_identity.current",
            "module.prod.module.iam.data.aws_iam_policy_document.sqs_access",
            "module.prod.module.region_us_west_1.data.aws_availability_zones.available",
            "module.prod.module.region_us_west_1.module.cache.aws_elasticache_replication_group.redis_no_cluster",
            "module.prod.module.region_us_west_1.module.cache.aws_elasticache_subnet_group.redis_no_cluster",
            "module.prod.module.region_us_west_1.module.cache.data.aws_availability_zones.available",
            "module.prod.module.region_us_west_1.module.database.aws_db_instance.postgres",
            "module.prod.module.region_us_west_1.module.database.aws_db_subnet_group.postgres",
            "module.prod.module.region_us_west_1.module.env_vars.data.aws_secretsmanager_random_password.db_password",
            "module.prod.module.region_us_west_1.module.sqs.aws_sqs_queue.dlq",
            "module.prod.module.region_us_west_1.module.sqs.aws_sqs_queue.long_running",
            "module.prod.module.region_us_west_1.module.sqs.aws_sqs_queue.user_interaction",
            "module.prod.module.region_us_west_1.module.vpc.aws_internet_gateway.igw",
            "module.prod.module.region_us_west_1.module.vpc.aws_route_table.private",
            "module.prod.module.region_us_west_1.module.vpc.aws_route_table.public",
            "module.prod.module.region_us_west_1.module.vpc.aws_security_group.data",
            "module.prod.module.region_us_west_1.module.vpc.aws_vpc.vpc",
            "module.prod.module.region_us_west_1.module.vpc.module.subnets_by_az.aws_route_table_association.rt-private-data",
            "module.prod.module.region_us_west_1.module.vpc.module.subnets_by_az.aws_route_table_association.rt-public-alb",
            "module.prod.module.region_us_west_1.module.vpc.module.subnets_by_az.aws_route_table_association.rt-public-app",
            "module.prod.module.region_us_west_1.module.vpc.module.subnets_by_az.aws_subnet.alb",
            "module.prod.module.region_us_west_1.module.vpc.module.subnets_by_az.aws_subnet.app",
            "module.prod.module.region_us_west_1.module.vpc.module.subnets_by_az.aws_subnet.data"
          ]
        },
        {
          "index_key": "REDIS_PORT",
          "schema_version": 0,
          "attributes": {
            "allowed_pattern": "",
            "arn": "arn:aws:ssm:us-west-1:235494798404:parameter/ecs/prod/REDIS_PORT",
            "data_type": "text",
            "description": "",
            "has_value_wo": null,
            "id": "/ecs/prod/REDIS_PORT",
            "insecure_value": null,
            "key_id": "",
            "name": "/ecs/prod/REDIS_PORT",
            "overwrite": null,
            "tags": {},
            "tags_all": {},
            "tier": "Standard",
            "type": "String",
            "value": "6379",
            "value_wo": null,
            "value_wo_version": null,
            "version": 1
          },
          "sensitive_attributes": [
            [
              {
                "type": "get_attr",
                "value": "value_wo"
              }
            ],
            [
              {
                "type": "get_attr",
                "value": "value"
              }
            ]
          ],
          "private": "bnVsbA==",
          "dependencies": [
            "module.prod.module.iam.aws_iam_role.ecs_task_execution",
            "module.prod.module.iam.data.aws_caller_identity.current",
            "module.prod.module.iam.data.aws_iam_policy_document.sqs_access",
            "module.prod.module.region_us_west_1.data.aws_availability_zones.available",
            "module.prod.module.region_us_west_1.module.cache.aws_elasticache_replication_group.redis_no_cluster",
            "module.prod.module.region_us_west_1.module.cache.aws_elasticache_subnet_group.redis_no_cluster",
            "module.prod.module.region_us_west_1.module.cache.data.aws_availability_zones.available",
            "module.prod.module.region_us_west_1.module.database.aws_db_instance.postgres",
            "module.prod.module.region_us_west_1.module.database.aws_db_subnet_group.postgres",
            "module.prod.module.region_us_west_1.module.env_vars.data.aws_secretsmanager_random_password.db_password",
            "module.prod.module.region_us_west_1.module.sqs.aws_sqs_queue.dlq",
            "module.prod.module.region_us_west_1.module.sqs.aws_sqs_queue.long_running",
            "module.prod.module.region_us_west_1.module.sqs.aws_sqs_queue.user_interaction",
            "module.prod.module.region_us_west_1.module.vpc.aws_internet_gateway.igw",
            "module.prod.module.region_us_west_1.module.vpc.aws_route_table.private",
            "module.prod.module.region_us_west_1.module.vpc.aws_route_table.public",
            "module.prod.module.region_us_west_1.module.vpc.aws_security_group.data",
            "module.prod.module.region_us_west_1.module.vpc.aws_vpc.vpc",
            "module.prod.module.region_us_west_1.module.vpc.module.subnets_by_az.aws_route_table_association.rt-private-data",
            "module.prod.module.region_us_west_1.module.vpc.module.subnets_by_az.aws_route_table_association.rt-public-alb",
            "module.prod.module.region_us_west_1.module.vpc.module.subnets_by_az.aws_route_table_association.rt-public-app",
            "module.prod.module.region_us_west_1.module.vpc.module.subnets_by_az.aws_subnet.alb",
            "module.prod.module.region_us_west_1.module.vpc.module.subnets_by_az.aws_subnet.app",
            "module.prod.module.region_us_west_1.module.vpc.module.subnets_by_az.aws_subnet.data"
          ]
        },
        {
          "index_key": "REDIS_URL",
          "schema_version": 0,
          "attributes": {
            "allowed_pattern": "",
            "arn": "arn:aws:ssm:us-west-1:235494798404:parameter/ecs/prod/REDIS_URL",
            "data_type": "text",
            "description": "",
            "has_value_wo": null,
            "id": "/ecs/prod/REDIS_URL",
            "insecure_value": null,
            "key_id": "",
            "name": "/ecs/prod/REDIS_URL",
            "overwrite": null,
            "tags": {},
            "tags_all": {},
            "tier": "Standard",
            "type": "String",
            "value": "master.prod-redis-no-cluster.v2s38b.usw1.cache.amazonaws.com:6379",
            "value_wo": null,
            "value_wo_version": null,
            "version": 1
          },
          "sensitive_attributes": [
            [
              {
                "type": "get_attr",
                "value": "value"
              }
            ],
            [
              {
                "type": "get_attr",
                "value": "value_wo"
              }
            ]
          ],
          "private": "bnVsbA==",
          "dependencies": [
            "module.prod.module.iam.aws_iam_role.ecs_task_execution",
            "module.prod.module.iam.data.aws_caller_identity.current",
            "module.prod.module.iam.data.aws_iam_policy_document.sqs_access",
            "module.prod.module.region_us_west_1.data.aws_availability_zones.available",
            "module.prod.module.region_us_west_1.module.cache.aws_elasticache_replication_group.redis_no_cluster",
            "module.prod.module.region_us_west_1.module.cache.aws_elasticache_subnet_group.redis_no_cluster",
            "module.prod.module.region_us_west_1.module.cache.data.aws_availability_zones.available",
            "module.prod.module.region_us_west_1.module.database.aws_db_instance.postgres",
            "module.prod.module.region_us_west_1.module.database.aws_db_subnet_group.postgres",
            "module.prod.module.region_us_west_1.module.env_vars.data.aws_secretsmanager_random_password.db_password",
            "module.prod.module.region_us_west_1.module.sqs.aws_sqs_queue.dlq",
            "module.prod.module.region_us_west_1.module.sqs.aws_sqs_queue.long_running",
            "module.prod.module.region_us_west_1.module.sqs.aws_sqs_queue.user_interaction",
            "module.prod.module.region_us_west_1.module.vpc.aws_internet_gateway.igw",
            "module.prod.module.region_us_west_1.module.vpc.aws_route_table.private",
            "module.prod.module.region_us_west_1.module.vpc.aws_route_table.public",
            "module.prod.module.region_us_west_1.module.vpc.aws_security_group.data",
            "module.prod.module.region_us_west_1.module.vpc.aws_vpc.vpc",
            "module.prod.module.region_us_west_1.module.vpc.module.subnets_by_az.aws_route_table_association.rt-private-data",
            "module.prod.module.region_us_west_1.module.vpc.module.subnets_by_az.aws_route_table_association.rt-public-alb",
            "module.prod.module.region_us_west_1.module.vpc.module.subnets_by_az.aws_route_table_association.rt-public-app",
            "module.prod.module.region_us_west_1.module.vpc.module.subnets_by_az.aws_subnet.alb",
            "module.prod.module.region_us_west_1.module.vpc.module.subnets_by_az.aws_subnet.app",
            "module.prod.module.region_us_west_1.module.vpc.module.subnets_by_az.aws_subnet.data"
          ]
        },
        {
          "index_key": "SQS_DLQ_URL",
          "schema_version": 0,
          "attributes": {
            "allowed_pattern": "",
            "arn": "arn:aws:ssm:us-west-1:235494798404:parameter/ecs/prod/SQS_DLQ_URL",
            "data_type": "text",
            "description": "",
            "has_value_wo": null,
            "id": "/ecs/prod/SQS_DLQ_URL",
            "insecure_value": null,
            "key_id": "",
            "name": "/ecs/prod/SQS_DLQ_URL",
            "overwrite": null,
            "tags": {},
            "tags_all": {},
            "tier": "Standard",
            "type": "String",
            "value": "https://sqs.us-west-1.amazonaws.com/235494798404/prod-dlq",
            "value_wo": null,
            "value_wo_version": null,
            "version": 1
          },
          "sensitive_attributes": [
            [
              {
                "type": "get_attr",
                "value": "value_wo"
              }
            ],
            [
              {
                "type": "get_attr",
                "value": "value"
              }
            ]
          ],
          "private": "bnVsbA==",
          "dependencies": [
            "module.prod.module.iam.aws_iam_role.ecs_task_execution",
            "module.prod.module.iam.data.aws_caller_identity.current",
            "module.prod.module.iam.data.aws_iam_policy_document.sqs_access",
            "module.prod.module.region_us_west_1.data.aws_availability_zones.available",
            "module.prod.module.region_us_west_1.module.cache.aws_elasticache_replication_group.redis_no_cluster",
            "module.prod.module.region_us_west_1.module.cache.aws_elasticache_subnet_group.redis_no_cluster",
            "module.prod.module.region_us_west_1.module.cache.data.aws_availability_zones.available",
            "module.prod.module.region_us_west_1.module.database.aws_db_instance.postgres",
            "module.prod.module.region_us_west_1.module.database.aws_db_subnet_group.postgres",
            "module.prod.module.region_us_west_1.module.env_vars.data.aws_secretsmanager_random_password.db_password",
            "module.prod.module.region_us_west_1.module.sqs.aws_sqs_queue.dlq",
            "module.prod.module.region_us_west_1.module.sqs.aws_sqs_queue.long_running",
            "module.prod.module.region_us_west_1.module.sqs.aws_sqs_queue.user_interaction",
            "module.prod.module.region_us_west_1.module.vpc.aws_internet_gateway.igw",
            "module.prod.module.region_us_west_1.module.vpc.aws_route_table.private",
            "module.prod.module.region_us_west_1.module.vpc.aws_route_table.public",
            "module.prod.module.region_us_west_1.module.vpc.aws_security_group.data",
            "module.prod.module.region_us_west_1.module.vpc.aws_vpc.vpc",
            "module.prod.module.region_us_west_1.module.vpc.module.subnets_by_az.aws_route_table_association.rt-private-data",
            "module.prod.module.region_us_west_1.module.vpc.module.subnets_by_az.aws_route_table_association.rt-public-alb",
            "module.prod.module.region_us_west_1.module.vpc.module.subnets_by_az.aws_route_table_association.rt-public-app",
            "module.prod.module.region_us_west_1.module.vpc.module.subnets_by_az.aws_subnet.alb",
            "module.prod.module.region_us_west_1.module.vpc.module.subnets_by_az.aws_subnet.app",
            "module.prod.module.region_us_west_1.module.vpc.module.subnets_by_az.aws_subnet.data"
          ]
        },
        {
          "index_key": "SQS_LONG_RUNNING_URL",
          "schema_version": 0,
          "attributes": {
            "allowed_pattern": "",
            "arn": "arn:aws:ssm:us-west-1:235494798404:parameter/ecs/prod/SQS_LONG_RUNNING_URL",
            "data_type": "text",
            "description": "",
            "has_value_wo": null,
            "id": "/ecs/prod/SQS_LONG_RUNNING_URL",
            "insecure_value": null,
            "key_id": "",
            "name": "/ecs/prod/SQS_LONG_RUNNING_URL",
            "overwrite": null,
            "tags": {},
            "tags_all": {},
            "tier": "Standard",
            "type": "String",
            "value": "https://sqs.us-west-1.amazonaws.com/235494798404/prod-long-running",
            "value_wo": null,
            "value_wo_version": null,
            "version": 1
          },
          "sensitive_attributes": [
            [
              {
                "type": "get_attr",
                "value": "value"
              }
            ],
            [
              {
                "type": "get_attr",
                "value": "value_wo"
              }
            ]
          ],
          "private": "bnVsbA==",
          "dependencies": [
            "module.prod.module.iam.aws_iam_role.ecs_task_execution",
            "module.prod.module.iam.data.aws_caller_identity.current",
            "module.prod.module.iam.data.aws_iam_policy_document.sqs_access",
            "module.prod.module.region_us_west_1.data.aws_availability_zones.available",
            "module.prod.module.region_us_west_1.module.cache.aws_elasticache_replication_group.redis_no_cluster",
            "module.prod.module.region_us_west_1.module.cache.aws_elasticache_subnet_group.redis_no_cluster",
            "module.prod.module.region_us_west_1.module.cache.data.aws_availability_zones.available",
            "module.prod.module.region_us_west_1.module.database.aws_db_instance.postgres",
            "module.prod.module.region_us_west_1.module.database.aws_db_subnet_group.postgres",
            "module.prod.module.region_us_west_1.module.env_vars.data.aws_secretsmanager_random_password.db_password",
            "module.prod.module.region_us_west_1.module.sqs.aws_sqs_queue.dlq",
            "module.prod.module.region_us_west_1.module.sqs.aws_sqs_queue.long_running",
            "module.prod.module.region_us_west_1.module.sqs.aws_sqs_queue.user_interaction",
            "module.prod.module.region_us_west_1.module.vpc.aws_internet_gateway.igw",
            "module.prod.module.region_us_west_1.module.vpc.aws_route_table.private",
            "module.prod.module.region_us_west_1.module.vpc.aws_route_table.public",
            "module.prod.module.region_us_west_1.module.vpc.aws_security_group.data",
            "module.prod.module.region_us_west_1.module.vpc.aws_vpc.vpc",
            "module.prod.module.region_us_west_1.module.vpc.module.subnets_by_az.aws_route_table_association.rt-private-data",
            "module.prod.module.region_us_west_1.module.vpc.module.subnets_by_az.aws_route_table_association.rt-public-alb",
            "module.prod.module.region_us_west_1.module.vpc.module.subnets_by_az.aws_route_table_association.rt-public-app",
            "module.prod.module.region_us_west_1.module.vpc.module.subnets_by_az.aws_subnet.alb",
            "module.prod.module.region_us_west_1.module.vpc.module.subnets_by_az.aws_subnet.app",
            "module.prod.module.region_us_west_1.module.vpc.module.subnets_by_az.aws_subnet.data"
          ]
        },
        {
          "index_key": "SQS_USER_INTERACTION_URL",
          "schema_version": 0,
          "attributes": {
            "allowed_pattern": "",
            "arn": "arn:aws:ssm:us-west-1:235494798404:parameter/ecs/prod/SQS_USER_INTERACTION_URL",
            "data_type": "text",
            "description": "",
            "has_value_wo": null,
            "id": "/ecs/prod/SQS_USER_INTERACTION_URL",
            "insecure_value": null,
            "key_id": "",
            "name": "/ecs/prod/SQS_USER_INTERACTION_URL",
            "overwrite": null,
            "tags": {},
            "tags_all": {},
            "tier": "Standard",
            "type": "String",
            "value": "https://sqs.us-west-1.amazonaws.com/235494798404/prod-user-interaction",
            "value_wo": null,
            "value_wo_version": null,
            "version": 1
          },
          "sensitive_attributes": [
            [
              {
                "type": "get_attr",
                "value": "value_wo"
              }
            ],
            [
              {
                "type": "get_attr",
                "value": "value"
              }
            ]
          ],
          "private": "bnVsbA==",
          "dependencies": [
            "module.prod.module.iam.aws_iam_role.ecs_task_execution",
            "module.prod.module.iam.data.aws_caller_identity.current",
            "module.prod.module.iam.data.aws_iam_policy_document.sqs_access",
            "module.prod.module.region_us_west_1.data.aws_availability_zones.available",
            "module.prod.module.region_us_west_1.module.cache.aws_elasticache_replication_group.redis_no_cluster",
            "module.prod.module.region_us_west_1.module.cache.aws_elasticache_subnet_group.redis_no_cluster",
            "module.prod.module.region_us_west_1.module.cache.data.aws_availability_zones.available",
            "module.prod.module.region_us_west_1.module.database.aws_db_instance.postgres",
            "module.prod.module.region_us_west_1.module.database.aws_db_subnet_group.postgres",
            "module.prod.module.region_us_west_1.module.env_vars.data.aws_secretsmanager_random_password.db_password",
            "module.prod.module.region_us_west_1.module.sqs.aws_sqs_queue.dlq",
            "module.prod.module.region_us_west_1.module.sqs.aws_sqs_queue.long_running",
            "module.prod.module.region_us_west_1.module.sqs.aws_sqs_queue.user_interaction",
            "module.prod.module.region_us_west_1.module.vpc.aws_internet_gateway.igw",
            "module.prod.module.region_us_west_1.module.vpc.aws_route_table.private",
            "module.prod.module.region_us_west_1.module.vpc.aws_route_table.public",
            "module.prod.module.region_us_west_1.module.vpc.aws_security_group.data",
            "module.prod.module.region_us_west_1.module.vpc.aws_vpc.vpc",
            "module.prod.module.region_us_west_1.module.vpc.module.subnets_by_az.aws_route_table_association.rt-private-data",
            "module.prod.module.region_us_west_1.module.vpc.module.subnets_by_az.aws_route_table_association.rt-public-alb",
            "module.prod.module.region_us_west_1.module.vpc.module.subnets_by_az.aws_route_table_association.rt-public-app",
            "module.prod.module.region_us_west_1.module.vpc.module.subnets_by_az.aws_subnet.alb",
            "module.prod.module.region_us_west_1.module.vpc.module.subnets_by_az.aws_subnet.app",
            "module.prod.module.region_us_west_1.module.vpc.module.subnets_by_az.aws_subnet.data"
          ]
        }
      ]
    },
    {
      "module": "module.prod.module.region_us_west_1[0].module.sqs",
      "mode": "managed",
      "type": "aws_sqs_queue",
      "name": "dlq",
      "provider": "provider[\"registry.terraform.io/hashicorp/aws\"].us_west_1",
      "instances": [
        {
          "schema_version": 0,
          "attributes": {
            "arn": "arn:aws:sqs:us-west-1:235494798404:prod-dlq",
            "content_based_deduplication": false,
            "deduplication_scope": "",
            "delay_seconds": 0,
            "fifo_queue": false,
            "fifo_throughput_limit": "",
            "id": "https://sqs.us-west-1.amazonaws.com/235494798404/prod-dlq",
            "kms_data_key_reuse_period_seconds": 300,
            "kms_master_key_id": "",
            "max_message_size": 262144,
            "message_retention_seconds": 1209600,
            "name": "prod-dlq",
            "name_prefix": "",
            "policy": "{\"Statement\":[{\"Action\":[\"SQS:SendMessage\",\"SQS:ReceiveMessage\",\"SQS:DeleteMessage\",\"SQS:ChangeMessageVisibility\"],\"Effect\":\"Allow\",\"Principal\":{\"AWS\":[\"arn:aws:iam::235494798404:role/prod-celery-ecs-task-execution\",\"arn:aws:iam::235494798404:role/prod-beat-ecs-task-execution\",\"arn:aws:iam::235494798404:role/prod-app-ecs-task-execution\"]},\"Resource\":\"arn:aws:sqs:us-west-1:235494798404:prod-dlq\"}],\"Version\":\"2012-10-17\"}",
            "receive_wait_time_seconds": 0,
            "redrive_allow_policy": "",
            "redrive_policy": "",
            "sqs_managed_sse_enabled": true,
            "tags": {},
            "tags_all": {},
            "timeouts": null,
            "url": "https://sqs.us-west-1.amazonaws.com/235494798404/prod-dlq",
            "visibility_timeout_seconds": 30
          },
          "sensitive_attributes": [],
          "private": "eyJlMmJmYjczMC1lY2FhLTExZTYtOGY4OC0zNDM2M2JjN2M0YzAiOnsiY3JlYXRlIjoxODAwMDAwMDAwMDAsImRlbGV0ZSI6MTgwMDAwMDAwMDAwLCJ1cGRhdGUiOjE4MDAwMDAwMDAwMH19",
          "dependencies": [
            "module.prod.module.iam.aws_iam_role.ecs_task_execution",
            "module.prod.module.iam.data.aws_caller_identity.current",
            "module.prod.module.iam.data.aws_iam_policy_document.sqs_access"
          ]
        }
      ]
    },
    {
      "module": "module.prod.module.region_us_west_1[0].module.sqs",
      "mode": "managed",
      "type": "aws_sqs_queue",
      "name": "long_running",
      "provider": "provider[\"registry.terraform.io/hashicorp/aws\"].us_west_1",
      "instances": [
        {
          "schema_version": 0,
          "attributes": {
            "arn": "arn:aws:sqs:us-west-1:235494798404:prod-long-running",
            "content_based_deduplication": false,
            "deduplication_scope": "",
            "delay_seconds": 0,
            "fifo_queue": false,
            "fifo_throughput_limit": "",
            "id": "https://sqs.us-west-1.amazonaws.com/235494798404/prod-long-running",
            "kms_data_key_reuse_period_seconds": 300,
            "kms_master_key_id": "alias/aws/sqs",
            "max_message_size": 262144,
            "message_retention_seconds": 345600,
            "name": "prod-long-running",
            "name_prefix": "",
            "policy": "{\"Statement\":[{\"Action\":[\"SQS:SendMessage\",\"SQS:ReceiveMessage\",\"SQS:DeleteMessage\",\"SQS:ChangeMessageVisibility\"],\"Effect\":\"Allow\",\"Principal\":{\"AWS\":[\"arn:aws:iam::235494798404:role/prod-celery-ecs-task-execution\",\"arn:aws:iam::235494798404:role/prod-beat-ecs-task-execution\",\"arn:aws:iam::235494798404:role/prod-app-ecs-task-execution\"]},\"Resource\":\"arn:aws:sqs:us-west-1:235494798404:prod-long-running\"}],\"Version\":\"2012-10-17\"}",
            "receive_wait_time_seconds": 20,
            "redrive_allow_policy": "",
            "redrive_policy": "{\"deadLetterTargetArn\":\"arn:aws:sqs:us-west-1:235494798404:prod-dlq\",\"maxReceiveCount\":5}",
            "sqs_managed_sse_enabled": false,
            "tags": {},
            "tags_all": {},
            "timeouts": null,
            "url": "https://sqs.us-west-1.amazonaws.com/235494798404/prod-long-running",
            "visibility_timeout_seconds": 10
          },
          "sensitive_attributes": [],
          "private": "eyJlMmJmYjczMC1lY2FhLTExZTYtOGY4OC0zNDM2M2JjN2M0YzAiOnsiY3JlYXRlIjoxODAwMDAwMDAwMDAsImRlbGV0ZSI6MTgwMDAwMDAwMDAwLCJ1cGRhdGUiOjE4MDAwMDAwMDAwMH19",
          "dependencies": [
            "module.prod.module.iam.aws_iam_role.ecs_task_execution",
            "module.prod.module.iam.data.aws_caller_identity.current",
            "module.prod.module.iam.data.aws_iam_policy_document.sqs_access",
            "module.prod.module.region_us_west_1.module.sqs.aws_sqs_queue.dlq"
          ]
        }
      ]
    },
    {
      "module": "module.prod.module.region_us_west_1[0].module.sqs",
      "mode": "managed",
      "type": "aws_sqs_queue",
      "name": "user_interaction",
      "provider": "provider[\"registry.terraform.io/hashicorp/aws\"].us_west_1",
      "instances": [
        {
          "schema_version": 0,
          "attributes": {
            "arn": "arn:aws:sqs:us-west-1:235494798404:prod-user-interaction",
            "content_based_deduplication": false,
            "deduplication_scope": "",
            "delay_seconds": 0,
            "fifo_queue": false,
            "fifo_throughput_limit": "",
            "id": "https://sqs.us-west-1.amazonaws.com/235494798404/prod-user-interaction",
            "kms_data_key_reuse_period_seconds": 300,
            "kms_master_key_id": "alias/aws/sqs",
            "max_message_size": 262144,
            "message_retention_seconds": 345600,
            "name": "prod-user-interaction",
            "name_prefix": "",
            "policy": "{\"Statement\":[{\"Action\":[\"SQS:SendMessage\",\"SQS:ReceiveMessage\",\"SQS:DeleteMessage\",\"SQS:ChangeMessageVisibility\"],\"Effect\":\"Allow\",\"Principal\":{\"AWS\":[\"arn:aws:iam::235494798404:role/prod-celery-ecs-task-execution\",\"arn:aws:iam::235494798404:role/prod-beat-ecs-task-execution\",\"arn:aws:iam::235494798404:role/prod-app-ecs-task-execution\"]},\"Resource\":\"arn:aws:sqs:us-west-1:235494798404:prod-user-interaction\"}],\"Version\":\"2012-10-17\"}",
            "receive_wait_time_seconds": 20,
            "redrive_allow_policy": "",
            "redrive_policy": "{\"deadLetterTargetArn\":\"arn:aws:sqs:us-west-1:235494798404:prod-dlq\",\"maxReceiveCount\":5}",
            "sqs_managed_sse_enabled": false,
            "tags": {},
            "tags_all": {},
            "timeouts": null,
            "url": "https://sqs.us-west-1.amazonaws.com/235494798404/prod-user-interaction",
            "visibility_timeout_seconds": 10
          },
          "sensitive_attributes": [],
          "private": "eyJlMmJmYjczMC1lY2FhLTExZTYtOGY4OC0zNDM2M2JjN2M0YzAiOnsiY3JlYXRlIjoxODAwMDAwMDAwMDAsImRlbGV0ZSI6MTgwMDAwMDAwMDAwLCJ1cGRhdGUiOjE4MDAwMDAwMDAwMH19",
          "dependencies": [
            "module.prod.module.iam.aws_iam_role.ecs_task_execution",
            "module.prod.module.iam.data.aws_caller_identity.current",
            "module.prod.module.iam.data.aws_iam_policy_document.sqs_access",
            "module.prod.module.region_us_west_1.module.sqs.aws_sqs_queue.dlq"
          ]
        }
      ]
    },
    {
      "module": "module.prod.module.region_us_west_1[0].module.vpc",
      "mode": "managed",
      "type": "aws_internet_gateway",
      "name": "igw",
      "provider": "provider[\"registry.terraform.io/hashicorp/aws\"].us_west_1",
      "instances": [
        {
          "schema_version": 0,
          "attributes": {
            "arn": "arn:aws:ec2:us-west-1:235494798404:internet-gateway/igw-0fd818d0703681585",
            "id": "igw-0fd818d0703681585",
            "owner_id": "235494798404",
            "tags": {
              "Name": "prod-igw"
            },
            "tags_all": {
              "Name": "prod-igw"
            },
            "timeouts": null,
            "vpc_id": "vpc-0e2e9e81716a8b74a"
          },
          "sensitive_attributes": [],
          "private": "eyJlMmJmYjczMC1lY2FhLTExZTYtOGY4OC0zNDM2M2JjN2M0YzAiOnsiY3JlYXRlIjoxMjAwMDAwMDAwMDAwLCJkZWxldGUiOjEyMDAwMDAwMDAwMDAsInVwZGF0ZSI6MTIwMDAwMDAwMDAwMH19",
          "dependencies": [
            "module.prod.module.region_us_west_1.module.vpc.aws_vpc.vpc"
          ]
        }
      ]
    },
    {
      "module": "module.prod.module.region_us_west_1[0].module.vpc",
      "mode": "managed",
      "type": "aws_route_table",
      "name": "private",
      "provider": "provider[\"registry.terraform.io/hashicorp/aws\"].us_west_1",
      "instances": [
        {
          "schema_version": 0,
          "attributes": {
            "arn": "arn:aws:ec2:us-west-1:235494798404:route-table/rtb-03ed2b825be850e4c",
            "id": "rtb-03ed2b825be850e4c",
            "owner_id": "235494798404",
            "propagating_vgws": [],
            "route": [],
            "tags": {
              "Name": "prod-rt-private"
            },
            "tags_all": {
              "Name": "prod-rt-private"
            },
            "timeouts": null,
            "vpc_id": "vpc-0e2e9e81716a8b74a"
          },
          "sensitive_attributes": [],
          "private": "eyJlMmJmYjczMC1lY2FhLTExZTYtOGY4OC0zNDM2M2JjN2M0YzAiOnsiY3JlYXRlIjozMDAwMDAwMDAwMDAsImRlbGV0ZSI6MzAwMDAwMDAwMDAwLCJ1cGRhdGUiOjEyMDAwMDAwMDAwMH19",
          "dependencies": [
            "module.prod.module.region_us_west_1.module.vpc.aws_vpc.vpc"
          ]
        }
      ]
    },
    {
      "module": "module.prod.module.region_us_west_1[0].module.vpc",
      "mode": "managed",
      "type": "aws_route_table",
      "name": "public",
      "provider": "provider[\"registry.terraform.io/hashicorp/aws\"].us_west_1",
      "instances": [
        {
          "schema_version": 0,
          "attributes": {
            "arn": "arn:aws:ec2:us-west-1:235494798404:route-table/rtb-0c1003eaebb23a216",
            "id": "rtb-0c1003eaebb23a216",
            "owner_id": "235494798404",
            "propagating_vgws": [],
            "route": [
              {
                "carrier_gateway_id": "",
                "cidr_block": "0.0.0.0/0",
                "core_network_arn": "",
                "destination_prefix_list_id": "",
                "egress_only_gateway_id": "",
                "gateway_id": "igw-0fd818d0703681585",
                "ipv6_cidr_block": "",
                "local_gateway_id": "",
                "nat_gateway_id": "",
                "network_interface_id": "",
                "transit_gateway_id": "",
                "vpc_endpoint_id": "",
                "vpc_peering_connection_id": ""
              }
            ],
            "tags": {
              "Name": "prod-rt-public"
            },
            "tags_all": {
              "Name": "prod-rt-public"
            },
            "timeouts": null,
            "vpc_id": "vpc-0e2e9e81716a8b74a"
          },
          "sensitive_attributes": [],
          "private": "eyJlMmJmYjczMC1lY2FhLTExZTYtOGY4OC0zNDM2M2JjN2M0YzAiOnsiY3JlYXRlIjozMDAwMDAwMDAwMDAsImRlbGV0ZSI6MzAwMDAwMDAwMDAwLCJ1cGRhdGUiOjEyMDAwMDAwMDAwMH19",
          "dependencies": [
            "module.prod.module.region_us_west_1.module.vpc.aws_internet_gateway.igw",
            "module.prod.module.region_us_west_1.module.vpc.aws_vpc.vpc"
          ]
        }
      ]
    },
    {
      "module": "module.prod.module.region_us_west_1[0].module.vpc",
      "mode": "managed",
      "type": "aws_security_group",
      "name": "alb",
      "provider": "provider[\"registry.terraform.io/hashicorp/aws\"].us_west_1",
      "instances": [
        {
          "schema_version": 1,
          "attributes": {
            "arn": "arn:aws:ec2:us-west-1:235494798404:security-group/sg-05217daa36595aadf",
            "description": "Managed by Terraform",
            "egress": [
              {
                "cidr_blocks": [],
                "description": "Allow alb to send requests to app",
                "from_port": 443,
                "ipv6_cidr_blocks": [],
                "prefix_list_ids": [],
                "protocol": "tcp",
                "security_groups": [
                  "sg-0de4916735fea0f97"
                ],
                "self": false,
                "to_port": 443
              }
            ],
            "id": "sg-05217daa36595aadf",
            "ingress": [
              {
                "cidr_blocks": [
                  "0.0.0.0/0"
                ],
                "description": "Allow alb to recieve requests from internet",
                "from_port": 443,
                "ipv6_cidr_blocks": [],
                "prefix_list_ids": [],
                "protocol": "tcp",
                "security_groups": [],
                "self": false,
                "to_port": 443
              }
            ],
            "name": "prod-sg-alb",
            "name_prefix": "",
            "owner_id": "235494798404",
            "revoke_rules_on_delete": false,
            "tags": {
              "Name": "prod-sg-alb"
            },
            "tags_all": {
              "Name": "prod-sg-alb"
            },
            "timeouts": null,
            "vpc_id": "vpc-0e2e9e81716a8b74a"
          },
          "sensitive_attributes": [],
          "private": "eyJlMmJmYjczMC1lY2FhLTExZTYtOGY4OC0zNDM2M2JjN2M0YzAiOnsiY3JlYXRlIjo2MDAwMDAwMDAwMDAsImRlbGV0ZSI6OTAwMDAwMDAwMDAwfSwic2NoZW1hX3ZlcnNpb24iOiIxIn0=",
          "dependencies": [
            "module.prod.module.region_us_west_1.module.vpc.aws_vpc.vpc"
          ]
        }
      ]
    },
    {
      "module": "module.prod.module.region_us_west_1[0].module.vpc",
      "mode": "managed",
      "type": "aws_security_group",
      "name": "analytics",
      "provider": "provider[\"registry.terraform.io/hashicorp/aws\"].us_west_1",
      "instances": [
        {
          "schema_version": 1,
          "attributes": {
            "arn": "arn:aws:ec2:us-west-1:235494798404:security-group/sg-0b4074a3726678a9a",
            "description": "Managed by Terraform",
            "egress": [
              {
                "cidr_blocks": [
                  "0.0.0.0/0"
                ],
                "description": "Allow analytics ec2 to send requests to internet with HTTPS",
                "from_port": 443,
                "ipv6_cidr_blocks": [],
                "prefix_list_ids": [],
                "protocol": "tcp",
                "security_groups": [],
                "self": false,
                "to_port": 443
              },
              {
                "cidr_blocks": [
                  "0.0.0.0/0"
                ],
                "description": "Allow analytics ec2 to send requests to internet with HTTPS",
                "from_port": 80,
                "ipv6_cidr_blocks": [],
                "prefix_list_ids": [],
                "protocol": "tcp",
                "security_groups": [],
                "self": false,
                "to_port": 80
              },
              {
                "cidr_blocks": [],
                "description": "Allow analytics ec2 to send requests to psql db",
                "from_port": 5432,
                "ipv6_cidr_blocks": [],
                "prefix_list_ids": [],
                "protocol": "tcp",
                "security_groups": [
                  "sg-087f0ba742eecf83b"
                ],
                "self": false,
                "to_port": 5432
              }
            ],
            "id": "sg-0b4074a3726678a9a",
            "ingress": [
              {
                "cidr_blocks": [
                  "0.0.0.0/0"
                ],
                "description": "Allow ssh",
                "from_port": 22,
                "ipv6_cidr_blocks": [],
                "prefix_list_ids": [],
                "protocol": "tcp",
                "security_groups": [],
                "self": false,
                "to_port": 22
              }
            ],
            "name": "prod-sg-analytics_ec2",
            "name_prefix": "",
            "owner_id": "235494798404",
            "revoke_rules_on_delete": false,
            "tags": {
              "Name": "prod-sg-analytics_ec2"
            },
            "tags_all": {
              "Name": "prod-sg-analytics_ec2"
            },
            "timeouts": null,
            "vpc_id": "vpc-0e2e9e81716a8b74a"
          },
          "sensitive_attributes": [],
          "private": "eyJlMmJmYjczMC1lY2FhLTExZTYtOGY4OC0zNDM2M2JjN2M0YzAiOnsiY3JlYXRlIjo2MDAwMDAwMDAwMDAsImRlbGV0ZSI6OTAwMDAwMDAwMDAwfSwic2NoZW1hX3ZlcnNpb24iOiIxIn0=",
          "dependencies": [
            "module.prod.module.region_us_west_1.module.vpc.aws_vpc.vpc"
          ]
        }
      ]
    },
    {
      "module": "module.prod.module.region_us_west_1[0].module.vpc",
      "mode": "managed",
      "type": "aws_security_group",
      "name": "app",
      "provider": "provider[\"registry.terraform.io/hashicorp/aws\"].us_west_1",
      "instances": [
        {
          "schema_version": 1,
          "attributes": {
            "arn": "arn:aws:ec2:us-west-1:235494798404:security-group/sg-0de4916735fea0f97",
            "description": "Managed by Terraform",
            "egress": [
              {
                "cidr_blocks": [
                  "0.0.0.0/0"
                ],
                "description": "Allow app to send requests to internet with HTTPS",
                "from_port": 443,
                "ipv6_cidr_blocks": [],
                "prefix_list_ids": [],
                "protocol": "tcp",
                "security_groups": [],
                "self": false,
                "to_port": 443
              },
              {
                "cidr_blocks": [],
                "description": "Allow app to send requests to psql db",
                "from_port": 5432,
                "ipv6_cidr_blocks": [],
                "prefix_list_ids": [],
                "protocol": "tcp",
                "security_groups": [
                  "sg-087f0ba742eecf83b"
                ],
                "self": false,
                "to_port": 5432
              },
              {
                "cidr_blocks": [],
                "description": "Allow app to send requests to redis cache",
                "from_port": 6379,
                "ipv6_cidr_blocks": [],
                "prefix_list_ids": [],
                "protocol": "tcp",
                "security_groups": [
                  "sg-087f0ba742eecf83b"
                ],
                "self": false,
                "to_port": 6379
              }
            ],
            "id": "sg-0de4916735fea0f97",
            "ingress": [
              {
                "cidr_blocks": [
                  "0.0.0.0/0"
                ],
                "description": "Allow ssh",
                "from_port": 22,
                "ipv6_cidr_blocks": [],
                "prefix_list_ids": [],
                "protocol": "tcp",
                "security_groups": [],
                "self": false,
                "to_port": 22
              },
              {
                "cidr_blocks": [],
                "description": "Allow app to recieve requests from alb",
                "from_port": 443,
                "ipv6_cidr_blocks": [],
                "prefix_list_ids": [],
                "protocol": "tcp",
                "security_groups": [
                  "sg-05217daa36595aadf"
                ],
                "self": false,
                "to_port": 443
              }
            ],
            "name": "prod-sg-app",
            "name_prefix": "",
            "owner_id": "235494798404",
            "revoke_rules_on_delete": false,
            "tags": {
              "Name": "prod-sg-app"
            },
            "tags_all": {
              "Name": "prod-sg-app"
            },
            "timeouts": null,
            "vpc_id": "vpc-0e2e9e81716a8b74a"
          },
          "sensitive_attributes": [],
          "private": "eyJlMmJmYjczMC1lY2FhLTExZTYtOGY4OC0zNDM2M2JjN2M0YzAiOnsiY3JlYXRlIjo2MDAwMDAwMDAwMDAsImRlbGV0ZSI6OTAwMDAwMDAwMDAwfSwic2NoZW1hX3ZlcnNpb24iOiIxIn0=",
          "dependencies": [
            "module.prod.module.region_us_west_1.module.vpc.aws_vpc.vpc"
          ]
        }
      ]
    },
    {
      "module": "module.prod.module.region_us_west_1[0].module.vpc",
      "mode": "managed",
      "type": "aws_security_group",
      "name": "data",
      "provider": "provider[\"registry.terraform.io/hashicorp/aws\"].us_west_1",
      "instances": [
        {
          "schema_version": 1,
          "attributes": {
            "arn": "arn:aws:ec2:us-west-1:235494798404:security-group/sg-087f0ba742eecf83b",
            "description": "Managed by Terraform",
            "egress": [],
            "id": "sg-087f0ba742eecf83b",
            "ingress": [
              {
                "cidr_blocks": [],
                "description": "Allow psql db to respond to analytics ec2",
                "from_port": 5432,
                "ipv6_cidr_blocks": [],
                "prefix_list_ids": [],
                "protocol": "tcp",
                "security_groups": [
                  "sg-0b4074a3726678a9a"
                ],
                "self": false,
                "to_port": 5432
              },
              {
                "cidr_blocks": [],
                "description": "Allow psql db to respond to app",
                "from_port": 5432,
                "ipv6_cidr_blocks": [],
                "prefix_list_ids": [],
                "protocol": "tcp",
                "security_groups": [
                  "sg-0de4916735fea0f97"
                ],
                "self": false,
                "to_port": 5432
              },
              {
                "cidr_blocks": [],
                "description": "Allow redis cache to respond to app",
                "from_port": 6379,
                "ipv6_cidr_blocks": [],
                "prefix_list_ids": [],
                "protocol": "tcp",
                "security_groups": [
                  "sg-0de4916735fea0f97"
                ],
                "self": false,
                "to_port": 6379
              }
            ],
            "name": "prod-sg-data",
            "name_prefix": "",
            "owner_id": "235494798404",
            "revoke_rules_on_delete": false,
            "tags": {
              "Name": "prod-sg-data"
            },
            "tags_all": {
              "Name": "prod-sg-data"
            },
            "timeouts": null,
            "vpc_id": "vpc-0e2e9e81716a8b74a"
          },
          "sensitive_attributes": [],
          "private": "eyJlMmJmYjczMC1lY2FhLTExZTYtOGY4OC0zNDM2M2JjN2M0YzAiOnsiY3JlYXRlIjo2MDAwMDAwMDAwMDAsImRlbGV0ZSI6OTAwMDAwMDAwMDAwfSwic2NoZW1hX3ZlcnNpb24iOiIxIn0=",
          "dependencies": [
            "module.prod.module.region_us_west_1.module.vpc.aws_vpc.vpc"
          ]
        }
      ]
    },
    {
      "module": "module.prod.module.region_us_west_1[0].module.vpc",
      "mode": "managed",
      "type": "aws_security_group_rule",
      "name": "alb_accepts_internet",
      "provider": "provider[\"registry.terraform.io/hashicorp/aws\"].us_west_1",
      "instances": [
        {
          "schema_version": 2,
          "attributes": {
            "cidr_blocks": [
              "0.0.0.0/0"
            ],
            "description": "Allow alb to recieve requests from internet",
            "from_port": 443,
            "id": "sgrule-1478422346",
            "ipv6_cidr_blocks": null,
            "prefix_list_ids": null,
            "protocol": "tcp",
            "security_group_id": "sg-05217daa36595aadf",
            "security_group_rule_id": "sgr-0fbbcaa594a20f7c0",
            "self": false,
            "source_security_group_id": null,
            "timeouts": null,
            "to_port": 443,
            "type": "ingress"
          },
          "sensitive_attributes": [],
          "private": "eyJlMmJmYjczMC1lY2FhLTExZTYtOGY4OC0zNDM2M2JjN2M0YzAiOnsiY3JlYXRlIjozMDAwMDAwMDAwMDB9LCJzY2hlbWFfdmVyc2lvbiI6IjIifQ==",
          "dependencies": [
            "module.prod.module.region_us_west_1.module.vpc.aws_security_group.alb",
            "module.prod.module.region_us_west_1.module.vpc.aws_vpc.vpc"
          ]
        }
      ]
    },
    {
      "module": "module.prod.module.region_us_west_1[0].module.vpc",
      "mode": "managed",
      "type": "aws_security_group_rule",
      "name": "alb_to_app",
      "provider": "provider[\"registry.terraform.io/hashicorp/aws\"].us_west_1",
      "instances": [
        {
          "schema_version": 2,
          "attributes": {
            "cidr_blocks": null,
            "description": "Allow alb to send requests to app",
            "from_port": 443,
            "id": "sgrule-1092668861",
            "ipv6_cidr_blocks": null,
            "prefix_list_ids": null,
            "protocol": "tcp",
            "security_group_id": "sg-05217daa36595aadf",
            "security_group_rule_id": "sgr-098c9ec54d52099ed",
            "self": false,
            "source_security_group_id": "sg-0de4916735fea0f97",
            "timeouts": null,
            "to_port": 443,
            "type": "egress"
          },
          "sensitive_attributes": [],
          "private": "eyJlMmJmYjczMC1lY2FhLTExZTYtOGY4OC0zNDM2M2JjN2M0YzAiOnsiY3JlYXRlIjozMDAwMDAwMDAwMDB9LCJzY2hlbWFfdmVyc2lvbiI6IjIifQ==",
          "dependencies": [
            "module.prod.module.region_us_west_1.module.vpc.aws_security_group.alb",
            "module.prod.module.region_us_west_1.module.vpc.aws_security_group.app",
            "module.prod.module.region_us_west_1.module.vpc.aws_vpc.vpc"
          ]
        }
      ]
    },
    {
      "module": "module.prod.module.region_us_west_1[0].module.vpc",
      "mode": "managed",
      "type": "aws_security_group_rule",
      "name": "analytics_accepts_internet_http",
      "provider": "provider[\"registry.terraform.io/hashicorp/aws\"].us_west_1",
      "instances": [
        {
          "schema_version": 2,
          "attributes": {
            "cidr_blocks": [
              "0.0.0.0/0"
            ],
            "description": "Allow analytics ec2 to send requests to internet with HTTPS",
            "from_port": 80,
            "id": "sgrule-4010859684",
            "ipv6_cidr_blocks": null,
            "prefix_list_ids": null,
            "protocol": "tcp",
            "security_group_id": "sg-0b4074a3726678a9a",
            "security_group_rule_id": "sgr-00c6e56cc64fce84f",
            "self": false,
            "source_security_group_id": null,
            "timeouts": null,
            "to_port": 80,
            "type": "egress"
          },
          "sensitive_attributes": [],
          "private": "eyJlMmJmYjczMC1lY2FhLTExZTYtOGY4OC0zNDM2M2JjN2M0YzAiOnsiY3JlYXRlIjozMDAwMDAwMDAwMDB9LCJzY2hlbWFfdmVyc2lvbiI6IjIifQ==",
          "dependencies": [
            "module.prod.module.region_us_west_1.module.vpc.aws_security_group.analytics",
            "module.prod.module.region_us_west_1.module.vpc.aws_vpc.vpc"
          ]
        }
      ]
    },
    {
      "module": "module.prod.module.region_us_west_1[0].module.vpc",
      "mode": "managed",
      "type": "aws_security_group_rule",
      "name": "analytics_accepts_ssh",
      "provider": "provider[\"registry.terraform.io/hashicorp/aws\"].us_west_1",
      "instances": [
        {
          "schema_version": 2,
          "attributes": {
            "cidr_blocks": [
              "0.0.0.0/0"
            ],
            "description": "Allow ssh",
            "from_port": 22,
            "id": "sgrule-3856402892",
            "ipv6_cidr_blocks": null,
            "prefix_list_ids": null,
            "protocol": "tcp",
            "security_group_id": "sg-0b4074a3726678a9a",
            "security_group_rule_id": "sgr-0047bfff9397b9e2d",
            "self": false,
            "source_security_group_id": null,
            "timeouts": null,
            "to_port": 22,
            "type": "ingress"
          },
          "sensitive_attributes": [],
          "private": "eyJlMmJmYjczMC1lY2FhLTExZTYtOGY4OC0zNDM2M2JjN2M0YzAiOnsiY3JlYXRlIjozMDAwMDAwMDAwMDB9LCJzY2hlbWFfdmVyc2lvbiI6IjIifQ==",
          "dependencies": [
            "module.prod.module.region_us_west_1.module.vpc.aws_security_group.analytics",
            "module.prod.module.region_us_west_1.module.vpc.aws_vpc.vpc"
          ]
        }
      ]
    },
    {
      "module": "module.prod.module.region_us_west_1[0].module.vpc",
      "mode": "managed",
      "type": "aws_security_group_rule",
      "name": "analytics_to_internet_https",
      "provider": "provider[\"registry.terraform.io/hashicorp/aws\"].us_west_1",
      "instances": [
        {
          "schema_version": 2,
          "attributes": {
            "cidr_blocks": [
              "0.0.0.0/0"
            ],
            "description": "Allow analytics ec2 to send requests to internet with HTTPS",
            "from_port": 443,
            "id": "sgrule-3160973119",
            "ipv6_cidr_blocks": null,
            "prefix_list_ids": null,
            "protocol": "tcp",
            "security_group_id": "sg-0b4074a3726678a9a",
            "security_group_rule_id": "sgr-0f90ac14fb14f6e36",
            "self": false,
            "source_security_group_id": null,
            "timeouts": null,
            "to_port": 443,
            "type": "egress"
          },
          "sensitive_attributes": [],
          "private": "eyJlMmJmYjczMC1lY2FhLTExZTYtOGY4OC0zNDM2M2JjN2M0YzAiOnsiY3JlYXRlIjozMDAwMDAwMDAwMDB9LCJzY2hlbWFfdmVyc2lvbiI6IjIifQ==",
          "dependencies": [
            "module.prod.module.region_us_west_1.module.vpc.aws_security_group.analytics",
            "module.prod.module.region_us_west_1.module.vpc.aws_vpc.vpc"
          ]
        }
      ]
    },
    {
      "module": "module.prod.module.region_us_west_1[0].module.vpc",
      "mode": "managed",
      "type": "aws_security_group_rule",
      "name": "analytics_to_postgres",
      "provider": "provider[\"registry.terraform.io/hashicorp/aws\"].us_west_1",
      "instances": [
        {
          "schema_version": 2,
          "attributes": {
            "cidr_blocks": null,
            "description": "Allow analytics ec2 to send requests to psql db",
            "from_port": 5432,
            "id": "sgrule-3687783422",
            "ipv6_cidr_blocks": null,
            "prefix_list_ids": null,
            "protocol": "tcp",
            "security_group_id": "sg-0b4074a3726678a9a",
            "security_group_rule_id": "sgr-09bca2749968f778c",
            "self": false,
            "source_security_group_id": "sg-087f0ba742eecf83b",
            "timeouts": null,
            "to_port": 5432,
            "type": "egress"
          },
          "sensitive_attributes": [],
          "private": "eyJlMmJmYjczMC1lY2FhLTExZTYtOGY4OC0zNDM2M2JjN2M0YzAiOnsiY3JlYXRlIjozMDAwMDAwMDAwMDB9LCJzY2hlbWFfdmVyc2lvbiI6IjIifQ==",
          "dependencies": [
            "module.prod.module.region_us_west_1.module.vpc.aws_security_group.analytics",
            "module.prod.module.region_us_west_1.module.vpc.aws_security_group.data",
            "module.prod.module.region_us_west_1.module.vpc.aws_vpc.vpc"
          ]
        }
      ]
    },
    {
      "module": "module.prod.module.region_us_west_1[0].module.vpc",
      "mode": "managed",
      "type": "aws_security_group_rule",
      "name": "app_accepts_alb",
      "provider": "provider[\"registry.terraform.io/hashicorp/aws\"].us_west_1",
      "instances": [
        {
          "schema_version": 2,
          "attributes": {
            "cidr_blocks": null,
            "description": "Allow app to recieve requests from alb",
            "from_port": 443,
            "id": "sgrule-291366902",
            "ipv6_cidr_blocks": null,
            "prefix_list_ids": null,
            "protocol": "tcp",
            "security_group_id": "sg-0de4916735fea0f97",
            "security_group_rule_id": "sgr-0aebf61cc9c9e4c69",
            "self": false,
            "source_security_group_id": "sg-05217daa36595aadf",
            "timeouts": null,
            "to_port": 443,
            "type": "ingress"
          },
          "sensitive_attributes": [],
          "private": "eyJlMmJmYjczMC1lY2FhLTExZTYtOGY4OC0zNDM2M2JjN2M0YzAiOnsiY3JlYXRlIjozMDAwMDAwMDAwMDB9LCJzY2hlbWFfdmVyc2lvbiI6IjIifQ==",
          "dependencies": [
            "module.prod.module.region_us_west_1.module.vpc.aws_security_group.alb",
            "module.prod.module.region_us_west_1.module.vpc.aws_security_group.app",
            "module.prod.module.region_us_west_1.module.vpc.aws_vpc.vpc"
          ]
        }
      ]
    },
    {
      "module": "module.prod.module.region_us_west_1[0].module.vpc",
      "mode": "managed",
      "type": "aws_security_group_rule",
      "name": "app_accepts_ssh",
      "provider": "provider[\"registry.terraform.io/hashicorp/aws\"].us_west_1",
      "instances": [
        {
          "schema_version": 2,
          "attributes": {
            "cidr_blocks": [
              "0.0.0.0/0"
            ],
            "description": "Allow ssh",
            "from_port": 22,
            "id": "sgrule-4289925549",
            "ipv6_cidr_blocks": null,
            "prefix_list_ids": null,
            "protocol": "tcp",
            "security_group_id": "sg-0de4916735fea0f97",
            "security_group_rule_id": "sgr-0a7fabd3dd431896f",
            "self": false,
            "source_security_group_id": null,
            "timeouts": null,
            "to_port": 22,
            "type": "ingress"
          },
          "sensitive_attributes": [],
          "private": "eyJlMmJmYjczMC1lY2FhLTExZTYtOGY4OC0zNDM2M2JjN2M0YzAiOnsiY3JlYXRlIjozMDAwMDAwMDAwMDB9LCJzY2hlbWFfdmVyc2lvbiI6IjIifQ==",
          "dependencies": [
            "module.prod.module.region_us_west_1.module.vpc.aws_security_group.app",
            "module.prod.module.region_us_west_1.module.vpc.aws_vpc.vpc"
          ]
        }
      ]
    },
    {
      "module": "module.prod.module.region_us_west_1[0].module.vpc",
      "mode": "managed",
      "type": "aws_security_group_rule",
      "name": "app_to_internet",
      "provider": "provider[\"registry.terraform.io/hashicorp/aws\"].us_west_1",
      "instances": [
        {
          "schema_version": 2,
          "attributes": {
            "cidr_blocks": [
              "0.0.0.0/0"
            ],
            "description": "Allow app to send requests to internet with HTTPS",
            "from_port": 443,
            "id": "sgrule-2261230057",
            "ipv6_cidr_blocks": null,
            "prefix_list_ids": null,
            "protocol": "tcp",
            "security_group_id": "sg-0de4916735fea0f97",
            "security_group_rule_id": "sgr-0736008388b68c798",
            "self": false,
            "source_security_group_id": null,
            "timeouts": null,
            "to_port": 443,
            "type": "egress"
          },
          "sensitive_attributes": [],
          "private": "eyJlMmJmYjczMC1lY2FhLTExZTYtOGY4OC0zNDM2M2JjN2M0YzAiOnsiY3JlYXRlIjozMDAwMDAwMDAwMDB9LCJzY2hlbWFfdmVyc2lvbiI6IjIifQ==",
          "dependencies": [
            "module.prod.module.region_us_west_1.module.vpc.aws_security_group.app",
            "module.prod.module.region_us_west_1.module.vpc.aws_vpc.vpc"
          ]
        }
      ]
    },
    {
      "module": "module.prod.module.region_us_west_1[0].module.vpc",
      "mode": "managed",
      "type": "aws_security_group_rule",
      "name": "app_to_postgres",
      "provider": "provider[\"registry.terraform.io/hashicorp/aws\"].us_west_1",
      "instances": [
        {
          "schema_version": 2,
          "attributes": {
            "cidr_blocks": null,
            "description": "Allow app to send requests to psql db",
            "from_port": 5432,
            "id": "sgrule-3125652825",
            "ipv6_cidr_blocks": null,
            "prefix_list_ids": null,
            "protocol": "tcp",
            "security_group_id": "sg-0de4916735fea0f97",
            "security_group_rule_id": "sgr-03d4c899118cc7bd2",
            "self": false,
            "source_security_group_id": "sg-087f0ba742eecf83b",
            "timeouts": null,
            "to_port": 5432,
            "type": "egress"
          },
          "sensitive_attributes": [],
          "private": "eyJlMmJmYjczMC1lY2FhLTExZTYtOGY4OC0zNDM2M2JjN2M0YzAiOnsiY3JlYXRlIjozMDAwMDAwMDAwMDB9LCJzY2hlbWFfdmVyc2lvbiI6IjIifQ==",
          "dependencies": [
            "module.prod.module.region_us_west_1.module.vpc.aws_security_group.app",
            "module.prod.module.region_us_west_1.module.vpc.aws_security_group.data",
            "module.prod.module.region_us_west_1.module.vpc.aws_vpc.vpc"
          ]
        }
      ]
    },
    {
      "module": "module.prod.module.region_us_west_1[0].module.vpc",
      "mode": "managed",
      "type": "aws_security_group_rule",
      "name": "app_to_redis",
      "provider": "provider[\"registry.terraform.io/hashicorp/aws\"].us_west_1",
      "instances": [
        {
          "schema_version": 2,
          "attributes": {
            "cidr_blocks": null,
            "description": "Allow app to send requests to redis cache",
            "from_port": 6379,
            "id": "sgrule-3831035166",
            "ipv6_cidr_blocks": null,
            "prefix_list_ids": null,
            "protocol": "tcp",
            "security_group_id": "sg-0de4916735fea0f97",
            "security_group_rule_id": "sgr-0c6f542750a1e82d5",
            "self": false,
            "source_security_group_id": "sg-087f0ba742eecf83b",
            "timeouts": null,
            "to_port": 6379,
            "type": "egress"
          },
          "sensitive_attributes": [],
          "private": "eyJlMmJmYjczMC1lY2FhLTExZTYtOGY4OC0zNDM2M2JjN2M0YzAiOnsiY3JlYXRlIjozMDAwMDAwMDAwMDB9LCJzY2hlbWFfdmVyc2lvbiI6IjIifQ==",
          "dependencies": [
            "module.prod.module.region_us_west_1.module.vpc.aws_security_group.app",
            "module.prod.module.region_us_west_1.module.vpc.aws_security_group.data",
            "module.prod.module.region_us_west_1.module.vpc.aws_vpc.vpc"
          ]
        }
      ]
    },
    {
      "module": "module.prod.module.region_us_west_1[0].module.vpc",
      "mode": "managed",
      "type": "aws_security_group_rule",
      "name": "data_accepts_psql_analytics",
      "provider": "provider[\"registry.terraform.io/hashicorp/aws\"].us_west_1",
      "instances": [
        {
          "schema_version": 2,
          "attributes": {
            "cidr_blocks": null,
            "description": "Allow psql db to respond to analytics ec2",
            "from_port": 5432,
            "id": "sgrule-1659155477",
            "ipv6_cidr_blocks": null,
            "prefix_list_ids": null,
            "protocol": "tcp",
            "security_group_id": "sg-087f0ba742eecf83b",
            "security_group_rule_id": "sgr-0cad9643e75d5fcf4",
            "self": false,
            "source_security_group_id": "sg-0b4074a3726678a9a",
            "timeouts": null,
            "to_port": 5432,
            "type": "ingress"
          },
          "sensitive_attributes": [],
          "private": "eyJlMmJmYjczMC1lY2FhLTExZTYtOGY4OC0zNDM2M2JjN2M0YzAiOnsiY3JlYXRlIjozMDAwMDAwMDAwMDB9LCJzY2hlbWFfdmVyc2lvbiI6IjIifQ==",
          "dependencies": [
            "module.prod.module.region_us_west_1.module.vpc.aws_security_group.analytics",
            "module.prod.module.region_us_west_1.module.vpc.aws_security_group.data",
            "module.prod.module.region_us_west_1.module.vpc.aws_vpc.vpc"
          ]
        }
      ]
    },
    {
      "module": "module.prod.module.region_us_west_1[0].module.vpc",
      "mode": "managed",
      "type": "aws_security_group_rule",
      "name": "data_accepts_psql_app",
      "provider": "provider[\"registry.terraform.io/hashicorp/aws\"].us_west_1",
      "instances": [
        {
          "schema_version": 2,
          "attributes": {
            "cidr_blocks": null,
            "description": "Allow psql db to respond to app",
            "from_port": 5432,
            "id": "sgrule-3868066505",
            "ipv6_cidr_blocks": null,
            "prefix_list_ids": null,
            "protocol": "tcp",
            "security_group_id": "sg-087f0ba742eecf83b",
            "security_group_rule_id": "sgr-0c5113b1b99d805ac",
            "self": false,
            "source_security_group_id": "sg-0de4916735fea0f97",
            "timeouts": null,
            "to_port": 5432,
            "type": "ingress"
          },
          "sensitive_attributes": [],
          "private": "eyJlMmJmYjczMC1lY2FhLTExZTYtOGY4OC0zNDM2M2JjN2M0YzAiOnsiY3JlYXRlIjozMDAwMDAwMDAwMDB9LCJzY2hlbWFfdmVyc2lvbiI6IjIifQ==",
          "dependencies": [
            "module.prod.module.region_us_west_1.module.vpc.aws_security_group.app",
            "module.prod.module.region_us_west_1.module.vpc.aws_security_group.data",
            "module.prod.module.region_us_west_1.module.vpc.aws_vpc.vpc"
          ]
        }
      ]
    },
    {
      "module": "module.prod.module.region_us_west_1[0].module.vpc",
      "mode": "managed",
      "type": "aws_security_group_rule",
      "name": "data_accepts_redis_app",
      "provider": "provider[\"registry.terraform.io/hashicorp/aws\"].us_west_1",
      "instances": [
        {
          "schema_version": 2,
          "attributes": {
            "cidr_blocks": null,
            "description": "Allow redis cache to respond to app",
            "from_port": 6379,
            "id": "sgrule-241746850",
            "ipv6_cidr_blocks": null,
            "prefix_list_ids": null,
            "protocol": "tcp",
            "security_group_id": "sg-087f0ba742eecf83b",
            "security_group_rule_id": "sgr-07ff0ace538b53380",
            "self": false,
            "source_security_group_id": "sg-0de4916735fea0f97",
            "timeouts": null,
            "to_port": 6379,
            "type": "ingress"
          },
          "sensitive_attributes": [],
          "private": "eyJlMmJmYjczMC1lY2FhLTExZTYtOGY4OC0zNDM2M2JjN2M0YzAiOnsiY3JlYXRlIjozMDAwMDAwMDAwMDB9LCJzY2hlbWFfdmVyc2lvbiI6IjIifQ==",
          "dependencies": [
            "module.prod.module.region_us_west_1.module.vpc.aws_security_group.app",
            "module.prod.module.region_us_west_1.module.vpc.aws_security_group.data",
            "module.prod.module.region_us_west_1.module.vpc.aws_vpc.vpc"
          ]
        }
      ]
    },
    {
      "module": "module.prod.module.region_us_west_1[0].module.vpc",
      "mode": "managed",
      "type": "aws_vpc",
      "name": "vpc",
      "provider": "provider[\"registry.terraform.io/hashicorp/aws\"].us_west_1",
      "instances": [
        {
          "schema_version": 1,
          "attributes": {
            "arn": "arn:aws:ec2:us-west-1:235494798404:vpc/vpc-0e2e9e81716a8b74a",
            "assign_generated_ipv6_cidr_block": false,
            "cidr_block": "10.0.0.0/16",
            "default_network_acl_id": "acl-021adeaf55d0225d6",
            "default_route_table_id": "rtb-0333b9f180b8635a7",
            "default_security_group_id": "sg-09a58adfa04a93161",
            "dhcp_options_id": "dopt-078599114792890c9",
            "enable_dns_hostnames": true,
            "enable_dns_support": true,
            "enable_network_address_usage_metrics": false,
            "id": "vpc-0e2e9e81716a8b74a",
            "instance_tenancy": "default",
            "ipv4_ipam_pool_id": null,
            "ipv4_netmask_length": null,
            "ipv6_association_id": "",
            "ipv6_cidr_block": "",
            "ipv6_cidr_block_network_border_group": "",
            "ipv6_ipam_pool_id": "",
            "ipv6_netmask_length": 0,
            "main_route_table_id": "rtb-0333b9f180b8635a7",
            "owner_id": "235494798404",
            "tags": {
              "Name": "prod-vpc"
            },
            "tags_all": {
              "Name": "prod-vpc"
            }
          },
          "sensitive_attributes": [],
          "private": "eyJzY2hlbWFfdmVyc2lvbiI6IjEifQ=="
        }
      ]
    },
    {
      "module": "module.prod.module.region_us_west_1[0].module.vpc.module.subnets_by_az[\"0\"]",
      "mode": "managed",
      "type": "aws_route_table_association",
      "name": "rt-private-data",
      "provider": "provider[\"registry.terraform.io/hashicorp/aws\"].us_west_1",
      "instances": [
        {
          "schema_version": 0,
          "attributes": {
            "gateway_id": "",
            "id": "rtbassoc-031f0ecd3b5fe0c0b",
            "route_table_id": "rtb-03ed2b825be850e4c",
            "subnet_id": "subnet-072d629379c3bfdc9",
            "timeouts": null
          },
          "sensitive_attributes": [],
          "private": "eyJlMmJmYjczMC1lY2FhLTExZTYtOGY4OC0zNDM2M2JjN2M0YzAiOnsiY3JlYXRlIjozMDAwMDAwMDAwMDAsImRlbGV0ZSI6MzAwMDAwMDAwMDAwLCJ1cGRhdGUiOjEyMDAwMDAwMDAwMH19",
          "dependencies": [
            "module.prod.module.region_us_west_1.data.aws_availability_zones.available",
            "module.prod.module.region_us_west_1.module.vpc.aws_route_table.private",
            "module.prod.module.region_us_west_1.module.vpc.aws_vpc.vpc",
            "module.prod.module.region_us_west_1.module.vpc.module.subnets_by_az.aws_subnet.data"
          ]
        }
      ]
    },
    {
      "module": "module.prod.module.region_us_west_1[0].module.vpc.module.subnets_by_az[\"0\"]",
      "mode": "managed",
      "type": "aws_route_table_association",
      "name": "rt-public-alb",
      "provider": "provider[\"registry.terraform.io/hashicorp/aws\"].us_west_1",
      "instances": [
        {
          "schema_version": 0,
          "attributes": {
            "gateway_id": "",
            "id": "rtbassoc-0ca0f7de24a494fb7",
            "route_table_id": "rtb-0c1003eaebb23a216",
            "subnet_id": "subnet-013dc1d9188780f8d",
            "timeouts": null
          },
          "sensitive_attributes": [],
          "private": "eyJlMmJmYjczMC1lY2FhLTExZTYtOGY4OC0zNDM2M2JjN2M0YzAiOnsiY3JlYXRlIjozMDAwMDAwMDAwMDAsImRlbGV0ZSI6MzAwMDAwMDAwMDAwLCJ1cGRhdGUiOjEyMDAwMDAwMDAwMH19",
          "dependencies": [
            "module.prod.module.region_us_west_1.data.aws_availability_zones.available",
            "module.prod.module.region_us_west_1.module.vpc.aws_internet_gateway.igw",
            "module.prod.module.region_us_west_1.module.vpc.aws_route_table.public",
            "module.prod.module.region_us_west_1.module.vpc.aws_vpc.vpc",
            "module.prod.module.region_us_west_1.module.vpc.module.subnets_by_az.aws_subnet.alb"
          ]
        }
      ]
    },
    {
      "module": "module.prod.module.region_us_west_1[0].module.vpc.module.subnets_by_az[\"0\"]",
      "mode": "managed",
      "type": "aws_route_table_association",
      "name": "rt-public-app",
      "provider": "provider[\"registry.terraform.io/hashicorp/aws\"].us_west_1",
      "instances": [
        {
          "schema_version": 0,
          "attributes": {
            "gateway_id": "",
            "id": "rtbassoc-0776224e75eb85b98",
            "route_table_id": "rtb-0c1003eaebb23a216",
            "subnet_id": "subnet-064e9207b54f26d0f",
            "timeouts": null
          },
          "sensitive_attributes": [],
          "private": "eyJlMmJmYjczMC1lY2FhLTExZTYtOGY4OC0zNDM2M2JjN2M0YzAiOnsiY3JlYXRlIjozMDAwMDAwMDAwMDAsImRlbGV0ZSI6MzAwMDAwMDAwMDAwLCJ1cGRhdGUiOjEyMDAwMDAwMDAwMH19",
          "dependencies": [
            "module.prod.module.region_us_west_1.data.aws_availability_zones.available",
            "module.prod.module.region_us_west_1.module.vpc.aws_internet_gateway.igw",
            "module.prod.module.region_us_west_1.module.vpc.aws_route_table.public",
            "module.prod.module.region_us_west_1.module.vpc.aws_vpc.vpc",
            "module.prod.module.region_us_west_1.module.vpc.module.subnets_by_az.aws_subnet.app"
          ]
        }
      ]
    },
    {
      "module": "module.prod.module.region_us_west_1[0].module.vpc.module.subnets_by_az[\"0\"]",
      "mode": "managed",
      "type": "aws_subnet",
      "name": "alb",
      "provider": "provider[\"registry.terraform.io/hashicorp/aws\"].us_west_1",
      "instances": [
        {
          "schema_version": 1,
          "attributes": {
            "arn": "arn:aws:ec2:us-west-1:235494798404:subnet/subnet-013dc1d9188780f8d",
            "assign_ipv6_address_on_creation": false,
            "availability_zone": "us-west-1a",
            "availability_zone_id": "usw1-az1",
            "cidr_block": "10.0.0.0/24",
            "customer_owned_ipv4_pool": "",
            "enable_dns64": false,
            "enable_lni_at_device_index": 0,
            "enable_resource_name_dns_a_record_on_launch": false,
            "enable_resource_name_dns_aaaa_record_on_launch": false,
            "id": "subnet-013dc1d9188780f8d",
            "ipv6_cidr_block": "",
            "ipv6_cidr_block_association_id": "",
            "ipv6_native": false,
            "map_customer_owned_ip_on_launch": false,
            "map_public_ip_on_launch": true,
            "outpost_arn": "",
            "owner_id": "235494798404",
            "private_dns_hostname_type_on_launch": "ip-name",
            "tags": {
              "Name": "prod-alb-subnet-us-west-1a"
            },
            "tags_all": {
              "Name": "prod-alb-subnet-us-west-1a"
            },
            "timeouts": null,
            "vpc_id": "vpc-0e2e9e81716a8b74a"
          },
          "sensitive_attributes": [],
          "private": "eyJlMmJmYjczMC1lY2FhLTExZTYtOGY4OC0zNDM2M2JjN2M0YzAiOnsiY3JlYXRlIjo2MDAwMDAwMDAwMDAsImRlbGV0ZSI6MTIwMDAwMDAwMDAwMH0sInNjaGVtYV92ZXJzaW9uIjoiMSJ9",
          "dependencies": [
            "module.prod.module.region_us_west_1.data.aws_availability_zones.available",
            "module.prod.module.region_us_west_1.module.vpc.aws_vpc.vpc"
          ]
        }
      ]
    },
    {
      "module": "module.prod.module.region_us_west_1[0].module.vpc.module.subnets_by_az[\"0\"]",
      "mode": "managed",
      "type": "aws_subnet",
      "name": "app",
      "provider": "provider[\"registry.terraform.io/hashicorp/aws\"].us_west_1",
      "instances": [
        {
          "schema_version": 1,
          "attributes": {
            "arn": "arn:aws:ec2:us-west-1:235494798404:subnet/subnet-064e9207b54f26d0f",
            "assign_ipv6_address_on_creation": false,
            "availability_zone": "us-west-1a",
            "availability_zone_id": "usw1-az1",
            "cidr_block": "10.0.1.0/24",
            "customer_owned_ipv4_pool": "",
            "enable_dns64": false,
            "enable_lni_at_device_index": 0,
            "enable_resource_name_dns_a_record_on_launch": false,
            "enable_resource_name_dns_aaaa_record_on_launch": false,
            "id": "subnet-064e9207b54f26d0f",
            "ipv6_cidr_block": "",
            "ipv6_cidr_block_association_id": "",
            "ipv6_native": false,
            "map_customer_owned_ip_on_launch": false,
            "map_public_ip_on_launch": true,
            "outpost_arn": "",
            "owner_id": "235494798404",
            "private_dns_hostname_type_on_launch": "ip-name",
            "tags": {
              "Name": "prod-app-subnet-us-west-1a"
            },
            "tags_all": {
              "Name": "prod-app-subnet-us-west-1a"
            },
            "timeouts": null,
            "vpc_id": "vpc-0e2e9e81716a8b74a"
          },
          "sensitive_attributes": [],
          "private": "eyJlMmJmYjczMC1lY2FhLTExZTYtOGY4OC0zNDM2M2JjN2M0YzAiOnsiY3JlYXRlIjo2MDAwMDAwMDAwMDAsImRlbGV0ZSI6MTIwMDAwMDAwMDAwMH0sInNjaGVtYV92ZXJzaW9uIjoiMSJ9",
          "dependencies": [
            "module.prod.module.region_us_west_1.data.aws_availability_zones.available",
            "module.prod.module.region_us_west_1.module.vpc.aws_vpc.vpc"
          ]
        }
      ]
    },
    {
      "module": "module.prod.module.region_us_west_1[0].module.vpc.module.subnets_by_az[\"0\"]",
      "mode": "managed",
      "type": "aws_subnet",
      "name": "data",
      "provider": "provider[\"registry.terraform.io/hashicorp/aws\"].us_west_1",
      "instances": [
        {
          "schema_version": 1,
          "attributes": {
            "arn": "arn:aws:ec2:us-west-1:235494798404:subnet/subnet-072d629379c3bfdc9",
            "assign_ipv6_address_on_creation": false,
            "availability_zone": "us-west-1a",
            "availability_zone_id": "usw1-az1",
            "cidr_block": "10.0.3.0/24",
            "customer_owned_ipv4_pool": "",
            "enable_dns64": false,
            "enable_lni_at_device_index": 0,
            "enable_resource_name_dns_a_record_on_launch": false,
            "enable_resource_name_dns_aaaa_record_on_launch": false,
            "id": "subnet-072d629379c3bfdc9",
            "ipv6_cidr_block": "",
            "ipv6_cidr_block_association_id": "",
            "ipv6_native": false,
            "map_customer_owned_ip_on_launch": false,
            "map_public_ip_on_launch": false,
            "outpost_arn": "",
            "owner_id": "235494798404",
            "private_dns_hostname_type_on_launch": "ip-name",
            "tags": {
              "Name": "prod-data-subnet-us-west-1a"
            },
            "tags_all": {
              "Name": "prod-data-subnet-us-west-1a"
            },
            "timeouts": null,
            "vpc_id": "vpc-0e2e9e81716a8b74a"
          },
          "sensitive_attributes": [],
          "private": "eyJlMmJmYjczMC1lY2FhLTExZTYtOGY4OC0zNDM2M2JjN2M0YzAiOnsiY3JlYXRlIjo2MDAwMDAwMDAwMDAsImRlbGV0ZSI6MTIwMDAwMDAwMDAwMH0sInNjaGVtYV92ZXJzaW9uIjoiMSJ9",
          "dependencies": [
            "module.prod.module.region_us_west_1.data.aws_availability_zones.available",
            "module.prod.module.region_us_west_1.module.vpc.aws_vpc.vpc"
          ]
        }
      ]
    },
    {
      "module": "module.prod.module.region_us_west_1[0].module.vpc.module.subnets_by_az[\"1\"]",
      "mode": "managed",
      "type": "aws_route_table_association",
      "name": "rt-private-data",
      "provider": "provider[\"registry.terraform.io/hashicorp/aws\"].us_west_1",
      "instances": [
        {
          "schema_version": 0,
          "attributes": {
            "gateway_id": "",
            "id": "rtbassoc-0f426c3fb37582606",
            "route_table_id": "rtb-03ed2b825be850e4c",
            "subnet_id": "subnet-047afa1b9ce5d7953",
            "timeouts": null
          },
          "sensitive_attributes": [],
          "private": "eyJlMmJmYjczMC1lY2FhLTExZTYtOGY4OC0zNDM2M2JjN2M0YzAiOnsiY3JlYXRlIjozMDAwMDAwMDAwMDAsImRlbGV0ZSI6MzAwMDAwMDAwMDAwLCJ1cGRhdGUiOjEyMDAwMDAwMDAwMH19",
          "dependencies": [
            "module.prod.module.region_us_west_1.data.aws_availability_zones.available",
            "module.prod.module.region_us_west_1.module.vpc.aws_route_table.private",
            "module.prod.module.region_us_west_1.module.vpc.aws_vpc.vpc",
            "module.prod.module.region_us_west_1.module.vpc.module.subnets_by_az.aws_subnet.data"
          ]
        }
      ]
    },
    {
      "module": "module.prod.module.region_us_west_1[0].module.vpc.module.subnets_by_az[\"1\"]",
      "mode": "managed",
      "type": "aws_route_table_association",
      "name": "rt-public-alb",
      "provider": "provider[\"registry.terraform.io/hashicorp/aws\"].us_west_1",
      "instances": [
        {
          "schema_version": 0,
          "attributes": {
            "gateway_id": "",
            "id": "rtbassoc-0eefa68b2c1af5871",
            "route_table_id": "rtb-0c1003eaebb23a216",
            "subnet_id": "subnet-060a15520a1b9f03d",
            "timeouts": null
          },
          "sensitive_attributes": [],
          "private": "eyJlMmJmYjczMC1lY2FhLTExZTYtOGY4OC0zNDM2M2JjN2M0YzAiOnsiY3JlYXRlIjozMDAwMDAwMDAwMDAsImRlbGV0ZSI6MzAwMDAwMDAwMDAwLCJ1cGRhdGUiOjEyMDAwMDAwMDAwMH19",
          "dependencies": [
            "module.prod.module.region_us_west_1.data.aws_availability_zones.available",
            "module.prod.module.region_us_west_1.module.vpc.aws_internet_gateway.igw",
            "module.prod.module.region_us_west_1.module.vpc.aws_route_table.public",
            "module.prod.module.region_us_west_1.module.vpc.aws_vpc.vpc",
            "module.prod.module.region_us_west_1.module.vpc.module.subnets_by_az.aws_subnet.alb"
          ]
        }
      ]
    },
    {
      "module": "module.prod.module.region_us_west_1[0].module.vpc.module.subnets_by_az[\"1\"]",
      "mode": "managed",
      "type": "aws_route_table_association",
      "name": "rt-public-app",
      "provider": "provider[\"registry.terraform.io/hashicorp/aws\"].us_west_1",
      "instances": [
        {
          "schema_version": 0,
          "attributes": {
            "gateway_id": "",
            "id": "rtbassoc-02e98f08a254d3064",
            "route_table_id": "rtb-0c1003eaebb23a216",
            "subnet_id": "subnet-0b49830f25c18de89",
            "timeouts": null
          },
          "sensitive_attributes": [],
          "private": "eyJlMmJmYjczMC1lY2FhLTExZTYtOGY4OC0zNDM2M2JjN2M0YzAiOnsiY3JlYXRlIjozMDAwMDAwMDAwMDAsImRlbGV0ZSI6MzAwMDAwMDAwMDAwLCJ1cGRhdGUiOjEyMDAwMDAwMDAwMH19",
          "dependencies": [
            "module.prod.module.region_us_west_1.data.aws_availability_zones.available",
            "module.prod.module.region_us_west_1.module.vpc.aws_internet_gateway.igw",
            "module.prod.module.region_us_west_1.module.vpc.aws_route_table.public",
            "module.prod.module.region_us_west_1.module.vpc.aws_vpc.vpc",
            "module.prod.module.region_us_west_1.module.vpc.module.subnets_by_az.aws_subnet.app"
          ]
        }
      ]
    },
    {
      "module": "module.prod.module.region_us_west_1[0].module.vpc.module.subnets_by_az[\"1\"]",
      "mode": "managed",
      "type": "aws_subnet",
      "name": "alb",
      "provider": "provider[\"registry.terraform.io/hashicorp/aws\"].us_west_1",
      "instances": [
        {
          "schema_version": 1,
          "attributes": {
            "arn": "arn:aws:ec2:us-west-1:235494798404:subnet/subnet-060a15520a1b9f03d",
            "assign_ipv6_address_on_creation": false,
            "availability_zone": "us-west-1c",
            "availability_zone_id": "usw1-az3",
            "cidr_block": "10.0.10.0/24",
            "customer_owned_ipv4_pool": "",
            "enable_dns64": false,
            "enable_lni_at_device_index": 0,
            "enable_resource_name_dns_a_record_on_launch": false,
            "enable_resource_name_dns_aaaa_record_on_launch": false,
            "id": "subnet-060a15520a1b9f03d",
            "ipv6_cidr_block": "",
            "ipv6_cidr_block_association_id": "",
            "ipv6_native": false,
            "map_customer_owned_ip_on_launch": false,
            "map_public_ip_on_launch": true,
            "outpost_arn": "",
            "owner_id": "235494798404",
            "private_dns_hostname_type_on_launch": "ip-name",
            "tags": {
              "Name": "prod-alb-subnet-us-west-1c"
            },
            "tags_all": {
              "Name": "prod-alb-subnet-us-west-1c"
            },
            "timeouts": null,
            "vpc_id": "vpc-0e2e9e81716a8b74a"
          },
          "sensitive_attributes": [],
          "private": "eyJlMmJmYjczMC1lY2FhLTExZTYtOGY4OC0zNDM2M2JjN2M0YzAiOnsiY3JlYXRlIjo2MDAwMDAwMDAwMDAsImRlbGV0ZSI6MTIwMDAwMDAwMDAwMH0sInNjaGVtYV92ZXJzaW9uIjoiMSJ9",
          "dependencies": [
            "module.prod.module.region_us_west_1.data.aws_availability_zones.available",
            "module.prod.module.region_us_west_1.module.vpc.aws_vpc.vpc"
          ]
        }
      ]
    },
    {
      "module": "module.prod.module.region_us_west_1[0].module.vpc.module.subnets_by_az[\"1\"]",
      "mode": "managed",
      "type": "aws_subnet",
      "name": "app",
      "provider": "provider[\"registry.terraform.io/hashicorp/aws\"].us_west_1",
      "instances": [
        {
          "schema_version": 1,
          "attributes": {
            "arn": "arn:aws:ec2:us-west-1:235494798404:subnet/subnet-0b49830f25c18de89",
            "assign_ipv6_address_on_creation": false,
            "availability_zone": "us-west-1c",
            "availability_zone_id": "usw1-az3",
            "cidr_block": "10.0.11.0/24",
            "customer_owned_ipv4_pool": "",
            "enable_dns64": false,
            "enable_lni_at_device_index": 0,
            "enable_resource_name_dns_a_record_on_launch": false,
            "enable_resource_name_dns_aaaa_record_on_launch": false,
            "id": "subnet-0b49830f25c18de89",
            "ipv6_cidr_block": "",
            "ipv6_cidr_block_association_id": "",
            "ipv6_native": false,
            "map_customer_owned_ip_on_launch": false,
            "map_public_ip_on_launch": true,
            "outpost_arn": "",
            "owner_id": "235494798404",
            "private_dns_hostname_type_on_launch": "ip-name",
            "tags": {
              "Name": "prod-app-subnet-us-west-1c"
            },
            "tags_all": {
              "Name": "prod-app-subnet-us-west-1c"
            },
            "timeouts": null,
            "vpc_id": "vpc-0e2e9e81716a8b74a"
          },
          "sensitive_attributes": [],
          "private": "eyJlMmJmYjczMC1lY2FhLTExZTYtOGY4OC0zNDM2M2JjN2M0YzAiOnsiY3JlYXRlIjo2MDAwMDAwMDAwMDAsImRlbGV0ZSI6MTIwMDAwMDAwMDAwMH0sInNjaGVtYV92ZXJzaW9uIjoiMSJ9",
          "dependencies": [
            "module.prod.module.region_us_west_1.data.aws_availability_zones.available",
            "module.prod.module.region_us_west_1.module.vpc.aws_vpc.vpc"
          ]
        }
      ]
    },
    {
      "module": "module.prod.module.region_us_west_1[0].module.vpc.module.subnets_by_az[\"1\"]",
      "mode": "managed",
      "type": "aws_subnet",
      "name": "data",
      "provider": "provider[\"registry.terraform.io/hashicorp/aws\"].us_west_1",
      "instances": [
        {
          "schema_version": 1,
          "attributes": {
            "arn": "arn:aws:ec2:us-west-1:235494798404:subnet/subnet-047afa1b9ce5d7953",
            "assign_ipv6_address_on_creation": false,
            "availability_zone": "us-west-1c",
            "availability_zone_id": "usw1-az3",
            "cidr_block": "10.0.13.0/24",
            "customer_owned_ipv4_pool": "",
            "enable_dns64": false,
            "enable_lni_at_device_index": 0,
            "enable_resource_name_dns_a_record_on_launch": false,
            "enable_resource_name_dns_aaaa_record_on_launch": false,
            "id": "subnet-047afa1b9ce5d7953",
            "ipv6_cidr_block": "",
            "ipv6_cidr_block_association_id": "",
            "ipv6_native": false,
            "map_customer_owned_ip_on_launch": false,
            "map_public_ip_on_launch": false,
            "outpost_arn": "",
            "owner_id": "235494798404",
            "private_dns_hostname_type_on_launch": "ip-name",
            "tags": {
              "Name": "prod-data-subnet-us-west-1c"
            },
            "tags_all": {
              "Name": "prod-data-subnet-us-west-1c"
            },
            "timeouts": null,
            "vpc_id": "vpc-0e2e9e81716a8b74a"
          },
          "sensitive_attributes": [],
          "private": "eyJlMmJmYjczMC1lY2FhLTExZTYtOGY4OC0zNDM2M2JjN2M0YzAiOnsiY3JlYXRlIjo2MDAwMDAwMDAwMDAsImRlbGV0ZSI6MTIwMDAwMDAwMDAwMH0sInNjaGVtYV92ZXJzaW9uIjoiMSJ9",
          "dependencies": [
            "module.prod.module.region_us_west_1.data.aws_availability_zones.available",
            "module.prod.module.region_us_west_1.module.vpc.aws_vpc.vpc"
          ]
        }
      ]
    }
  ],
  "check_results": null
}
